{
  "version": 4,
  "terraform_version": "1.13.1",
  "serial": 57,
  "lineage": "df67c8c0-2a45-ff68-a091-435622d6ed8a",
  "outputs": {
    "how_to_connect_to_vms": {
      "value": "The server VMs do not have direct public SSH access for security. To connect, you must use a secure method like Azure Bastion, which can connect to the server VNet.",
      "type": "string"
    },
    "nomad_consul_access_public_ip": {
      "value": "108.143.79.172",
      "type": "string"
    },
    "nomad_consul_server_private_ips": {
      "value": {
        "nc-server-0": "10.0.2.4"
      },
      "type": [
        "object",
        {
          "nc-server-0": "string"
        }
      ]
    },
    "vault_access_public_ip": {
      "value": "52.142.249.228",
      "type": "string"
    },
    "vault_server_private_ips": {
      "value": {
        "vault-server-0": "10.0.1.4"
      },
      "type": [
        "object",
        {
          "vault-server-0": "string"
        }
      ]
    }
  },
  "resources": [
    {
      "mode": "data",
      "type": "azurerm_client_config",
      "name": "current",
      "provider": "provider[\"registry.terraform.io/hashicorp/azurerm\"]",
      "instances": [
        {
          "schema_version": 0,
          "attributes": {
            "client_id": "04b07795-8ddb-461a-bbee-02f9e1bf7b46",
            "id": "Y2xpZW50Q29uZmlncy9jbGllbnRJZD0wNGIwNzc5NS04ZGRiLTQ2MWEtYmJlZS0wMmY5ZTFiZjdiNDY7b2JqZWN0SWQ9YWNmNmEwYTQtZGM4NC00OGQwLWI5NWEtZWRmNDgyN2M4ZmRjO3N1YnNjcmlwdGlvbklkPWY4Y2VhOGRiLWM4NGItNDRlYi1hYTY3LWY4YzkzOGFiYmZkYTt0ZW5hbnRJZD1iOTM1YTBjZS03YjcwLTRmZDAtOGM2Ni1mZjA2NzgzMzQwNzc=",
            "object_id": "acf6a0a4-dc84-48d0-b95a-edf4827c8fdc",
            "subscription_id": "f8cea8db-c84b-44eb-aa67-f8c938abbfda",
            "tenant_id": "b935a0ce-7b70-4fd0-8c66-ff0678334077",
            "timeouts": null
          },
          "sensitive_attributes": [],
          "identity_schema_version": 0
        }
      ]
    },
    {
      "mode": "managed",
      "type": "azurerm_key_vault",
      "name": "unseal_kv",
      "provider": "provider[\"registry.terraform.io/hashicorp/azurerm\"]",
      "instances": [
        {
          "schema_version": 2,
          "attributes": {
            "access_policy": [
              {
                "application_id": "",
                "certificate_permissions": [],
                "key_permissions": [
                  "Get",
                  "List",
                  "Update",
                  "Create",
                  "Import",
                  "Delete",
                  "Recover",
                  "Backup",
                  "Restore",
                  "UnwrapKey",
                  "WrapKey",
                  "Verify",
                  "Sign",
                  "Purge",
                  "GetRotationPolicy",
                  "SetRotationPolicy"
                ],
                "object_id": "acf6a0a4-dc84-48d0-b95a-edf4827c8fdc",
                "secret_permissions": [
                  "Get",
                  "List",
                  "Set",
                  "Delete",
                  "Recover",
                  "Backup",
                  "Restore",
                  "Purge"
                ],
                "storage_permissions": [],
                "tenant_id": "b935a0ce-7b70-4fd0-8c66-ff0678334077"
              },
              {
                "application_id": "",
                "certificate_permissions": [],
                "key_permissions": [
                  "Get",
                  "Create",
                  "Delete",
                  "List",
                  "WrapKey",
                  "UnwrapKey",
                  "Recover",
                  "Sign",
                  "Verify"
                ],
                "object_id": "8d5821cd-5e15-4987-9bb4-c84fcd645520",
                "secret_permissions": [],
                "storage_permissions": [],
                "tenant_id": "b935a0ce-7b70-4fd0-8c66-ff0678334077"
              }
            ],
            "contact": [],
            "enable_rbac_authorization": false,
            "enabled_for_deployment": false,
            "enabled_for_disk_encryption": true,
            "enabled_for_template_deployment": false,
            "id": "/subscriptions/f8cea8db-c84b-44eb-aa67-f8c938abbfda/resourceGroups/hashicorp-demo-servers-rg/providers/Microsoft.KeyVault/vaults/hashicorp-demo-kv-5nv4",
            "location": "westeurope",
            "name": "hashicorp-demo-kv-5nv4",
            "network_acls": [
              {
                "bypass": "AzureServices",
                "default_action": "Allow",
                "ip_rules": [],
                "virtual_network_subnet_ids": []
              }
            ],
            "public_network_access_enabled": true,
            "purge_protection_enabled": false,
            "rbac_authorization_enabled": false,
            "resource_group_name": "hashicorp-demo-servers-rg",
            "sku_name": "standard",
            "soft_delete_retention_days": 90,
            "tags": {
              "CostCenter": "SpikeReply"
            },
            "tenant_id": "b935a0ce-7b70-4fd0-8c66-ff0678334077",
            "timeouts": null,
            "vault_uri": "https://hashicorp-demo-kv-5nv4.vault.azure.net/"
          },
          "sensitive_attributes": [],
          "identity_schema_version": 0,
          "private": "eyJlMmJmYjczMC1lY2FhLTExZTYtOGY4OC0zNDM2M2JjN2M0YzAiOnsiY3JlYXRlIjoxODAwMDAwMDAwMDAwLCJkZWxldGUiOjE4MDAwMDAwMDAwMDAsInJlYWQiOjMwMDAwMDAwMDAwMCwidXBkYXRlIjoxODAwMDAwMDAwMDAwfSwic2NoZW1hX3ZlcnNpb24iOiIyIn0=",
          "dependencies": [
            "azurerm_resource_group.rg",
            "azurerm_user_assigned_identity.vault_identity",
            "data.azurerm_client_config.current",
            "random_string.unique"
          ]
        }
      ]
    },
    {
      "mode": "managed",
      "type": "azurerm_key_vault_key",
      "name": "unseal_key",
      "provider": "provider[\"registry.terraform.io/hashicorp/azurerm\"]",
      "instances": [
        {
          "schema_version": 0,
          "attributes": {
            "curve": "",
            "e": "AQAB",
            "expiration_date": null,
            "id": "https://hashicorp-demo-kv-5nv4.vault.azure.net/keys/hashicorp-demo-vault-unseal-key/fe43cb110a684176bd1001074726a5ff",
            "key_opts": [
              "unwrapKey",
              "wrapKey",
              "sign",
              "verify"
            ],
            "key_size": 4096,
            "key_type": "RSA",
            "key_vault_id": "/subscriptions/f8cea8db-c84b-44eb-aa67-f8c938abbfda/resourceGroups/hashicorp-demo-servers-rg/providers/Microsoft.KeyVault/vaults/hashicorp-demo-kv-5nv4",
            "n": "0o6yawQ-HQXUlAZV33IfPNl9rkGeNAVNWbH5t1e_0jeBBx4ajAtv3ijoXUSgaZTCwkTlZplUZSzEfwu92r0khFN5X9dHrZvCRhJiksIh7HYQLygK8APBOAxmRrKc579FnSoJcm4iEWcYX9qIYG3aE6epJUAWNHxo411p1dbrWERqeKu2ZuV7vosj8VmKbpxRs_m6tVlVbQf6QQJhWLA332AJXpDFfbM02qXl2jXhkscZVz-dSpsQYPNvBa1f5JVsxyy0jwAf18V4rkOmmMrRctUhm4InRZqqJZoByhnEqRpuZh8_LM-XrhRJgMO-i4uJvWSQ-i8oXhzVB1YJeHwCXzhq3xWMkMdyTgxy3YYMM3d3jT04a6_o6dYk7UqYm2-1vo4hiHxF0CQzs8Z7TyjVyunGGcQ4ZjjC10juj__iXeXHNKVgUSXG7ZpjRqQBhhXbQJSTpTzyooNCL9kfqcSqoW5FdV_nlHczyhe8KcH9TKxirGVsnlIEyl8nRt51QUSfaxrQ3mbcSbXnEnJqRe6CAzbuE77K6og8xeJlu5-kJWzT37sywS7S36-MZWHJuMyDwXfy6mpL-LJ-6FvQGQTuBmRFQzpqjPk3BLhAcrTEAkhBxv76s7PU1o-RZmpvcF0xLalVJ5kdMVtZ_kiKPQbUJ1bJZaL7E-hwiG1meiZtUak",
            "name": "hashicorp-demo-vault-unseal-key",
            "not_before_date": null,
            "public_key_openssh": "ssh-rsa AAAAB3NzaC1yc2EAAAADAQABAAACAQDSjrJrBD4dBdSUBlXfch882X2uQZ40BU1Zsfm3V7/SN4EHHhqMC2/eKOhdRKBplMLCROVmmVRlLMR/C73avSSEU3lf10etm8JGEmKSwiHsdhAvKArwA8E4DGZGspznv0WdKglybiIRZxhf2ohgbdoTp6klQBY0fGjjXWnV1utYRGp4q7Zm5Xu+iyPxWYpunFGz+bq1WVVtB/pBAmFYsDffYAlekMV9szTapeXaNeGSxxlXP51KmxBg828FrV/klWzHLLSPAB/XxXiuQ6aYytFy1SGbgidFmqolmgHKGcSpGm5mHz8sz5euFEmAw76Li4m9ZJD6LyheHNUHVgl4fAJfOGrfFYyQx3JODHLdhgwzd3eNPThrr+jp1iTtSpibb7W+jiGIfEXQJDOzxntPKNXK6cYZxDhmOMLXSO6P/+Jd5cc0pWBRJcbtmmNGpAGGFdtAlJOlPPKig0Iv2R+pxKqhbkV1X+eUdzPKF7wpwf1MrGKsZWyeUgTKXydG3nVBRJ9rGtDeZtxJtecScmpF7oIDNu4TvsrqiDzF4mW7n6QlbNPfuzLBLtLfr4xlYcm4zIPBd/Lqakv4sn7oW9AZBO4GZEVDOmqM+TcEuEBytMQCSEHG/vqzs9TWj5Fmam9wXTEtqVUnmR0xW1n+SIo9BtQnVsllovsT6HCIbWZ6Jm1RqQ==\n",
            "public_key_pem": "-----BEGIN PUBLIC KEY-----\nMIICIjANBgkqhkiG9w0BAQEFAAOCAg8AMIICCgKCAgEA0o6yawQ+HQXUlAZV33If\nPNl9rkGeNAVNWbH5t1e/0jeBBx4ajAtv3ijoXUSgaZTCwkTlZplUZSzEfwu92r0k\nhFN5X9dHrZvCRhJiksIh7HYQLygK8APBOAxmRrKc579FnSoJcm4iEWcYX9qIYG3a\nE6epJUAWNHxo411p1dbrWERqeKu2ZuV7vosj8VmKbpxRs/m6tVlVbQf6QQJhWLA3\n32AJXpDFfbM02qXl2jXhkscZVz+dSpsQYPNvBa1f5JVsxyy0jwAf18V4rkOmmMrR\nctUhm4InRZqqJZoByhnEqRpuZh8/LM+XrhRJgMO+i4uJvWSQ+i8oXhzVB1YJeHwC\nXzhq3xWMkMdyTgxy3YYMM3d3jT04a6/o6dYk7UqYm2+1vo4hiHxF0CQzs8Z7TyjV\nyunGGcQ4ZjjC10juj//iXeXHNKVgUSXG7ZpjRqQBhhXbQJSTpTzyooNCL9kfqcSq\noW5FdV/nlHczyhe8KcH9TKxirGVsnlIEyl8nRt51QUSfaxrQ3mbcSbXnEnJqRe6C\nAzbuE77K6og8xeJlu5+kJWzT37sywS7S36+MZWHJuMyDwXfy6mpL+LJ+6FvQGQTu\nBmRFQzpqjPk3BLhAcrTEAkhBxv76s7PU1o+RZmpvcF0xLalVJ5kdMVtZ/kiKPQbU\nJ1bJZaL7E+hwiG1meiZtUakCAwEAAQ==\n-----END PUBLIC KEY-----\n",
            "resource_id": "/subscriptions/f8cea8db-c84b-44eb-aa67-f8c938abbfda/resourceGroups/hashicorp-demo-servers-rg/providers/Microsoft.KeyVault/vaults/hashicorp-demo-kv-5nv4/keys/hashicorp-demo-vault-unseal-key/versions/fe43cb110a684176bd1001074726a5ff",
            "resource_versionless_id": "/subscriptions/f8cea8db-c84b-44eb-aa67-f8c938abbfda/resourceGroups/hashicorp-demo-servers-rg/providers/Microsoft.KeyVault/vaults/hashicorp-demo-kv-5nv4/keys/hashicorp-demo-vault-unseal-key",
            "rotation_policy": [],
            "tags": {
              "CostCenter": "SpikeReply"
            },
            "timeouts": null,
            "version": "fe43cb110a684176bd1001074726a5ff",
            "versionless_id": "https://hashicorp-demo-kv-5nv4.vault.azure.net/keys/hashicorp-demo-vault-unseal-key",
            "x": "",
            "y": ""
          },
          "sensitive_attributes": [],
          "identity_schema_version": 0,
          "private": "eyJlMmJmYjczMC1lY2FhLTExZTYtOGY4OC0zNDM2M2JjN2M0YzAiOnsiY3JlYXRlIjoxODAwMDAwMDAwMDAwLCJkZWxldGUiOjE4MDAwMDAwMDAwMDAsInJlYWQiOjE4MDAwMDAwMDAwMDAsInVwZGF0ZSI6MTgwMDAwMDAwMDAwMH19",
          "dependencies": [
            "azurerm_key_vault.unseal_kv",
            "azurerm_resource_group.rg",
            "azurerm_user_assigned_identity.vault_identity",
            "data.azurerm_client_config.current",
            "random_string.unique"
          ]
        }
      ]
    },
    {
      "mode": "managed",
      "type": "azurerm_linux_virtual_machine",
      "name": "client_vm",
      "provider": "provider[\"registry.terraform.io/hashicorp/azurerm\"]",
      "instances": [
        {
          "index_key": "primary-dc-client-0",
          "schema_version": 0,
          "attributes": {
            "additional_capabilities": [],
            "admin_password": "ChangeMeToA-Very-Strong-P@ssword!",
            "admin_ssh_key": [],
            "admin_username": "adminuser",
            "allow_extension_operations": true,
            "availability_set_id": "",
            "boot_diagnostics": [],
            "bypass_platform_safety_checks_on_user_schedule_enabled": false,
            "capacity_reservation_group_id": "",
            "computer_name": "primary-dc-client-0",
            "custom_data": "I2Nsb3VkLWNvbmZpZwpwYWNrYWdlX3VwZGF0ZTogdHJ1ZQpwYWNrYWdlczoKICAtIHVuemlwCiAgLSBkb2NrZXIuaW8KcnVuY21kOgogIC0gJ1sgLWYgL3Vzci9iaW4vY29uc3VsIF0gfHwgKGN1cmwgLW8gY29uc3VsLnppcCBodHRwczovL3JlbGVhc2VzLmhhc2hpY29ycC5jb20vY29uc3VsLzEuMTMuMi9jb25zdWxfMS4xMy4yX2xpbnV4X2FtZDY0LnppcCAmJiB1bnppcCBjb25zdWwuemlwICYmIG12IGNvbnN1bCAvdXNyL2Jpbi8pJwogIC0gJ1sgLWYgL3Vzci9iaW4vbm9tYWQgXSB8fCAoY3VybCAtbyBub21hZC56aXAgaHR0cHM6Ly9yZWxlYXNlcy5oYXNoaWNvcnAuY29tL25vbWFkLzEuNC4xL25vbWFkXzEuNC4xX2xpbnV4X2FtZDY0LnppcCAmJiB1bnppcCBub21hZC56aXAgJiYgbXYgbm9tYWQgL3Vzci9iaW4vKScKICAtIG1rZGlyIC1wIC9vcHQvY29uc3VsIC9vcHQvbm9tYWQvZGF0YQogIC0gfAogICAgY2F0IDw8RU9GID4gL2V0Yy9jb25zdWwuaGNsCiAgICBkYXRhY2VudGVyID0gImF6dXJlLWNsaWVudHMiCiAgICBkYXRhX2RpciA9ICIvb3B0L2NvbnN1bCIKICAgIGJpbmRfYWRkciA9ICIwLjAuMC4wIgogICAgY2xpZW50X2FkZHIgPSAiMC4wLjAuMCIKICAgIGFkdmVydGlzZV9hZGRyID0gIjEwLjEwMC4xLjUiCiAgICBzZXJ2ZXIgPSBmYWxzZQogICAgcmV0cnlfam9pbiA9IFsiMTAuMC4yLjQiXQogICAgRU9GCiAgLSB8CiAgICBjYXQgPDxFT0YgPiAvZXRjL25vbWFkLmhjbAogICAgZGF0YWNlbnRlciA9ICJhenVyZS1jbGllbnRzIgogICAgZGF0YV9kaXIgID0gIi9vcHQvbm9tYWQvZGF0YSIKICAgIGJpbmRfYWRkciA9ICIwLjAuMC4wIgogICAgY2xpZW50IHsKICAgICAgZW5hYmxlZCA9IHRydWUKICAgICAgc2VydmVycyA9IFsiMTAuMC4yLjQiXQogICAgfQogICAgY29uc3VsIHsKICAgICAgYWRkcmVzcyA9ICIxMjcuMC4wLjE6ODUwMCIKICAgIH0KICAgIEVPRgogIC0gJ2VjaG8gIltVbml0XVxuRGVzY3JpcHRpb249Q29uc3VsIENsaWVudCBBZ2VudFxuW1NlcnZpY2VdXG5FeGVjU3RhcnQ9L3Vzci9iaW4vY29uc3VsIGFnZW50IC1jb25maWctZmlsZT0vZXRjL2NvbnN1bC5oY2xcbltJbnN0YWxsXVxuV2FudGVkQnk9bXVsdGktdXNlci50YXJnZXQiID4gL2V0Yy9zeXN0ZW1kL3N5c3RlbS9jb25zdWwuc2VydmljZScKICAtICdlY2hvICJbVW5pdF1cbkRlc2NyaXB0aW9uPU5vbWFkIENsaWVudCBBZ2VudFxuW1NlcnZpY2VdXG5FeGVjU3RhcnQ9L3Vzci9iaW4vbm9tYWQgYWdlbnQgLWNvbmZpZy1maWxlPS9ldGMvbm9tYWQuaGNsXG5bSW5zdGFsbF1cbldhbnRlZEJ5PW11bHRpLXVzZXIudGFyZ2V0IiA+IC9ldGMvc3lzdGVtZC9zeXN0ZW0vbm9tYWQuc2VydmljZScKICAtIHN5c3RlbWN0bCBkYWVtb24tcmVsb2FkCiAgLSBzeXN0ZW1jdGwgZW5hYmxlIGNvbnN1bCBub21hZAogIC0gc3lzdGVtY3RsIHN0YXJ0IGNvbnN1bAogIC0gc3lzdGVtY3RsIHN0YXJ0IG5vbWFkCg==",
            "dedicated_host_group_id": "",
            "dedicated_host_id": "",
            "disable_password_authentication": false,
            "disk_controller_type": "",
            "edge_zone": "",
            "encryption_at_host_enabled": false,
            "eviction_policy": "",
            "extensions_time_budget": "PT1H30M",
            "gallery_application": [],
            "id": "/subscriptions/f8cea8db-c84b-44eb-aa67-f8c938abbfda/resourceGroups/hashicorp-demo-primary-dc-rg/providers/Microsoft.Compute/virtualMachines/hashicorp-demo-primary-dc-client-0",
            "identity": [],
            "license_type": "",
            "location": "westeurope",
            "max_bid_price": -1,
            "name": "hashicorp-demo-primary-dc-client-0",
            "network_interface_ids": [
              "/subscriptions/f8cea8db-c84b-44eb-aa67-f8c938abbfda/resourceGroups/hashicorp-demo-primary-dc-rg/providers/Microsoft.Network/networkInterfaces/hashicorp-demo-primary-dc-client-0-nic"
            ],
            "os_disk": [
              {
                "caching": "ReadWrite",
                "diff_disk_settings": [],
                "disk_encryption_set_id": "",
                "disk_size_gb": 30,
                "id": "/subscriptions/f8cea8db-c84b-44eb-aa67-f8c938abbfda/resourceGroups/hashicorp-demo-primary-dc-rg/providers/Microsoft.Compute/disks/hashicorp-demo-primary-dc-client-0_OsDisk_1_65a725574e4b44078da585f846162cc2",
                "name": "hashicorp-demo-primary-dc-client-0_OsDisk_1_65a725574e4b44078da585f846162cc2",
                "secure_vm_disk_encryption_set_id": "",
                "security_encryption_type": "",
                "storage_account_type": "Standard_LRS",
                "write_accelerator_enabled": false
              }
            ],
            "os_image_notification": [],
            "os_managed_disk_id": "/subscriptions/f8cea8db-c84b-44eb-aa67-f8c938abbfda/resourceGroups/hashicorp-demo-primary-dc-rg/providers/Microsoft.Compute/disks/hashicorp-demo-primary-dc-client-0_OsDisk_1_65a725574e4b44078da585f846162cc2",
            "patch_assessment_mode": "ImageDefault",
            "patch_mode": "ImageDefault",
            "plan": [],
            "platform_fault_domain": -1,
            "priority": "Regular",
            "private_ip_address": "10.100.1.5",
            "private_ip_addresses": [
              "10.100.1.5"
            ],
            "provision_vm_agent": true,
            "proximity_placement_group_id": "",
            "public_ip_address": "",
            "public_ip_addresses": [],
            "reboot_setting": "",
            "resource_group_name": "hashicorp-demo-primary-dc-rg",
            "secret": [],
            "secure_boot_enabled": false,
            "size": "Standard_B1s",
            "source_image_id": "",
            "source_image_reference": [
              {
                "offer": "0001-com-ubuntu-server-jammy",
                "publisher": "Canonical",
                "sku": "22_04-lts",
                "version": "latest"
              }
            ],
            "tags": {
              "CostCenter": "SpikeReply"
            },
            "termination_notification": null,
            "timeouts": {
              "create": "60m",
              "delete": "60m",
              "read": null,
              "update": null
            },
            "user_data": "",
            "virtual_machine_id": "2eb75398-db2a-4e89-9c2e-413ffdf8469b",
            "virtual_machine_scale_set_id": "",
            "vm_agent_platform_updates_enabled": false,
            "vtpm_enabled": false,
            "zone": ""
          },
          "sensitive_attributes": [
            [
              {
                "type": "get_attr",
                "value": "admin_password"
              }
            ],
            [
              {
                "type": "get_attr",
                "value": "custom_data"
              }
            ]
          ],
          "identity_schema_version": 0,
          "private": "eyJlMmJmYjczMC1lY2FhLTExZTYtOGY4OC0zNDM2M2JjN2M0YzAiOnsiY3JlYXRlIjozNjAwMDAwMDAwMDAwLCJkZWxldGUiOjM2MDAwMDAwMDAwMDAsInJlYWQiOjMwMDAwMDAwMDAwMCwidXBkYXRlIjoyNzAwMDAwMDAwMDAwfX0=",
          "dependencies": [
            "azurerm_network_interface.client_nic",
            "azurerm_network_interface.nc_nic",
            "azurerm_public_ip.single_nc_pip",
            "azurerm_resource_group.client_rgs",
            "azurerm_resource_group.rg",
            "azurerm_subnet.client_subnets",
            "azurerm_subnet.nomad_consul_subnet",
            "azurerm_virtual_network.client_vnets",
            "azurerm_virtual_network.server_vnet"
          ]
        },
        {
          "index_key": "primary-dc-client-1",
          "schema_version": 0,
          "attributes": {
            "additional_capabilities": [],
            "admin_password": "ChangeMeToA-Very-Strong-P@ssword!",
            "admin_ssh_key": [],
            "admin_username": "adminuser",
            "allow_extension_operations": true,
            "availability_set_id": "",
            "boot_diagnostics": [],
            "bypass_platform_safety_checks_on_user_schedule_enabled": false,
            "capacity_reservation_group_id": "",
            "computer_name": "primary-dc-client-1",
            "custom_data": "I2Nsb3VkLWNvbmZpZwpwYWNrYWdlX3VwZGF0ZTogdHJ1ZQpwYWNrYWdlczoKICAtIHVuemlwCiAgLSBkb2NrZXIuaW8KcnVuY21kOgogIC0gJ1sgLWYgL3Vzci9iaW4vY29uc3VsIF0gfHwgKGN1cmwgLW8gY29uc3VsLnppcCBodHRwczovL3JlbGVhc2VzLmhhc2hpY29ycC5jb20vY29uc3VsLzEuMTMuMi9jb25zdWxfMS4xMy4yX2xpbnV4X2FtZDY0LnppcCAmJiB1bnppcCBjb25zdWwuemlwICYmIG12IGNvbnN1bCAvdXNyL2Jpbi8pJwogIC0gJ1sgLWYgL3Vzci9iaW4vbm9tYWQgXSB8fCAoY3VybCAtbyBub21hZC56aXAgaHR0cHM6Ly9yZWxlYXNlcy5oYXNoaWNvcnAuY29tL25vbWFkLzEuNC4xL25vbWFkXzEuNC4xX2xpbnV4X2FtZDY0LnppcCAmJiB1bnppcCBub21hZC56aXAgJiYgbXYgbm9tYWQgL3Vzci9iaW4vKScKICAtIG1rZGlyIC1wIC9vcHQvY29uc3VsIC9vcHQvbm9tYWQvZGF0YQogIC0gfAogICAgY2F0IDw8RU9GID4gL2V0Yy9jb25zdWwuaGNsCiAgICBkYXRhY2VudGVyID0gImF6dXJlLWNsaWVudHMiCiAgICBkYXRhX2RpciA9ICIvb3B0L2NvbnN1bCIKICAgIGJpbmRfYWRkciA9ICIwLjAuMC4wIgogICAgY2xpZW50X2FkZHIgPSAiMC4wLjAuMCIKICAgIGFkdmVydGlzZV9hZGRyID0gIjEwLjEwMC4xLjYiCiAgICBzZXJ2ZXIgPSBmYWxzZQogICAgcmV0cnlfam9pbiA9IFsiMTAuMC4yLjQiXQogICAgRU9GCiAgLSB8CiAgICBjYXQgPDxFT0YgPiAvZXRjL25vbWFkLmhjbAogICAgZGF0YWNlbnRlciA9ICJhenVyZS1jbGllbnRzIgogICAgZGF0YV9kaXIgID0gIi9vcHQvbm9tYWQvZGF0YSIKICAgIGJpbmRfYWRkciA9ICIwLjAuMC4wIgogICAgY2xpZW50IHsKICAgICAgZW5hYmxlZCA9IHRydWUKICAgICAgc2VydmVycyA9IFsiMTAuMC4yLjQiXQogICAgfQogICAgY29uc3VsIHsKICAgICAgYWRkcmVzcyA9ICIxMjcuMC4wLjE6ODUwMCIKICAgIH0KICAgIEVPRgogIC0gJ2VjaG8gIltVbml0XVxuRGVzY3JpcHRpb249Q29uc3VsIENsaWVudCBBZ2VudFxuW1NlcnZpY2VdXG5FeGVjU3RhcnQ9L3Vzci9iaW4vY29uc3VsIGFnZW50IC1jb25maWctZmlsZT0vZXRjL2NvbnN1bC5oY2xcbltJbnN0YWxsXVxuV2FudGVkQnk9bXVsdGktdXNlci50YXJnZXQiID4gL2V0Yy9zeXN0ZW1kL3N5c3RlbS9jb25zdWwuc2VydmljZScKICAtICdlY2hvICJbVW5pdF1cbkRlc2NyaXB0aW9uPU5vbWFkIENsaWVudCBBZ2VudFxuW1NlcnZpY2VdXG5FeGVjU3RhcnQ9L3Vzci9iaW4vbm9tYWQgYWdlbnQgLWNvbmZpZy1maWxlPS9ldGMvbm9tYWQuaGNsXG5bSW5zdGFsbF1cbldhbnRlZEJ5PW11bHRpLXVzZXIudGFyZ2V0IiA+IC9ldGMvc3lzdGVtZC9zeXN0ZW0vbm9tYWQuc2VydmljZScKICAtIHN5c3RlbWN0bCBkYWVtb24tcmVsb2FkCiAgLSBzeXN0ZW1jdGwgZW5hYmxlIGNvbnN1bCBub21hZAogIC0gc3lzdGVtY3RsIHN0YXJ0IGNvbnN1bAogIC0gc3lzdGVtY3RsIHN0YXJ0IG5vbWFkCg==",
            "dedicated_host_group_id": "",
            "dedicated_host_id": "",
            "disable_password_authentication": false,
            "disk_controller_type": "",
            "edge_zone": "",
            "encryption_at_host_enabled": false,
            "eviction_policy": "",
            "extensions_time_budget": "PT1H30M",
            "gallery_application": [],
            "id": "/subscriptions/f8cea8db-c84b-44eb-aa67-f8c938abbfda/resourceGroups/hashicorp-demo-primary-dc-rg/providers/Microsoft.Compute/virtualMachines/hashicorp-demo-primary-dc-client-1",
            "identity": [],
            "license_type": "",
            "location": "westeurope",
            "max_bid_price": -1,
            "name": "hashicorp-demo-primary-dc-client-1",
            "network_interface_ids": [
              "/subscriptions/f8cea8db-c84b-44eb-aa67-f8c938abbfda/resourceGroups/hashicorp-demo-primary-dc-rg/providers/Microsoft.Network/networkInterfaces/hashicorp-demo-primary-dc-client-1-nic"
            ],
            "os_disk": [
              {
                "caching": "ReadWrite",
                "diff_disk_settings": [],
                "disk_encryption_set_id": "",
                "disk_size_gb": 30,
                "id": "/subscriptions/f8cea8db-c84b-44eb-aa67-f8c938abbfda/resourceGroups/hashicorp-demo-primary-dc-rg/providers/Microsoft.Compute/disks/hashicorp-demo-primary-dc-client-1_OsDisk_1_11ca044224d34ce0953376a3d47492ff",
                "name": "hashicorp-demo-primary-dc-client-1_OsDisk_1_11ca044224d34ce0953376a3d47492ff",
                "secure_vm_disk_encryption_set_id": "",
                "security_encryption_type": "",
                "storage_account_type": "Standard_LRS",
                "write_accelerator_enabled": false
              }
            ],
            "os_image_notification": [],
            "os_managed_disk_id": "/subscriptions/f8cea8db-c84b-44eb-aa67-f8c938abbfda/resourceGroups/hashicorp-demo-primary-dc-rg/providers/Microsoft.Compute/disks/hashicorp-demo-primary-dc-client-1_OsDisk_1_11ca044224d34ce0953376a3d47492ff",
            "patch_assessment_mode": "ImageDefault",
            "patch_mode": "ImageDefault",
            "plan": [],
            "platform_fault_domain": -1,
            "priority": "Regular",
            "private_ip_address": "10.100.1.6",
            "private_ip_addresses": [
              "10.100.1.6"
            ],
            "provision_vm_agent": true,
            "proximity_placement_group_id": "",
            "public_ip_address": "",
            "public_ip_addresses": [],
            "reboot_setting": "",
            "resource_group_name": "hashicorp-demo-primary-dc-rg",
            "secret": [],
            "secure_boot_enabled": false,
            "size": "Standard_B1s",
            "source_image_id": "",
            "source_image_reference": [
              {
                "offer": "0001-com-ubuntu-server-jammy",
                "publisher": "Canonical",
                "sku": "22_04-lts",
                "version": "latest"
              }
            ],
            "tags": {
              "CostCenter": "SpikeReply"
            },
            "termination_notification": null,
            "timeouts": {
              "create": "60m",
              "delete": "60m",
              "read": null,
              "update": null
            },
            "user_data": "",
            "virtual_machine_id": "1e22daf5-5228-4f70-a0d7-694536aede9b",
            "virtual_machine_scale_set_id": "",
            "vm_agent_platform_updates_enabled": false,
            "vtpm_enabled": false,
            "zone": ""
          },
          "sensitive_attributes": [
            [
              {
                "type": "get_attr",
                "value": "admin_password"
              }
            ],
            [
              {
                "type": "get_attr",
                "value": "custom_data"
              }
            ]
          ],
          "identity_schema_version": 0,
          "private": "eyJlMmJmYjczMC1lY2FhLTExZTYtOGY4OC0zNDM2M2JjN2M0YzAiOnsiY3JlYXRlIjozNjAwMDAwMDAwMDAwLCJkZWxldGUiOjM2MDAwMDAwMDAwMDAsInJlYWQiOjMwMDAwMDAwMDAwMCwidXBkYXRlIjoyNzAwMDAwMDAwMDAwfX0=",
          "dependencies": [
            "azurerm_network_interface.client_nic",
            "azurerm_network_interface.nc_nic",
            "azurerm_public_ip.single_nc_pip",
            "azurerm_resource_group.client_rgs",
            "azurerm_resource_group.rg",
            "azurerm_subnet.client_subnets",
            "azurerm_subnet.nomad_consul_subnet",
            "azurerm_virtual_network.client_vnets",
            "azurerm_virtual_network.server_vnet"
          ]
        },
        {
          "index_key": "primary-dc-client-2",
          "schema_version": 0,
          "attributes": {
            "additional_capabilities": [],
            "admin_password": "ChangeMeToA-Very-Strong-P@ssword!",
            "admin_ssh_key": [],
            "admin_username": "adminuser",
            "allow_extension_operations": true,
            "availability_set_id": "",
            "boot_diagnostics": [],
            "bypass_platform_safety_checks_on_user_schedule_enabled": false,
            "capacity_reservation_group_id": "",
            "computer_name": "primary-dc-client-2",
            "custom_data": "I2Nsb3VkLWNvbmZpZwpwYWNrYWdlX3VwZGF0ZTogdHJ1ZQpwYWNrYWdlczoKICAtIHVuemlwCiAgLSBkb2NrZXIuaW8KcnVuY21kOgogIC0gJ1sgLWYgL3Vzci9iaW4vY29uc3VsIF0gfHwgKGN1cmwgLW8gY29uc3VsLnppcCBodHRwczovL3JlbGVhc2VzLmhhc2hpY29ycC5jb20vY29uc3VsLzEuMTMuMi9jb25zdWxfMS4xMy4yX2xpbnV4X2FtZDY0LnppcCAmJiB1bnppcCBjb25zdWwuemlwICYmIG12IGNvbnN1bCAvdXNyL2Jpbi8pJwogIC0gJ1sgLWYgL3Vzci9iaW4vbm9tYWQgXSB8fCAoY3VybCAtbyBub21hZC56aXAgaHR0cHM6Ly9yZWxlYXNlcy5oYXNoaWNvcnAuY29tL25vbWFkLzEuNC4xL25vbWFkXzEuNC4xX2xpbnV4X2FtZDY0LnppcCAmJiB1bnppcCBub21hZC56aXAgJiYgbXYgbm9tYWQgL3Vzci9iaW4vKScKICAtIG1rZGlyIC1wIC9vcHQvY29uc3VsIC9vcHQvbm9tYWQvZGF0YQogIC0gfAogICAgY2F0IDw8RU9GID4gL2V0Yy9jb25zdWwuaGNsCiAgICBkYXRhY2VudGVyID0gImF6dXJlLWNsaWVudHMiCiAgICBkYXRhX2RpciA9ICIvb3B0L2NvbnN1bCIKICAgIGJpbmRfYWRkciA9ICIwLjAuMC4wIgogICAgY2xpZW50X2FkZHIgPSAiMC4wLjAuMCIKICAgIGFkdmVydGlzZV9hZGRyID0gIjEwLjEwMC4xLjQiCiAgICBzZXJ2ZXIgPSBmYWxzZQogICAgcmV0cnlfam9pbiA9IFsiMTAuMC4yLjQiXQogICAgRU9GCiAgLSB8CiAgICBjYXQgPDxFT0YgPiAvZXRjL25vbWFkLmhjbAogICAgZGF0YWNlbnRlciA9ICJhenVyZS1jbGllbnRzIgogICAgZGF0YV9kaXIgID0gIi9vcHQvbm9tYWQvZGF0YSIKICAgIGJpbmRfYWRkciA9ICIwLjAuMC4wIgogICAgY2xpZW50IHsKICAgICAgZW5hYmxlZCA9IHRydWUKICAgICAgc2VydmVycyA9IFsiMTAuMC4yLjQiXQogICAgfQogICAgY29uc3VsIHsKICAgICAgYWRkcmVzcyA9ICIxMjcuMC4wLjE6ODUwMCIKICAgIH0KICAgIEVPRgogIC0gJ2VjaG8gIltVbml0XVxuRGVzY3JpcHRpb249Q29uc3VsIENsaWVudCBBZ2VudFxuW1NlcnZpY2VdXG5FeGVjU3RhcnQ9L3Vzci9iaW4vY29uc3VsIGFnZW50IC1jb25maWctZmlsZT0vZXRjL2NvbnN1bC5oY2xcbltJbnN0YWxsXVxuV2FudGVkQnk9bXVsdGktdXNlci50YXJnZXQiID4gL2V0Yy9zeXN0ZW1kL3N5c3RlbS9jb25zdWwuc2VydmljZScKICAtICdlY2hvICJbVW5pdF1cbkRlc2NyaXB0aW9uPU5vbWFkIENsaWVudCBBZ2VudFxuW1NlcnZpY2VdXG5FeGVjU3RhcnQ9L3Vzci9iaW4vbm9tYWQgYWdlbnQgLWNvbmZpZy1maWxlPS9ldGMvbm9tYWQuaGNsXG5bSW5zdGFsbF1cbldhbnRlZEJ5PW11bHRpLXVzZXIudGFyZ2V0IiA+IC9ldGMvc3lzdGVtZC9zeXN0ZW0vbm9tYWQuc2VydmljZScKICAtIHN5c3RlbWN0bCBkYWVtb24tcmVsb2FkCiAgLSBzeXN0ZW1jdGwgZW5hYmxlIGNvbnN1bCBub21hZAogIC0gc3lzdGVtY3RsIHN0YXJ0IGNvbnN1bAogIC0gc3lzdGVtY3RsIHN0YXJ0IG5vbWFkCg==",
            "dedicated_host_group_id": "",
            "dedicated_host_id": "",
            "disable_password_authentication": false,
            "disk_controller_type": "",
            "edge_zone": "",
            "encryption_at_host_enabled": false,
            "eviction_policy": "",
            "extensions_time_budget": "PT1H30M",
            "gallery_application": [],
            "id": "/subscriptions/f8cea8db-c84b-44eb-aa67-f8c938abbfda/resourceGroups/hashicorp-demo-primary-dc-rg/providers/Microsoft.Compute/virtualMachines/hashicorp-demo-primary-dc-client-2",
            "identity": [],
            "license_type": "",
            "location": "westeurope",
            "max_bid_price": -1,
            "name": "hashicorp-demo-primary-dc-client-2",
            "network_interface_ids": [
              "/subscriptions/f8cea8db-c84b-44eb-aa67-f8c938abbfda/resourceGroups/hashicorp-demo-primary-dc-rg/providers/Microsoft.Network/networkInterfaces/hashicorp-demo-primary-dc-client-2-nic"
            ],
            "os_disk": [
              {
                "caching": "ReadWrite",
                "diff_disk_settings": [],
                "disk_encryption_set_id": "",
                "disk_size_gb": 30,
                "id": "/subscriptions/f8cea8db-c84b-44eb-aa67-f8c938abbfda/resourceGroups/hashicorp-demo-primary-dc-rg/providers/Microsoft.Compute/disks/hashicorp-demo-primary-dc-client-2_OsDisk_1_79ad99e80f9240d3b192f69345edd40f",
                "name": "hashicorp-demo-primary-dc-client-2_OsDisk_1_79ad99e80f9240d3b192f69345edd40f",
                "secure_vm_disk_encryption_set_id": "",
                "security_encryption_type": "",
                "storage_account_type": "Standard_LRS",
                "write_accelerator_enabled": false
              }
            ],
            "os_image_notification": [],
            "os_managed_disk_id": "/subscriptions/f8cea8db-c84b-44eb-aa67-f8c938abbfda/resourceGroups/hashicorp-demo-primary-dc-rg/providers/Microsoft.Compute/disks/hashicorp-demo-primary-dc-client-2_OsDisk_1_79ad99e80f9240d3b192f69345edd40f",
            "patch_assessment_mode": "ImageDefault",
            "patch_mode": "ImageDefault",
            "plan": [],
            "platform_fault_domain": -1,
            "priority": "Regular",
            "private_ip_address": "10.100.1.4",
            "private_ip_addresses": [
              "10.100.1.4"
            ],
            "provision_vm_agent": true,
            "proximity_placement_group_id": "",
            "public_ip_address": "",
            "public_ip_addresses": [],
            "reboot_setting": "",
            "resource_group_name": "hashicorp-demo-primary-dc-rg",
            "secret": [],
            "secure_boot_enabled": false,
            "size": "Standard_B1s",
            "source_image_id": "",
            "source_image_reference": [
              {
                "offer": "0001-com-ubuntu-server-jammy",
                "publisher": "Canonical",
                "sku": "22_04-lts",
                "version": "latest"
              }
            ],
            "tags": {
              "CostCenter": "SpikeReply"
            },
            "termination_notification": null,
            "timeouts": {
              "create": "60m",
              "delete": "60m",
              "read": null,
              "update": null
            },
            "user_data": "",
            "virtual_machine_id": "3372351f-fae3-46de-971d-70b185368143",
            "virtual_machine_scale_set_id": "",
            "vm_agent_platform_updates_enabled": false,
            "vtpm_enabled": false,
            "zone": ""
          },
          "sensitive_attributes": [
            [
              {
                "type": "get_attr",
                "value": "admin_password"
              }
            ],
            [
              {
                "type": "get_attr",
                "value": "custom_data"
              }
            ]
          ],
          "identity_schema_version": 0,
          "private": "eyJlMmJmYjczMC1lY2FhLTExZTYtOGY4OC0zNDM2M2JjN2M0YzAiOnsiY3JlYXRlIjozNjAwMDAwMDAwMDAwLCJkZWxldGUiOjM2MDAwMDAwMDAwMDAsInJlYWQiOjMwMDAwMDAwMDAwMCwidXBkYXRlIjoyNzAwMDAwMDAwMDAwfX0=",
          "dependencies": [
            "azurerm_network_interface.client_nic",
            "azurerm_network_interface.nc_nic",
            "azurerm_public_ip.single_nc_pip",
            "azurerm_resource_group.client_rgs",
            "azurerm_resource_group.rg",
            "azurerm_subnet.client_subnets",
            "azurerm_subnet.nomad_consul_subnet",
            "azurerm_virtual_network.client_vnets",
            "azurerm_virtual_network.server_vnet"
          ]
        },
        {
          "index_key": "secondary-dc-client-0",
          "schema_version": 0,
          "attributes": {
            "additional_capabilities": [],
            "admin_password": "ChangeMeToA-Very-Strong-P@ssword!",
            "admin_ssh_key": [],
            "admin_username": "adminuser",
            "allow_extension_operations": true,
            "availability_set_id": "",
            "boot_diagnostics": [],
            "bypass_platform_safety_checks_on_user_schedule_enabled": false,
            "capacity_reservation_group_id": "",
            "computer_name": "secondary-dc-client-0",
            "custom_data": "I2Nsb3VkLWNvbmZpZwpwYWNrYWdlX3VwZGF0ZTogdHJ1ZQpwYWNrYWdlczoKICAtIHVuemlwCiAgLSBkb2NrZXIuaW8KcnVuY21kOgogIC0gJ1sgLWYgL3Vzci9iaW4vY29uc3VsIF0gfHwgKGN1cmwgLW8gY29uc3VsLnppcCBodHRwczovL3JlbGVhc2VzLmhhc2hpY29ycC5jb20vY29uc3VsLzEuMTMuMi9jb25zdWxfMS4xMy4yX2xpbnV4X2FtZDY0LnppcCAmJiB1bnppcCBjb25zdWwuemlwICYmIG12IGNvbnN1bCAvdXNyL2Jpbi8pJwogIC0gJ1sgLWYgL3Vzci9iaW4vbm9tYWQgXSB8fCAoY3VybCAtbyBub21hZC56aXAgaHR0cHM6Ly9yZWxlYXNlcy5oYXNoaWNvcnAuY29tL25vbWFkLzEuNC4xL25vbWFkXzEuNC4xX2xpbnV4X2FtZDY0LnppcCAmJiB1bnppcCBub21hZC56aXAgJiYgbXYgbm9tYWQgL3Vzci9iaW4vKScKICAtIG1rZGlyIC1wIC9vcHQvY29uc3VsIC9vcHQvbm9tYWQvZGF0YQogIC0gfAogICAgY2F0IDw8RU9GID4gL2V0Yy9jb25zdWwuaGNsCiAgICBkYXRhY2VudGVyID0gImF6dXJlLWNsaWVudHMiCiAgICBkYXRhX2RpciA9ICIvb3B0L2NvbnN1bCIKICAgIGJpbmRfYWRkciA9ICIwLjAuMC4wIgogICAgY2xpZW50X2FkZHIgPSAiMC4wLjAuMCIKICAgIGFkdmVydGlzZV9hZGRyID0gIjEwLjIwMC4xLjQiCiAgICBzZXJ2ZXIgPSBmYWxzZQogICAgcmV0cnlfam9pbiA9IFsiMTAuMC4yLjQiXQogICAgRU9GCiAgLSB8CiAgICBjYXQgPDxFT0YgPiAvZXRjL25vbWFkLmhjbAogICAgZGF0YWNlbnRlciA9ICJhenVyZS1jbGllbnRzIgogICAgZGF0YV9kaXIgID0gIi9vcHQvbm9tYWQvZGF0YSIKICAgIGJpbmRfYWRkciA9ICIwLjAuMC4wIgogICAgY2xpZW50IHsKICAgICAgZW5hYmxlZCA9IHRydWUKICAgICAgc2VydmVycyA9IFsiMTAuMC4yLjQiXQogICAgfQogICAgY29uc3VsIHsKICAgICAgYWRkcmVzcyA9ICIxMjcuMC4wLjE6ODUwMCIKICAgIH0KICAgIEVPRgogIC0gJ2VjaG8gIltVbml0XVxuRGVzY3JpcHRpb249Q29uc3VsIENsaWVudCBBZ2VudFxuW1NlcnZpY2VdXG5FeGVjU3RhcnQ9L3Vzci9iaW4vY29uc3VsIGFnZW50IC1jb25maWctZmlsZT0vZXRjL2NvbnN1bC5oY2xcbltJbnN0YWxsXVxuV2FudGVkQnk9bXVsdGktdXNlci50YXJnZXQiID4gL2V0Yy9zeXN0ZW1kL3N5c3RlbS9jb25zdWwuc2VydmljZScKICAtICdlY2hvICJbVW5pdF1cbkRlc2NyaXB0aW9uPU5vbWFkIENsaWVudCBBZ2VudFxuW1NlcnZpY2VdXG5FeGVjU3RhcnQ9L3Vzci9iaW4vbm9tYWQgYWdlbnQgLWNvbmZpZy1maWxlPS9ldGMvbm9tYWQuaGNsXG5bSW5zdGFsbF1cbldhbnRlZEJ5PW11bHRpLXVzZXIudGFyZ2V0IiA+IC9ldGMvc3lzdGVtZC9zeXN0ZW0vbm9tYWQuc2VydmljZScKICAtIHN5c3RlbWN0bCBkYWVtb24tcmVsb2FkCiAgLSBzeXN0ZW1jdGwgZW5hYmxlIGNvbnN1bCBub21hZAogIC0gc3lzdGVtY3RsIHN0YXJ0IGNvbnN1bAogIC0gc3lzdGVtY3RsIHN0YXJ0IG5vbWFkCg==",
            "dedicated_host_group_id": "",
            "dedicated_host_id": "",
            "disable_password_authentication": false,
            "disk_controller_type": "",
            "edge_zone": "",
            "encryption_at_host_enabled": false,
            "eviction_policy": "",
            "extensions_time_budget": "PT1H30M",
            "gallery_application": [],
            "id": "/subscriptions/f8cea8db-c84b-44eb-aa67-f8c938abbfda/resourceGroups/hashicorp-demo-secondary-dc-rg/providers/Microsoft.Compute/virtualMachines/hashicorp-demo-secondary-dc-client-0",
            "identity": [],
            "license_type": "",
            "location": "westeurope",
            "max_bid_price": -1,
            "name": "hashicorp-demo-secondary-dc-client-0",
            "network_interface_ids": [
              "/subscriptions/f8cea8db-c84b-44eb-aa67-f8c938abbfda/resourceGroups/hashicorp-demo-secondary-dc-rg/providers/Microsoft.Network/networkInterfaces/hashicorp-demo-secondary-dc-client-0-nic"
            ],
            "os_disk": [
              {
                "caching": "ReadWrite",
                "diff_disk_settings": [],
                "disk_encryption_set_id": "",
                "disk_size_gb": 30,
                "id": "/subscriptions/f8cea8db-c84b-44eb-aa67-f8c938abbfda/resourceGroups/hashicorp-demo-secondary-dc-rg/providers/Microsoft.Compute/disks/hashicorp-demo-secondary-dc-client-0_OsDisk_1_aa103493f9db457d81ec6b5e72570a39",
                "name": "hashicorp-demo-secondary-dc-client-0_OsDisk_1_aa103493f9db457d81ec6b5e72570a39",
                "secure_vm_disk_encryption_set_id": "",
                "security_encryption_type": "",
                "storage_account_type": "Standard_LRS",
                "write_accelerator_enabled": false
              }
            ],
            "os_image_notification": [],
            "os_managed_disk_id": "/subscriptions/f8cea8db-c84b-44eb-aa67-f8c938abbfda/resourceGroups/hashicorp-demo-secondary-dc-rg/providers/Microsoft.Compute/disks/hashicorp-demo-secondary-dc-client-0_OsDisk_1_aa103493f9db457d81ec6b5e72570a39",
            "patch_assessment_mode": "ImageDefault",
            "patch_mode": "ImageDefault",
            "plan": [],
            "platform_fault_domain": -1,
            "priority": "Regular",
            "private_ip_address": "10.200.1.4",
            "private_ip_addresses": [
              "10.200.1.4"
            ],
            "provision_vm_agent": true,
            "proximity_placement_group_id": "",
            "public_ip_address": "",
            "public_ip_addresses": [],
            "reboot_setting": "",
            "resource_group_name": "hashicorp-demo-secondary-dc-rg",
            "secret": [],
            "secure_boot_enabled": false,
            "size": "Standard_B1s",
            "source_image_id": "",
            "source_image_reference": [
              {
                "offer": "0001-com-ubuntu-server-jammy",
                "publisher": "Canonical",
                "sku": "22_04-lts",
                "version": "latest"
              }
            ],
            "tags": {
              "CostCenter": "SpikeReply"
            },
            "termination_notification": null,
            "timeouts": {
              "create": "60m",
              "delete": "60m",
              "read": null,
              "update": null
            },
            "user_data": "",
            "virtual_machine_id": "abf86200-db6b-42d4-8fd9-190998675fb2",
            "virtual_machine_scale_set_id": "",
            "vm_agent_platform_updates_enabled": false,
            "vtpm_enabled": false,
            "zone": ""
          },
          "sensitive_attributes": [
            [
              {
                "type": "get_attr",
                "value": "admin_password"
              }
            ],
            [
              {
                "type": "get_attr",
                "value": "custom_data"
              }
            ]
          ],
          "identity_schema_version": 0,
          "private": "eyJlMmJmYjczMC1lY2FhLTExZTYtOGY4OC0zNDM2M2JjN2M0YzAiOnsiY3JlYXRlIjozNjAwMDAwMDAwMDAwLCJkZWxldGUiOjM2MDAwMDAwMDAwMDAsInJlYWQiOjMwMDAwMDAwMDAwMCwidXBkYXRlIjoyNzAwMDAwMDAwMDAwfX0=",
          "dependencies": [
            "azurerm_network_interface.client_nic",
            "azurerm_network_interface.nc_nic",
            "azurerm_public_ip.single_nc_pip",
            "azurerm_resource_group.client_rgs",
            "azurerm_resource_group.rg",
            "azurerm_subnet.client_subnets",
            "azurerm_subnet.nomad_consul_subnet",
            "azurerm_virtual_network.client_vnets",
            "azurerm_virtual_network.server_vnet"
          ]
        },
        {
          "index_key": "secondary-dc-client-1",
          "schema_version": 0,
          "attributes": {
            "additional_capabilities": [],
            "admin_password": "ChangeMeToA-Very-Strong-P@ssword!",
            "admin_ssh_key": [],
            "admin_username": "adminuser",
            "allow_extension_operations": true,
            "availability_set_id": "",
            "boot_diagnostics": [],
            "bypass_platform_safety_checks_on_user_schedule_enabled": false,
            "capacity_reservation_group_id": "",
            "computer_name": "secondary-dc-client-1",
            "custom_data": "I2Nsb3VkLWNvbmZpZwpwYWNrYWdlX3VwZGF0ZTogdHJ1ZQpwYWNrYWdlczoKICAtIHVuemlwCiAgLSBkb2NrZXIuaW8KcnVuY21kOgogIC0gJ1sgLWYgL3Vzci9iaW4vY29uc3VsIF0gfHwgKGN1cmwgLW8gY29uc3VsLnppcCBodHRwczovL3JlbGVhc2VzLmhhc2hpY29ycC5jb20vY29uc3VsLzEuMTMuMi9jb25zdWxfMS4xMy4yX2xpbnV4X2FtZDY0LnppcCAmJiB1bnppcCBjb25zdWwuemlwICYmIG12IGNvbnN1bCAvdXNyL2Jpbi8pJwogIC0gJ1sgLWYgL3Vzci9iaW4vbm9tYWQgXSB8fCAoY3VybCAtbyBub21hZC56aXAgaHR0cHM6Ly9yZWxlYXNlcy5oYXNoaWNvcnAuY29tL25vbWFkLzEuNC4xL25vbWFkXzEuNC4xX2xpbnV4X2FtZDY0LnppcCAmJiB1bnppcCBub21hZC56aXAgJiYgbXYgbm9tYWQgL3Vzci9iaW4vKScKICAtIG1rZGlyIC1wIC9vcHQvY29uc3VsIC9vcHQvbm9tYWQvZGF0YQogIC0gfAogICAgY2F0IDw8RU9GID4gL2V0Yy9jb25zdWwuaGNsCiAgICBkYXRhY2VudGVyID0gImF6dXJlLWNsaWVudHMiCiAgICBkYXRhX2RpciA9ICIvb3B0L2NvbnN1bCIKICAgIGJpbmRfYWRkciA9ICIwLjAuMC4wIgogICAgY2xpZW50X2FkZHIgPSAiMC4wLjAuMCIKICAgIGFkdmVydGlzZV9hZGRyID0gIjEwLjIwMC4xLjUiCiAgICBzZXJ2ZXIgPSBmYWxzZQogICAgcmV0cnlfam9pbiA9IFsiMTAuMC4yLjQiXQogICAgRU9GCiAgLSB8CiAgICBjYXQgPDxFT0YgPiAvZXRjL25vbWFkLmhjbAogICAgZGF0YWNlbnRlciA9ICJhenVyZS1jbGllbnRzIgogICAgZGF0YV9kaXIgID0gIi9vcHQvbm9tYWQvZGF0YSIKICAgIGJpbmRfYWRkciA9ICIwLjAuMC4wIgogICAgY2xpZW50IHsKICAgICAgZW5hYmxlZCA9IHRydWUKICAgICAgc2VydmVycyA9IFsiMTAuMC4yLjQiXQogICAgfQogICAgY29uc3VsIHsKICAgICAgYWRkcmVzcyA9ICIxMjcuMC4wLjE6ODUwMCIKICAgIH0KICAgIEVPRgogIC0gJ2VjaG8gIltVbml0XVxuRGVzY3JpcHRpb249Q29uc3VsIENsaWVudCBBZ2VudFxuW1NlcnZpY2VdXG5FeGVjU3RhcnQ9L3Vzci9iaW4vY29uc3VsIGFnZW50IC1jb25maWctZmlsZT0vZXRjL2NvbnN1bC5oY2xcbltJbnN0YWxsXVxuV2FudGVkQnk9bXVsdGktdXNlci50YXJnZXQiID4gL2V0Yy9zeXN0ZW1kL3N5c3RlbS9jb25zdWwuc2VydmljZScKICAtICdlY2hvICJbVW5pdF1cbkRlc2NyaXB0aW9uPU5vbWFkIENsaWVudCBBZ2VudFxuW1NlcnZpY2VdXG5FeGVjU3RhcnQ9L3Vzci9iaW4vbm9tYWQgYWdlbnQgLWNvbmZpZy1maWxlPS9ldGMvbm9tYWQuaGNsXG5bSW5zdGFsbF1cbldhbnRlZEJ5PW11bHRpLXVzZXIudGFyZ2V0IiA+IC9ldGMvc3lzdGVtZC9zeXN0ZW0vbm9tYWQuc2VydmljZScKICAtIHN5c3RlbWN0bCBkYWVtb24tcmVsb2FkCiAgLSBzeXN0ZW1jdGwgZW5hYmxlIGNvbnN1bCBub21hZAogIC0gc3lzdGVtY3RsIHN0YXJ0IGNvbnN1bAogIC0gc3lzdGVtY3RsIHN0YXJ0IG5vbWFkCg==",
            "dedicated_host_group_id": "",
            "dedicated_host_id": "",
            "disable_password_authentication": false,
            "disk_controller_type": "",
            "edge_zone": "",
            "encryption_at_host_enabled": false,
            "eviction_policy": "",
            "extensions_time_budget": "PT1H30M",
            "gallery_application": [],
            "id": "/subscriptions/f8cea8db-c84b-44eb-aa67-f8c938abbfda/resourceGroups/hashicorp-demo-secondary-dc-rg/providers/Microsoft.Compute/virtualMachines/hashicorp-demo-secondary-dc-client-1",
            "identity": [],
            "license_type": "",
            "location": "westeurope",
            "max_bid_price": -1,
            "name": "hashicorp-demo-secondary-dc-client-1",
            "network_interface_ids": [
              "/subscriptions/f8cea8db-c84b-44eb-aa67-f8c938abbfda/resourceGroups/hashicorp-demo-secondary-dc-rg/providers/Microsoft.Network/networkInterfaces/hashicorp-demo-secondary-dc-client-1-nic"
            ],
            "os_disk": [
              {
                "caching": "ReadWrite",
                "diff_disk_settings": [],
                "disk_encryption_set_id": "",
                "disk_size_gb": 30,
                "id": "/subscriptions/f8cea8db-c84b-44eb-aa67-f8c938abbfda/resourceGroups/hashicorp-demo-secondary-dc-rg/providers/Microsoft.Compute/disks/hashicorp-demo-secondary-dc-client-1_OsDisk_1_315bdafa07f54896bced1d5845912fd1",
                "name": "hashicorp-demo-secondary-dc-client-1_OsDisk_1_315bdafa07f54896bced1d5845912fd1",
                "secure_vm_disk_encryption_set_id": "",
                "security_encryption_type": "",
                "storage_account_type": "Standard_LRS",
                "write_accelerator_enabled": false
              }
            ],
            "os_image_notification": [],
            "os_managed_disk_id": "/subscriptions/f8cea8db-c84b-44eb-aa67-f8c938abbfda/resourceGroups/hashicorp-demo-secondary-dc-rg/providers/Microsoft.Compute/disks/hashicorp-demo-secondary-dc-client-1_OsDisk_1_315bdafa07f54896bced1d5845912fd1",
            "patch_assessment_mode": "ImageDefault",
            "patch_mode": "ImageDefault",
            "plan": [],
            "platform_fault_domain": -1,
            "priority": "Regular",
            "private_ip_address": "10.200.1.5",
            "private_ip_addresses": [
              "10.200.1.5"
            ],
            "provision_vm_agent": true,
            "proximity_placement_group_id": "",
            "public_ip_address": "",
            "public_ip_addresses": [],
            "reboot_setting": "",
            "resource_group_name": "hashicorp-demo-secondary-dc-rg",
            "secret": [],
            "secure_boot_enabled": false,
            "size": "Standard_B1s",
            "source_image_id": "",
            "source_image_reference": [
              {
                "offer": "0001-com-ubuntu-server-jammy",
                "publisher": "Canonical",
                "sku": "22_04-lts",
                "version": "latest"
              }
            ],
            "tags": {
              "CostCenter": "SpikeReply"
            },
            "termination_notification": null,
            "timeouts": {
              "create": "60m",
              "delete": "60m",
              "read": null,
              "update": null
            },
            "user_data": "",
            "virtual_machine_id": "856036af-23fb-4e21-82ae-ef0a7f3f2bbd",
            "virtual_machine_scale_set_id": "",
            "vm_agent_platform_updates_enabled": false,
            "vtpm_enabled": false,
            "zone": ""
          },
          "sensitive_attributes": [
            [
              {
                "type": "get_attr",
                "value": "admin_password"
              }
            ],
            [
              {
                "type": "get_attr",
                "value": "custom_data"
              }
            ]
          ],
          "identity_schema_version": 0,
          "private": "eyJlMmJmYjczMC1lY2FhLTExZTYtOGY4OC0zNDM2M2JjN2M0YzAiOnsiY3JlYXRlIjozNjAwMDAwMDAwMDAwLCJkZWxldGUiOjM2MDAwMDAwMDAwMDAsInJlYWQiOjMwMDAwMDAwMDAwMCwidXBkYXRlIjoyNzAwMDAwMDAwMDAwfX0=",
          "dependencies": [
            "azurerm_network_interface.client_nic",
            "azurerm_network_interface.nc_nic",
            "azurerm_public_ip.single_nc_pip",
            "azurerm_resource_group.client_rgs",
            "azurerm_resource_group.rg",
            "azurerm_subnet.client_subnets",
            "azurerm_subnet.nomad_consul_subnet",
            "azurerm_virtual_network.client_vnets",
            "azurerm_virtual_network.server_vnet"
          ]
        }
      ]
    },
    {
      "mode": "managed",
      "type": "azurerm_linux_virtual_machine",
      "name": "nc_vm",
      "provider": "provider[\"registry.terraform.io/hashicorp/azurerm\"]",
      "instances": [
        {
          "index_key": "nc-server-0",
          "schema_version": 0,
          "attributes": {
            "additional_capabilities": [],
            "admin_password": "ChangeMeToA-Very-Strong-P@ssword!",
            "admin_ssh_key": [],
            "admin_username": "adminuser",
            "allow_extension_operations": true,
            "availability_set_id": "",
            "boot_diagnostics": [],
            "bypass_platform_safety_checks_on_user_schedule_enabled": false,
            "capacity_reservation_group_id": "",
            "computer_name": "nc-server-0",
            "custom_data": "I2Nsb3VkLWNvbmZpZwpwYWNrYWdlX3VwZGF0ZTogdHJ1ZQpwYWNrYWdlczoKICAtIHVuemlwCiAgLSBkb2NrZXIuaW8KICAtIG5ldGNhdC1vcGVuYnNkCnJ1bmNtZDoKICAtICdbIC1mIC91c3IvYmluL2NvbnN1bCBdIHx8IChjdXJsIC1vIGNvbnN1bC56aXAgaHR0cHM6Ly9yZWxlYXNlcy5oYXNoaWNvcnAuY29tL2NvbnN1bC8xLjEzLjIvY29uc3VsXzEuMTMuMl9saW51eF9hbWQ2NC56aXAgJiYgdW56aXAgY29uc3VsLnppcCAmJiBtdiBjb25zdWwgL3Vzci9iaW4vKScKICAtICdbIC1mIC91c3IvYmluL25vbWFkIF0gfHwgKGN1cmwgLW8gbm9tYWQuemlwIGh0dHBzOi8vcmVsZWFzZXMuaGFzaGljb3JwLmNvbS9ub21hZC8xLjQuMS9ub21hZF8xLjQuMV9saW51eF9hbWQ2NC56aXAgJiYgdW56aXAgbm9tYWQuemlwICYmIG12IG5vbWFkIC91c3IvYmluLyknCiAgLSBta2RpciAtcCAvb3B0L2NvbnN1bCAvb3B0L25vbWFkL2RhdGEKICAtIHwKICAgIGNhdCA8PEVPRiA+IC9ldGMvY29uc3VsLmhjbAogICAgZGF0YWNlbnRlciA9ICJhenVyZS1zZXJ2ZXJzIgogICAgZGF0YV9kaXIgPSAiL29wdC9jb25zdWwiCiAgICBiaW5kX2FkZHIgPSAiMC4wLjAuMCIKICAgIGNsaWVudF9hZGRyID0gIjAuMC4wLjAiCiAgICBhZHZlcnRpc2VfYWRkciA9ICIxMC4wLjIuNCIKICAgIGJvb3RzdHJhcF9leHBlY3QgPSAxCiAgICBzZXJ2ZXIgPSB0cnVlCiAgICB1aV9jb25maWcgeyBlbmFibGVkID0gdHJ1ZSB9CiAgICByZXRyeV9qb2luID0gWyIxMC4wLjIuNCJdCiAgICBhY2wgeyBlbmFibGVkID0gdHJ1ZSwgZGVmYXVsdF9wb2xpY3kgPSAiZGVueSIsIGVuYWJsZV90b2tlbl9wZXJzaXN0ZW5jZSA9IHRydWUgfQogICAgRU9GCiAgLSB8CiAgICBjYXQgPDxFT0YgPiAvZXRjL25vbWFkLmhjbAogICAgZGF0YWNlbnRlciA9ICJhenVyZS1zZXJ2ZXJzIgogICAgZGF0YV9kaXIgID0gIi9vcHQvbm9tYWQvZGF0YSIKICAgIGJpbmRfYWRkciA9ICIwLjAuMC4wIgogICAgc2VydmVyIHsgZW5hYmxlZCA9IHRydWUsIGJvb3RzdHJhcF9leHBlY3QgPSAxIH0KICAgIGFjbCB7IGVuYWJsZWQgPSB0cnVlIH0KICAgIHZhdWx0IHsgZW5hYmxlZCA9IHRydWUsIGFkZHJlc3MgPSAiaHR0cDovLzEwLjAuMS40OjgyMDAiIH0KICAgIGNvbnN1bCB7IGFkZHJlc3MgPSAiMTI3LjAuMC4xOjg1MDAiIH0KICAgIEVPRgogIC0gJ2VjaG8gIltVbml0XVxuRGVzY3JpcHRpb249Q29uc3VsIFNlcnZlclxuW1NlcnZpY2VdXG5FeGVjU3RhcnQ9L3Vzci9iaW4vY29uc3VsIGFnZW50IC1jb25maWctZmlsZT0vZXRjL2NvbnN1bC5oY2xcbltJbnN0YWxsXVxuV2FudGVkQnk9bXVsdGktdXNlci50YXJnZXQiID4gL2V0Yy9zeXN0ZW1kL3N5c3RlbS9jb25zdWwuc2VydmljZScKICAtICdlY2hvICJbVW5pdF1cbkRlc2NyaXB0aW9uPU5vbWFkIFNlcnZlclxuW1NlcnZpY2VdXG5FeGVjU3RhcnQ9L3Vzci9iaW4vbm9tYWQgYWdlbnQgLWNvbmZpZy1maWxlPS9ldGMvbm9tYWQuaGNsXG5bSW5zdGFsbF1cbldhbnRlZEJ5PW11bHRpLXVzZXIudGFyZ2V0IiA+IC9ldGMvc3lzdGVtZC9zeXN0ZW0vbm9tYWQuc2VydmljZScKICAtIHN5c3RlbWN0bCBkYWVtb24tcmVsb2FkCiAgLSBzeXN0ZW1jdGwgZW5hYmxlIGNvbnN1bCBub21hZAogIC0gc3lzdGVtY3RsIHN0YXJ0IGNvbnN1bAogIC0gfAogICAgZWNobyAiV2FpdGluZyB1bnRpbCBWYXVsdCBpcyB1bnNlYWxlZCBhbmQgcmVhZHkuLi4iCiAgICAjIEZJWCBJUyBIRVJFOiBFc2NhcGVkICUgd2l0aCBhbm90aGVyICUKICAgIHdoaWxlIFsgIiQoY3VybCAtcyAtbyAvZGV2L251bGwgLXcgJyV7aHR0cF9jb2RlfScgaHR0cDovLzEwLjAuMS40OjgyMDAvdjEvc3lzL2hlYWx0aCkiICE9ICIyMDAiIF07IGRvCiAgICAgIGVjaG8gIlZhdWx0IGlzIG5vdCByZWFkeSB5ZXQuIFdhaXRpbmcgMTAgc2Vjb25kcy4uLiIKICAgICAgc2xlZXAgMTAKICAgIGRvbmUKICAgIGVjaG8gIlZhdWx0IGlzIHVuc2VhbGVkIGFuZCByZWFkeSEgU3RhcnRpbmcgTm9tYWQuIgogIC0gc3lzdGVtY3RsIHN0YXJ0IG5vbWFkCiAgLSB8CiAgICBzbGVlcCAzMAogICAgaWYgWyAhIC1mIC9vcHQvY29uc3VsL2NvbnN1bC50b2tlbiBdOyB0aGVuCiAgICAgIC91c3IvYmluL2NvbnN1bCBhY2wgYm9vdHN0cmFwID4gL29wdC9jb25zdWwvY29uc3VsLnRva2VuCiAgICBmaQogICAgaWYgWyAhIC1mIC9vcHQvbm9tYWQvbm9tYWQudG9rZW4gXTsgdGhlbgogICAgICAvdXNyL2Jpbi9lbnYgTk9NQURfQUREUj1odHRwOi8vMTI3LjAuMC4xOjQ2NDYgL3Vzci9iaW4vbm9tYWQgYWNsIGJvb3RzdHJhcCA+IC9vcHQvbm9tYWQvbm9tYWQudG9rZW4KICAgIGZpCg==",
            "dedicated_host_group_id": "",
            "dedicated_host_id": "",
            "disable_password_authentication": false,
            "disk_controller_type": "",
            "edge_zone": "",
            "encryption_at_host_enabled": false,
            "eviction_policy": "",
            "extensions_time_budget": "PT1H30M",
            "gallery_application": [],
            "id": "/subscriptions/f8cea8db-c84b-44eb-aa67-f8c938abbfda/resourceGroups/hashicorp-demo-servers-rg/providers/Microsoft.Compute/virtualMachines/hashicorp-demo-nc-server-0",
            "identity": [],
            "license_type": "",
            "location": "westeurope",
            "max_bid_price": -1,
            "name": "hashicorp-demo-nc-server-0",
            "network_interface_ids": [
              "/subscriptions/f8cea8db-c84b-44eb-aa67-f8c938abbfda/resourceGroups/hashicorp-demo-servers-rg/providers/Microsoft.Network/networkInterfaces/hashicorp-demo-nc-server-0-nic"
            ],
            "os_disk": [
              {
                "caching": "ReadWrite",
                "diff_disk_settings": [],
                "disk_encryption_set_id": "",
                "disk_size_gb": 30,
                "id": "/subscriptions/f8cea8db-c84b-44eb-aa67-f8c938abbfda/resourceGroups/hashicorp-demo-servers-rg/providers/Microsoft.Compute/disks/hashicorp-demo-nc-server-0_disk1_daa05591dfdb41ffa94e0b3f20d1cb6f",
                "name": "hashicorp-demo-nc-server-0_disk1_daa05591dfdb41ffa94e0b3f20d1cb6f",
                "secure_vm_disk_encryption_set_id": "",
                "security_encryption_type": "",
                "storage_account_type": "Standard_LRS",
                "write_accelerator_enabled": false
              }
            ],
            "os_image_notification": [],
            "os_managed_disk_id": "/subscriptions/f8cea8db-c84b-44eb-aa67-f8c938abbfda/resourceGroups/hashicorp-demo-servers-rg/providers/Microsoft.Compute/disks/hashicorp-demo-nc-server-0_disk1_daa05591dfdb41ffa94e0b3f20d1cb6f",
            "patch_assessment_mode": "ImageDefault",
            "patch_mode": "ImageDefault",
            "plan": [],
            "platform_fault_domain": -1,
            "priority": "Regular",
            "private_ip_address": "10.0.2.4",
            "private_ip_addresses": [
              "10.0.2.4"
            ],
            "provision_vm_agent": true,
            "proximity_placement_group_id": "",
            "public_ip_address": "108.143.79.172",
            "public_ip_addresses": [
              "108.143.79.172"
            ],
            "reboot_setting": "",
            "resource_group_name": "hashicorp-demo-servers-rg",
            "secret": [],
            "secure_boot_enabled": false,
            "size": "Standard_B2s",
            "source_image_id": "",
            "source_image_reference": [
              {
                "offer": "0001-com-ubuntu-server-jammy",
                "publisher": "Canonical",
                "sku": "22_04-lts",
                "version": "latest"
              }
            ],
            "tags": {
              "CostCenter": "SpikeReply"
            },
            "termination_notification": null,
            "timeouts": {
              "create": "60m",
              "delete": "60m",
              "read": null,
              "update": null
            },
            "user_data": "",
            "virtual_machine_id": "47ca5b2f-a04a-471b-8d89-4beed13e2da8",
            "virtual_machine_scale_set_id": "",
            "vm_agent_platform_updates_enabled": false,
            "vtpm_enabled": false,
            "zone": ""
          },
          "sensitive_attributes": [
            [
              {
                "type": "get_attr",
                "value": "admin_password"
              }
            ],
            [
              {
                "type": "get_attr",
                "value": "custom_data"
              }
            ]
          ],
          "identity_schema_version": 0,
          "private": "eyJlMmJmYjczMC1lY2FhLTExZTYtOGY4OC0zNDM2M2JjN2M0YzAiOnsiY3JlYXRlIjozNjAwMDAwMDAwMDAwLCJkZWxldGUiOjM2MDAwMDAwMDAwMDAsInJlYWQiOjMwMDAwMDAwMDAwMCwidXBkYXRlIjoyNzAwMDAwMDAwMDAwfX0=",
          "dependencies": [
            "azurerm_network_interface.nc_nic",
            "azurerm_network_interface.vault_nic",
            "azurerm_public_ip.single_nc_pip",
            "azurerm_public_ip.single_vault_pip",
            "azurerm_resource_group.rg",
            "azurerm_subnet.nomad_consul_subnet",
            "azurerm_subnet.vault_subnet",
            "azurerm_virtual_network.server_vnet"
          ]
        }
      ]
    },
    {
      "mode": "managed",
      "type": "azurerm_linux_virtual_machine",
      "name": "vault_vm",
      "provider": "provider[\"registry.terraform.io/hashicorp/azurerm\"]",
      "instances": [
        {
          "index_key": "vault-server-0",
          "schema_version": 0,
          "attributes": {
            "additional_capabilities": [],
            "admin_password": "ChangeMeToA-Very-Strong-P@ssword!",
            "admin_ssh_key": [],
            "admin_username": "adminuser",
            "allow_extension_operations": true,
            "availability_set_id": "",
            "boot_diagnostics": [],
            "bypass_platform_safety_checks_on_user_schedule_enabled": false,
            "capacity_reservation_group_id": "",
            "computer_name": "vault-server-0",
            "custom_data": "I2Nsb3VkLWNvbmZpZwpwYWNrYWdlX3VwZGF0ZTogdHJ1ZQpwYWNrYWdlczoKICAtIHVuemlwCnJ1bmNtZDoKICAtIGV4cG9ydCBWQVVMVF9BRERSPWh0dHA6Ly8xMjcuMC4wLjE6ODIwMAogIC0gJ1sgLWYgL3Vzci9iaW4vdmF1bHQgXSB8fCAoY3VybCAtbyB2YXVsdC56aXAgaHR0cHM6Ly9yZWxlYXNlcy5oYXNoaWNvcnAuY29tL3ZhdWx0LzEuMTIuMS92YXVsdF8xLjEyLjFfbGludXhfYW1kNjQuemlwICYmIHVuemlwIHZhdWx0LnppcCAmJiBtdiB2YXVsdCAvdXNyL2Jpbi8pJwogIC0gbWtkaXIgLXAgL29wdC92YXVsdC9kYXRhCiAgLSB8CiAgICBjYXQgPDxFT0YgPiAvZXRjL3ZhdWx0LmhjbAogICAgdWkgPSB0cnVlCiAgICBkaXNhYmxlX21sb2NrID0gdHJ1ZQogICAgc3RvcmFnZSAicmFmdCIgewogICAgICBwYXRoICAgID0gIi9vcHQvdmF1bHQvZGF0YSIKICAgICAgbm9kZV9pZCA9ICJ2YXVsdC1zZXJ2ZXItMCIKICAgICAgcmV0cnlfam9pbiB7CiAgICAgICAgbGVhZGVyX2FwaV9hZGRyID0gImh0dHA6Ly8xMC4wLjEuNDo4MjAwIgogICAgICB9CiAgICB9CiAgICBsaXN0ZW5lciAidGNwIiB7CiAgICAgIGFkZHJlc3MgICAgICAgPSAiMC4wLjAuMDo4MjAwIgogICAgICB0bHNfZGlzYWJsZSAgID0gMQogICAgfQogICAgc2VhbCAiYXp1cmVrZXl2YXVsdCIgewogICAgICB0ZW5hbnRfaWQgICAgICA9ICJiOTM1YTBjZS03YjcwLTRmZDAtOGM2Ni1mZjA2NzgzMzQwNzciCiAgICAgIHZhdWx0X25hbWUgICAgID0gImhhc2hpY29ycC1kZW1vLWt2LTVudjQiCiAgICAgIGtleV9uYW1lICAgICAgID0gImhhc2hpY29ycC1kZW1vLXZhdWx0LXVuc2VhbC1rZXkiCiAgICB9CiAgICBhcGlfYWRkciA9ICJodHRwOi8vNTIuMTQyLjI0OS4yMjg6ODIwMCIKICAgIGNsdXN0ZXJfYWRkciA9ICJodHRwOi8vMTAuMC4xLjQ6ODIwMSIKICAgIEVPRgogIC0gJ2VjaG8gIltVbml0XVxuRGVzY3JpcHRpb249VmF1bHQgU2VydmVyXG5bU2VydmljZV1cbkV4ZWNTdGFydD0vdXNyL2Jpbi92YXVsdCBzZXJ2ZXIgLWNvbmZpZz0vZXRjL3ZhdWx0LmhjbFxuW0luc3RhbGxdXG5XYW50ZWRCeT1tdWx0aS11c2VyLnRhcmdldCIgPiAvZXRjL3N5c3RlbWQvc3lzdGVtL3ZhdWx0LnNlcnZpY2UnCiAgLSBzeXN0ZW1jdGwgZGFlbW9uLXJlbG9hZAogIC0gc3lzdGVtY3RsIGVuYWJsZSB2YXVsdAogIC0gc3lzdGVtY3RsIHN0YXJ0IHZhdWx0CiAgLSB8CiAgICBzbGVlcCAzMAogICAgaWYgWyAhIC1mIC9vcHQvdmF1bHQvdmF1bHQuaW5pdGlhbGl6ZWQgXTsgdGhlbgogICAgICAvdXNyL2Jpbi9lbnYgVkFVTFRfQUREUj1odHRwOi8vMTI3LjAuMC4xOjgyMDAgL3Vzci9iaW4vdmF1bHQgb3BlcmF0b3IgaW5pdCAta2V5LXNoYXJlcz0xIC1rZXktdGhyZXNob2xkPTEgPiAvb3B0L3ZhdWx0L2luaXQua2V5cyAmJiB0b3VjaCAvb3B0L3ZhdWx0L3ZhdWx0LmluaXRpYWxpemVkCiAgICBmaQo=",
            "dedicated_host_group_id": "",
            "dedicated_host_id": "",
            "disable_password_authentication": false,
            "disk_controller_type": "",
            "edge_zone": "",
            "encryption_at_host_enabled": false,
            "eviction_policy": "",
            "extensions_time_budget": "PT1H30M",
            "gallery_application": [],
            "id": "/subscriptions/f8cea8db-c84b-44eb-aa67-f8c938abbfda/resourceGroups/hashicorp-demo-servers-rg/providers/Microsoft.Compute/virtualMachines/hashicorp-demo-vault-server-0",
            "identity": [
              {
                "identity_ids": [
                  "/subscriptions/f8cea8db-c84b-44eb-aa67-f8c938abbfda/resourceGroups/hashicorp-demo-servers-rg/providers/Microsoft.ManagedIdentity/userAssignedIdentities/hashicorp-demo-vault-identity"
                ],
                "principal_id": "",
                "tenant_id": "",
                "type": "UserAssigned"
              }
            ],
            "license_type": "",
            "location": "westeurope",
            "max_bid_price": -1,
            "name": "hashicorp-demo-vault-server-0",
            "network_interface_ids": [
              "/subscriptions/f8cea8db-c84b-44eb-aa67-f8c938abbfda/resourceGroups/hashicorp-demo-servers-rg/providers/Microsoft.Network/networkInterfaces/hashicorp-demo-vault-server-0-nic"
            ],
            "os_disk": [
              {
                "caching": "ReadWrite",
                "diff_disk_settings": [],
                "disk_encryption_set_id": "",
                "disk_size_gb": 30,
                "id": "/subscriptions/f8cea8db-c84b-44eb-aa67-f8c938abbfda/resourceGroups/hashicorp-demo-servers-rg/providers/Microsoft.Compute/disks/hashicorp-demo-vault-server-0_disk1_35d1edc47918468a87489d1fa5e89df9",
                "name": "hashicorp-demo-vault-server-0_disk1_35d1edc47918468a87489d1fa5e89df9",
                "secure_vm_disk_encryption_set_id": "",
                "security_encryption_type": "",
                "storage_account_type": "Standard_LRS",
                "write_accelerator_enabled": false
              }
            ],
            "os_image_notification": [],
            "os_managed_disk_id": "/subscriptions/f8cea8db-c84b-44eb-aa67-f8c938abbfda/resourceGroups/hashicorp-demo-servers-rg/providers/Microsoft.Compute/disks/hashicorp-demo-vault-server-0_disk1_35d1edc47918468a87489d1fa5e89df9",
            "patch_assessment_mode": "ImageDefault",
            "patch_mode": "ImageDefault",
            "plan": [],
            "platform_fault_domain": -1,
            "priority": "Regular",
            "private_ip_address": "10.0.1.4",
            "private_ip_addresses": [
              "10.0.1.4"
            ],
            "provision_vm_agent": true,
            "proximity_placement_group_id": "",
            "public_ip_address": "52.142.249.228",
            "public_ip_addresses": [
              "52.142.249.228"
            ],
            "reboot_setting": "",
            "resource_group_name": "hashicorp-demo-servers-rg",
            "secret": [],
            "secure_boot_enabled": false,
            "size": "Standard_B2s",
            "source_image_id": "",
            "source_image_reference": [
              {
                "offer": "0001-com-ubuntu-server-jammy",
                "publisher": "Canonical",
                "sku": "22_04-lts",
                "version": "latest"
              }
            ],
            "tags": {
              "CostCenter": "SpikeReply"
            },
            "termination_notification": null,
            "timeouts": {
              "create": "60m",
              "delete": "60m",
              "read": null,
              "update": null
            },
            "user_data": "",
            "virtual_machine_id": "8e0c0bf8-0b10-4371-9679-d1defff7f64b",
            "virtual_machine_scale_set_id": "",
            "vm_agent_platform_updates_enabled": false,
            "vtpm_enabled": false,
            "zone": ""
          },
          "sensitive_attributes": [
            [
              {
                "type": "get_attr",
                "value": "admin_password"
              }
            ],
            [
              {
                "type": "get_attr",
                "value": "custom_data"
              }
            ]
          ],
          "identity_schema_version": 0,
          "private": "eyJlMmJmYjczMC1lY2FhLTExZTYtOGY4OC0zNDM2M2JjN2M0YzAiOnsiY3JlYXRlIjozNjAwMDAwMDAwMDAwLCJkZWxldGUiOjM2MDAwMDAwMDAwMDAsInJlYWQiOjMwMDAwMDAwMDAwMCwidXBkYXRlIjoyNzAwMDAwMDAwMDAwfX0=",
          "dependencies": [
            "azurerm_key_vault.unseal_kv",
            "azurerm_key_vault_key.unseal_key",
            "azurerm_network_interface.vault_nic",
            "azurerm_public_ip.single_vault_pip",
            "azurerm_public_ip.vault_lb_pip",
            "azurerm_resource_group.rg",
            "azurerm_subnet.vault_subnet",
            "azurerm_user_assigned_identity.vault_identity",
            "azurerm_virtual_network.server_vnet",
            "data.azurerm_client_config.current",
            "random_string.unique"
          ]
        }
      ]
    },
    {
      "mode": "managed",
      "type": "azurerm_network_interface",
      "name": "client_nic",
      "provider": "provider[\"registry.terraform.io/hashicorp/azurerm\"]",
      "instances": [
        {
          "index_key": "primary-dc-client-0",
          "schema_version": 0,
          "attributes": {
            "accelerated_networking_enabled": false,
            "applied_dns_servers": [],
            "auxiliary_mode": "",
            "auxiliary_sku": "",
            "dns_servers": [],
            "edge_zone": "",
            "id": "/subscriptions/f8cea8db-c84b-44eb-aa67-f8c938abbfda/resourceGroups/hashicorp-demo-primary-dc-rg/providers/Microsoft.Network/networkInterfaces/hashicorp-demo-primary-dc-client-0-nic",
            "internal_dns_name_label": "",
            "internal_domain_name_suffix": "nowcutpylcgetf3233staxfikh.ax.internal.cloudapp.net",
            "ip_configuration": [
              {
                "gateway_load_balancer_frontend_ip_configuration_id": "",
                "name": "internal",
                "primary": true,
                "private_ip_address": "10.100.1.5",
                "private_ip_address_allocation": "Dynamic",
                "private_ip_address_version": "IPv4",
                "public_ip_address_id": "",
                "subnet_id": "/subscriptions/f8cea8db-c84b-44eb-aa67-f8c938abbfda/resourceGroups/hashicorp-demo-primary-dc-rg/providers/Microsoft.Network/virtualNetworks/hashicorp-demo-primary-dc-vnet/subnets/primary-dc-subnet"
              }
            ],
            "ip_forwarding_enabled": false,
            "location": "westeurope",
            "mac_address": "00-0D-3A-48-2E-DA",
            "name": "hashicorp-demo-primary-dc-client-0-nic",
            "private_ip_address": "10.100.1.5",
            "private_ip_addresses": [
              "10.100.1.5"
            ],
            "resource_group_name": "hashicorp-demo-primary-dc-rg",
            "tags": {
              "CostCenter": "SpikeReply"
            },
            "timeouts": null,
            "virtual_machine_id": "/subscriptions/f8cea8db-c84b-44eb-aa67-f8c938abbfda/resourceGroups/hashicorp-demo-primary-dc-rg/providers/Microsoft.Compute/virtualMachines/hashicorp-demo-primary-dc-client-0"
          },
          "sensitive_attributes": [],
          "identity_schema_version": 0,
          "identity": {
            "name": "hashicorp-demo-primary-dc-client-0-nic",
            "resource_group_name": "hashicorp-demo-primary-dc-rg",
            "subscription_id": "f8cea8db-c84b-44eb-aa67-f8c938abbfda"
          },
          "private": "eyJlMmJmYjczMC1lY2FhLTExZTYtOGY4OC0zNDM2M2JjN2M0YzAiOnsiY3JlYXRlIjoxODAwMDAwMDAwMDAwLCJkZWxldGUiOjE4MDAwMDAwMDAwMDAsInJlYWQiOjMwMDAwMDAwMDAwMCwidXBkYXRlIjoxODAwMDAwMDAwMDAwfX0=",
          "dependencies": [
            "azurerm_resource_group.client_rgs",
            "azurerm_subnet.client_subnets",
            "azurerm_virtual_network.client_vnets"
          ]
        },
        {
          "index_key": "primary-dc-client-1",
          "schema_version": 0,
          "attributes": {
            "accelerated_networking_enabled": false,
            "applied_dns_servers": [],
            "auxiliary_mode": "",
            "auxiliary_sku": "",
            "dns_servers": [],
            "edge_zone": "",
            "id": "/subscriptions/f8cea8db-c84b-44eb-aa67-f8c938abbfda/resourceGroups/hashicorp-demo-primary-dc-rg/providers/Microsoft.Network/networkInterfaces/hashicorp-demo-primary-dc-client-1-nic",
            "internal_dns_name_label": "",
            "internal_domain_name_suffix": "nowcutpylcgetf3233staxfikh.ax.internal.cloudapp.net",
            "ip_configuration": [
              {
                "gateway_load_balancer_frontend_ip_configuration_id": "",
                "name": "internal",
                "primary": true,
                "private_ip_address": "10.100.1.6",
                "private_ip_address_allocation": "Dynamic",
                "private_ip_address_version": "IPv4",
                "public_ip_address_id": "",
                "subnet_id": "/subscriptions/f8cea8db-c84b-44eb-aa67-f8c938abbfda/resourceGroups/hashicorp-demo-primary-dc-rg/providers/Microsoft.Network/virtualNetworks/hashicorp-demo-primary-dc-vnet/subnets/primary-dc-subnet"
              }
            ],
            "ip_forwarding_enabled": false,
            "location": "westeurope",
            "mac_address": "7C-1E-52-28-65-DB",
            "name": "hashicorp-demo-primary-dc-client-1-nic",
            "private_ip_address": "10.100.1.6",
            "private_ip_addresses": [
              "10.100.1.6"
            ],
            "resource_group_name": "hashicorp-demo-primary-dc-rg",
            "tags": {
              "CostCenter": "SpikeReply"
            },
            "timeouts": null,
            "virtual_machine_id": "/subscriptions/f8cea8db-c84b-44eb-aa67-f8c938abbfda/resourceGroups/hashicorp-demo-primary-dc-rg/providers/Microsoft.Compute/virtualMachines/hashicorp-demo-primary-dc-client-1"
          },
          "sensitive_attributes": [],
          "identity_schema_version": 0,
          "identity": {
            "name": "hashicorp-demo-primary-dc-client-1-nic",
            "resource_group_name": "hashicorp-demo-primary-dc-rg",
            "subscription_id": "f8cea8db-c84b-44eb-aa67-f8c938abbfda"
          },
          "private": "eyJlMmJmYjczMC1lY2FhLTExZTYtOGY4OC0zNDM2M2JjN2M0YzAiOnsiY3JlYXRlIjoxODAwMDAwMDAwMDAwLCJkZWxldGUiOjE4MDAwMDAwMDAwMDAsInJlYWQiOjMwMDAwMDAwMDAwMCwidXBkYXRlIjoxODAwMDAwMDAwMDAwfX0=",
          "dependencies": [
            "azurerm_resource_group.client_rgs",
            "azurerm_subnet.client_subnets",
            "azurerm_virtual_network.client_vnets"
          ]
        },
        {
          "index_key": "primary-dc-client-2",
          "schema_version": 0,
          "attributes": {
            "accelerated_networking_enabled": false,
            "applied_dns_servers": [],
            "auxiliary_mode": "",
            "auxiliary_sku": "",
            "dns_servers": [],
            "edge_zone": "",
            "id": "/subscriptions/f8cea8db-c84b-44eb-aa67-f8c938abbfda/resourceGroups/hashicorp-demo-primary-dc-rg/providers/Microsoft.Network/networkInterfaces/hashicorp-demo-primary-dc-client-2-nic",
            "internal_dns_name_label": "",
            "internal_domain_name_suffix": "nowcutpylcgetf3233staxfikh.ax.internal.cloudapp.net",
            "ip_configuration": [
              {
                "gateway_load_balancer_frontend_ip_configuration_id": "",
                "name": "internal",
                "primary": true,
                "private_ip_address": "10.100.1.4",
                "private_ip_address_allocation": "Dynamic",
                "private_ip_address_version": "IPv4",
                "public_ip_address_id": "",
                "subnet_id": "/subscriptions/f8cea8db-c84b-44eb-aa67-f8c938abbfda/resourceGroups/hashicorp-demo-primary-dc-rg/providers/Microsoft.Network/virtualNetworks/hashicorp-demo-primary-dc-vnet/subnets/primary-dc-subnet"
              }
            ],
            "ip_forwarding_enabled": false,
            "location": "westeurope",
            "mac_address": "7C-ED-8D-5B-E3-31",
            "name": "hashicorp-demo-primary-dc-client-2-nic",
            "private_ip_address": "10.100.1.4",
            "private_ip_addresses": [
              "10.100.1.4"
            ],
            "resource_group_name": "hashicorp-demo-primary-dc-rg",
            "tags": {
              "CostCenter": "SpikeReply"
            },
            "timeouts": null,
            "virtual_machine_id": "/subscriptions/f8cea8db-c84b-44eb-aa67-f8c938abbfda/resourceGroups/hashicorp-demo-primary-dc-rg/providers/Microsoft.Compute/virtualMachines/hashicorp-demo-primary-dc-client-2"
          },
          "sensitive_attributes": [],
          "identity_schema_version": 0,
          "identity": {
            "name": "hashicorp-demo-primary-dc-client-2-nic",
            "resource_group_name": "hashicorp-demo-primary-dc-rg",
            "subscription_id": "f8cea8db-c84b-44eb-aa67-f8c938abbfda"
          },
          "private": "eyJlMmJmYjczMC1lY2FhLTExZTYtOGY4OC0zNDM2M2JjN2M0YzAiOnsiY3JlYXRlIjoxODAwMDAwMDAwMDAwLCJkZWxldGUiOjE4MDAwMDAwMDAwMDAsInJlYWQiOjMwMDAwMDAwMDAwMCwidXBkYXRlIjoxODAwMDAwMDAwMDAwfX0=",
          "dependencies": [
            "azurerm_resource_group.client_rgs",
            "azurerm_subnet.client_subnets",
            "azurerm_virtual_network.client_vnets"
          ]
        },
        {
          "index_key": "secondary-dc-client-0",
          "schema_version": 0,
          "attributes": {
            "accelerated_networking_enabled": false,
            "applied_dns_servers": [],
            "auxiliary_mode": "",
            "auxiliary_sku": "",
            "dns_servers": [],
            "edge_zone": "",
            "id": "/subscriptions/f8cea8db-c84b-44eb-aa67-f8c938abbfda/resourceGroups/hashicorp-demo-secondary-dc-rg/providers/Microsoft.Network/networkInterfaces/hashicorp-demo-secondary-dc-client-0-nic",
            "internal_dns_name_label": "",
            "internal_domain_name_suffix": "onzjq4rqnicule525dnpdbk4za.ax.internal.cloudapp.net",
            "ip_configuration": [
              {
                "gateway_load_balancer_frontend_ip_configuration_id": "",
                "name": "internal",
                "primary": true,
                "private_ip_address": "10.200.1.4",
                "private_ip_address_allocation": "Dynamic",
                "private_ip_address_version": "IPv4",
                "public_ip_address_id": "",
                "subnet_id": "/subscriptions/f8cea8db-c84b-44eb-aa67-f8c938abbfda/resourceGroups/hashicorp-demo-secondary-dc-rg/providers/Microsoft.Network/virtualNetworks/hashicorp-demo-secondary-dc-vnet/subnets/secondary-dc-subnet"
              }
            ],
            "ip_forwarding_enabled": false,
            "location": "westeurope",
            "mac_address": "7C-1E-52-27-44-23",
            "name": "hashicorp-demo-secondary-dc-client-0-nic",
            "private_ip_address": "10.200.1.4",
            "private_ip_addresses": [
              "10.200.1.4"
            ],
            "resource_group_name": "hashicorp-demo-secondary-dc-rg",
            "tags": {
              "CostCenter": "SpikeReply"
            },
            "timeouts": null,
            "virtual_machine_id": "/subscriptions/f8cea8db-c84b-44eb-aa67-f8c938abbfda/resourceGroups/hashicorp-demo-secondary-dc-rg/providers/Microsoft.Compute/virtualMachines/hashicorp-demo-secondary-dc-client-0"
          },
          "sensitive_attributes": [],
          "identity_schema_version": 0,
          "identity": {
            "name": "hashicorp-demo-secondary-dc-client-0-nic",
            "resource_group_name": "hashicorp-demo-secondary-dc-rg",
            "subscription_id": "f8cea8db-c84b-44eb-aa67-f8c938abbfda"
          },
          "private": "eyJlMmJmYjczMC1lY2FhLTExZTYtOGY4OC0zNDM2M2JjN2M0YzAiOnsiY3JlYXRlIjoxODAwMDAwMDAwMDAwLCJkZWxldGUiOjE4MDAwMDAwMDAwMDAsInJlYWQiOjMwMDAwMDAwMDAwMCwidXBkYXRlIjoxODAwMDAwMDAwMDAwfX0=",
          "dependencies": [
            "azurerm_resource_group.client_rgs",
            "azurerm_subnet.client_subnets",
            "azurerm_virtual_network.client_vnets"
          ]
        },
        {
          "index_key": "secondary-dc-client-1",
          "schema_version": 0,
          "attributes": {
            "accelerated_networking_enabled": false,
            "applied_dns_servers": [],
            "auxiliary_mode": "",
            "auxiliary_sku": "",
            "dns_servers": [],
            "edge_zone": "",
            "id": "/subscriptions/f8cea8db-c84b-44eb-aa67-f8c938abbfda/resourceGroups/hashicorp-demo-secondary-dc-rg/providers/Microsoft.Network/networkInterfaces/hashicorp-demo-secondary-dc-client-1-nic",
            "internal_dns_name_label": "",
            "internal_domain_name_suffix": "onzjq4rqnicule525dnpdbk4za.ax.internal.cloudapp.net",
            "ip_configuration": [
              {
                "gateway_load_balancer_frontend_ip_configuration_id": "",
                "name": "internal",
                "primary": true,
                "private_ip_address": "10.200.1.5",
                "private_ip_address_allocation": "Dynamic",
                "private_ip_address_version": "IPv4",
                "public_ip_address_id": "",
                "subnet_id": "/subscriptions/f8cea8db-c84b-44eb-aa67-f8c938abbfda/resourceGroups/hashicorp-demo-secondary-dc-rg/providers/Microsoft.Network/virtualNetworks/hashicorp-demo-secondary-dc-vnet/subnets/secondary-dc-subnet"
              }
            ],
            "ip_forwarding_enabled": false,
            "location": "westeurope",
            "mac_address": "60-45-BD-A1-4D-D6",
            "name": "hashicorp-demo-secondary-dc-client-1-nic",
            "private_ip_address": "10.200.1.5",
            "private_ip_addresses": [
              "10.200.1.5"
            ],
            "resource_group_name": "hashicorp-demo-secondary-dc-rg",
            "tags": {
              "CostCenter": "SpikeReply"
            },
            "timeouts": null,
            "virtual_machine_id": "/subscriptions/f8cea8db-c84b-44eb-aa67-f8c938abbfda/resourceGroups/hashicorp-demo-secondary-dc-rg/providers/Microsoft.Compute/virtualMachines/hashicorp-demo-secondary-dc-client-1"
          },
          "sensitive_attributes": [],
          "identity_schema_version": 0,
          "identity": {
            "name": "hashicorp-demo-secondary-dc-client-1-nic",
            "resource_group_name": "hashicorp-demo-secondary-dc-rg",
            "subscription_id": "f8cea8db-c84b-44eb-aa67-f8c938abbfda"
          },
          "private": "eyJlMmJmYjczMC1lY2FhLTExZTYtOGY4OC0zNDM2M2JjN2M0YzAiOnsiY3JlYXRlIjoxODAwMDAwMDAwMDAwLCJkZWxldGUiOjE4MDAwMDAwMDAwMDAsInJlYWQiOjMwMDAwMDAwMDAwMCwidXBkYXRlIjoxODAwMDAwMDAwMDAwfX0=",
          "dependencies": [
            "azurerm_resource_group.client_rgs",
            "azurerm_subnet.client_subnets",
            "azurerm_virtual_network.client_vnets"
          ]
        }
      ]
    },
    {
      "mode": "managed",
      "type": "azurerm_network_interface",
      "name": "nc_nic",
      "provider": "provider[\"registry.terraform.io/hashicorp/azurerm\"]",
      "instances": [
        {
          "index_key": "nc-server-0",
          "schema_version": 0,
          "attributes": {
            "accelerated_networking_enabled": false,
            "applied_dns_servers": [],
            "auxiliary_mode": "",
            "auxiliary_sku": "",
            "dns_servers": null,
            "edge_zone": "",
            "id": "/subscriptions/f8cea8db-c84b-44eb-aa67-f8c938abbfda/resourceGroups/hashicorp-demo-servers-rg/providers/Microsoft.Network/networkInterfaces/hashicorp-demo-nc-server-0-nic",
            "internal_dns_name_label": "",
            "internal_domain_name_suffix": "yz4mvep0rd2exggitzkaaon15d.ax.internal.cloudapp.net",
            "ip_configuration": [
              {
                "gateway_load_balancer_frontend_ip_configuration_id": "",
                "name": "internal",
                "primary": true,
                "private_ip_address": "10.0.2.4",
                "private_ip_address_allocation": "Dynamic",
                "private_ip_address_version": "IPv4",
                "public_ip_address_id": "/subscriptions/f8cea8db-c84b-44eb-aa67-f8c938abbfda/resourceGroups/hashicorp-demo-servers-rg/providers/Microsoft.Network/publicIPAddresses/hashicorp-demo-nc-server-0-pip",
                "subnet_id": "/subscriptions/f8cea8db-c84b-44eb-aa67-f8c938abbfda/resourceGroups/hashicorp-demo-servers-rg/providers/Microsoft.Network/virtualNetworks/hashicorp-demo-server-vnet/subnets/nomad-consul-subnet"
              }
            ],
            "ip_forwarding_enabled": false,
            "location": "westeurope",
            "mac_address": "",
            "name": "hashicorp-demo-nc-server-0-nic",
            "private_ip_address": "10.0.2.4",
            "private_ip_addresses": [
              "10.0.2.4"
            ],
            "resource_group_name": "hashicorp-demo-servers-rg",
            "tags": {
              "CostCenter": "SpikeReply"
            },
            "timeouts": null,
            "virtual_machine_id": ""
          },
          "sensitive_attributes": [],
          "identity_schema_version": 0,
          "identity": {
            "name": "hashicorp-demo-nc-server-0-nic",
            "resource_group_name": "hashicorp-demo-servers-rg",
            "subscription_id": "f8cea8db-c84b-44eb-aa67-f8c938abbfda"
          },
          "private": "eyJlMmJmYjczMC1lY2FhLTExZTYtOGY4OC0zNDM2M2JjN2M0YzAiOnsiY3JlYXRlIjoxODAwMDAwMDAwMDAwLCJkZWxldGUiOjE4MDAwMDAwMDAwMDAsInJlYWQiOjMwMDAwMDAwMDAwMCwidXBkYXRlIjoxODAwMDAwMDAwMDAwfX0=",
          "dependencies": [
            "azurerm_public_ip.single_nc_pip",
            "azurerm_resource_group.rg",
            "azurerm_subnet.nomad_consul_subnet",
            "azurerm_virtual_network.server_vnet"
          ]
        }
      ]
    },
    {
      "mode": "managed",
      "type": "azurerm_network_interface",
      "name": "vault_nic",
      "provider": "provider[\"registry.terraform.io/hashicorp/azurerm\"]",
      "instances": [
        {
          "index_key": "vault-server-0",
          "schema_version": 0,
          "attributes": {
            "accelerated_networking_enabled": false,
            "applied_dns_servers": [],
            "auxiliary_mode": "",
            "auxiliary_sku": "",
            "dns_servers": null,
            "edge_zone": "",
            "id": "/subscriptions/f8cea8db-c84b-44eb-aa67-f8c938abbfda/resourceGroups/hashicorp-demo-servers-rg/providers/Microsoft.Network/networkInterfaces/hashicorp-demo-vault-server-0-nic",
            "internal_dns_name_label": "",
            "internal_domain_name_suffix": "yz4mvep0rd2exggitzkaaon15d.ax.internal.cloudapp.net",
            "ip_configuration": [
              {
                "gateway_load_balancer_frontend_ip_configuration_id": "",
                "name": "internal",
                "primary": true,
                "private_ip_address": "10.0.1.4",
                "private_ip_address_allocation": "Dynamic",
                "private_ip_address_version": "IPv4",
                "public_ip_address_id": "/subscriptions/f8cea8db-c84b-44eb-aa67-f8c938abbfda/resourceGroups/hashicorp-demo-servers-rg/providers/Microsoft.Network/publicIPAddresses/hashicorp-demo-vault-server-0-pip",
                "subnet_id": "/subscriptions/f8cea8db-c84b-44eb-aa67-f8c938abbfda/resourceGroups/hashicorp-demo-servers-rg/providers/Microsoft.Network/virtualNetworks/hashicorp-demo-server-vnet/subnets/vault-subnet"
              }
            ],
            "ip_forwarding_enabled": false,
            "location": "westeurope",
            "mac_address": "",
            "name": "hashicorp-demo-vault-server-0-nic",
            "private_ip_address": "10.0.1.4",
            "private_ip_addresses": [
              "10.0.1.4"
            ],
            "resource_group_name": "hashicorp-demo-servers-rg",
            "tags": {
              "CostCenter": "SpikeReply"
            },
            "timeouts": null,
            "virtual_machine_id": ""
          },
          "sensitive_attributes": [],
          "identity_schema_version": 0,
          "identity": {
            "name": "hashicorp-demo-vault-server-0-nic",
            "resource_group_name": "hashicorp-demo-servers-rg",
            "subscription_id": "f8cea8db-c84b-44eb-aa67-f8c938abbfda"
          },
          "private": "eyJlMmJmYjczMC1lY2FhLTExZTYtOGY4OC0zNDM2M2JjN2M0YzAiOnsiY3JlYXRlIjoxODAwMDAwMDAwMDAwLCJkZWxldGUiOjE4MDAwMDAwMDAwMDAsInJlYWQiOjMwMDAwMDAwMDAwMCwidXBkYXRlIjoxODAwMDAwMDAwMDAwfX0=",
          "dependencies": [
            "azurerm_public_ip.single_vault_pip",
            "azurerm_resource_group.rg",
            "azurerm_subnet.vault_subnet",
            "azurerm_virtual_network.server_vnet"
          ]
        }
      ]
    },
    {
      "mode": "managed",
      "type": "azurerm_network_security_group",
      "name": "server_nsg",
      "provider": "provider[\"registry.terraform.io/hashicorp/azurerm\"]",
      "instances": [
        {
          "schema_version": 0,
          "attributes": {
            "id": "/subscriptions/f8cea8db-c84b-44eb-aa67-f8c938abbfda/resourceGroups/hashicorp-demo-servers-rg/providers/Microsoft.Network/networkSecurityGroups/hashicorp-demo-server-nsg",
            "location": "westeurope",
            "name": "hashicorp-demo-server-nsg",
            "resource_group_name": "hashicorp-demo-servers-rg",
            "security_rule": [
              {
                "access": "Allow",
                "description": "",
                "destination_address_prefix": "*",
                "destination_address_prefixes": [],
                "destination_application_security_group_ids": [],
                "destination_port_range": "",
                "destination_port_ranges": [
                  "4646",
                  "8200",
                  "8500"
                ],
                "direction": "Inbound",
                "name": "AllowAPIsFromAdmin",
                "priority": 110,
                "protocol": "Tcp",
                "source_address_prefix": "",
                "source_address_prefixes": [
                  "212.114.159.234"
                ],
                "source_application_security_group_ids": [],
                "source_port_range": "*",
                "source_port_ranges": []
              },
              {
                "access": "Allow",
                "description": "",
                "destination_address_prefix": "*",
                "destination_address_prefixes": [],
                "destination_application_security_group_ids": [],
                "destination_port_range": "22",
                "destination_port_ranges": [],
                "direction": "Inbound",
                "name": "AllowSSHFromAdmin",
                "priority": 100,
                "protocol": "Tcp",
                "source_address_prefix": "",
                "source_address_prefixes": [
                  "212.114.159.234"
                ],
                "source_application_security_group_ids": [],
                "source_port_range": "*",
                "source_port_ranges": []
              },
              {
                "access": "Allow",
                "description": "",
                "destination_address_prefix": "10.0.0.0/16",
                "destination_address_prefixes": [],
                "destination_application_security_group_ids": [],
                "destination_port_range": "*",
                "destination_port_ranges": [],
                "direction": "Inbound",
                "name": "AllowInternalServerComms",
                "priority": 120,
                "protocol": "*",
                "source_address_prefix": "10.0.0.0/16",
                "source_address_prefixes": [],
                "source_application_security_group_ids": [],
                "source_port_range": "*",
                "source_port_ranges": []
              }
            ],
            "tags": {
              "CostCenter": "SpikeReply"
            },
            "timeouts": null
          },
          "sensitive_attributes": [],
          "identity_schema_version": 0,
          "identity": {
            "name": "hashicorp-demo-server-nsg",
            "resource_group_name": "hashicorp-demo-servers-rg",
            "subscription_id": "f8cea8db-c84b-44eb-aa67-f8c938abbfda"
          },
          "private": "eyJlMmJmYjczMC1lY2FhLTExZTYtOGY4OC0zNDM2M2JjN2M0YzAiOnsiY3JlYXRlIjoxODAwMDAwMDAwMDAwLCJkZWxldGUiOjE4MDAwMDAwMDAwMDAsInJlYWQiOjMwMDAwMDAwMDAwMCwidXBkYXRlIjoxODAwMDAwMDAwMDAwfX0=",
          "dependencies": [
            "azurerm_resource_group.rg",
            "azurerm_virtual_network.server_vnet"
          ]
        }
      ]
    },
    {
      "mode": "managed",
      "type": "azurerm_public_ip",
      "name": "single_nc_pip",
      "provider": "provider[\"registry.terraform.io/hashicorp/azurerm\"]",
      "instances": [
        {
          "index_key": 0,
          "schema_version": 0,
          "attributes": {
            "allocation_method": "Static",
            "ddos_protection_mode": "VirtualNetworkInherited",
            "ddos_protection_plan_id": null,
            "domain_name_label": null,
            "domain_name_label_scope": null,
            "edge_zone": "",
            "fqdn": null,
            "id": "/subscriptions/f8cea8db-c84b-44eb-aa67-f8c938abbfda/resourceGroups/hashicorp-demo-servers-rg/providers/Microsoft.Network/publicIPAddresses/hashicorp-demo-nc-server-0-pip",
            "idle_timeout_in_minutes": 4,
            "ip_address": "108.143.79.172",
            "ip_tags": {},
            "ip_version": "IPv4",
            "location": "westeurope",
            "name": "hashicorp-demo-nc-server-0-pip",
            "public_ip_prefix_id": null,
            "resource_group_name": "hashicorp-demo-servers-rg",
            "reverse_fqdn": null,
            "sku": "Standard",
            "sku_tier": "Regional",
            "tags": {
              "CostCenter": "SpikeReply"
            },
            "timeouts": null,
            "zones": []
          },
          "sensitive_attributes": [],
          "identity_schema_version": 0,
          "private": "eyJlMmJmYjczMC1lY2FhLTExZTYtOGY4OC0zNDM2M2JjN2M0YzAiOnsiY3JlYXRlIjoxODAwMDAwMDAwMDAwLCJkZWxldGUiOjE4MDAwMDAwMDAwMDAsInJlYWQiOjMwMDAwMDAwMDAwMCwidXBkYXRlIjoxODAwMDAwMDAwMDAwfX0=",
          "dependencies": [
            "azurerm_resource_group.rg"
          ]
        }
      ]
    },
    {
      "mode": "managed",
      "type": "azurerm_public_ip",
      "name": "single_vault_pip",
      "provider": "provider[\"registry.terraform.io/hashicorp/azurerm\"]",
      "instances": [
        {
          "index_key": 0,
          "schema_version": 0,
          "attributes": {
            "allocation_method": "Static",
            "ddos_protection_mode": "VirtualNetworkInherited",
            "ddos_protection_plan_id": null,
            "domain_name_label": null,
            "domain_name_label_scope": null,
            "edge_zone": "",
            "fqdn": null,
            "id": "/subscriptions/f8cea8db-c84b-44eb-aa67-f8c938abbfda/resourceGroups/hashicorp-demo-servers-rg/providers/Microsoft.Network/publicIPAddresses/hashicorp-demo-vault-server-0-pip",
            "idle_timeout_in_minutes": 4,
            "ip_address": "52.142.249.228",
            "ip_tags": {},
            "ip_version": "IPv4",
            "location": "westeurope",
            "name": "hashicorp-demo-vault-server-0-pip",
            "public_ip_prefix_id": null,
            "resource_group_name": "hashicorp-demo-servers-rg",
            "reverse_fqdn": null,
            "sku": "Standard",
            "sku_tier": "Regional",
            "tags": {
              "CostCenter": "SpikeReply"
            },
            "timeouts": null,
            "zones": []
          },
          "sensitive_attributes": [],
          "identity_schema_version": 0,
          "private": "eyJlMmJmYjczMC1lY2FhLTExZTYtOGY4OC0zNDM2M2JjN2M0YzAiOnsiY3JlYXRlIjoxODAwMDAwMDAwMDAwLCJkZWxldGUiOjE4MDAwMDAwMDAwMDAsInJlYWQiOjMwMDAwMDAwMDAwMCwidXBkYXRlIjoxODAwMDAwMDAwMDAwfX0=",
          "dependencies": [
            "azurerm_resource_group.rg"
          ]
        }
      ]
    },
    {
      "mode": "managed",
      "type": "azurerm_resource_group",
      "name": "client_rgs",
      "provider": "provider[\"registry.terraform.io/hashicorp/azurerm\"]",
      "instances": [
        {
          "index_key": "primary-dc",
          "schema_version": 0,
          "attributes": {
            "id": "/subscriptions/f8cea8db-c84b-44eb-aa67-f8c938abbfda/resourceGroups/hashicorp-demo-primary-dc-rg",
            "location": "westeurope",
            "managed_by": "",
            "name": "hashicorp-demo-primary-dc-rg",
            "tags": {
              "CostCenter": "SpikeReply"
            },
            "timeouts": null
          },
          "sensitive_attributes": [],
          "identity_schema_version": 0,
          "private": "eyJlMmJmYjczMC1lY2FhLTExZTYtOGY4OC0zNDM2M2JjN2M0YzAiOnsiY3JlYXRlIjo1NDAwMDAwMDAwMDAwLCJkZWxldGUiOjU0MDAwMDAwMDAwMDAsInJlYWQiOjMwMDAwMDAwMDAwMCwidXBkYXRlIjo1NDAwMDAwMDAwMDAwfX0="
        },
        {
          "index_key": "secondary-dc",
          "schema_version": 0,
          "attributes": {
            "id": "/subscriptions/f8cea8db-c84b-44eb-aa67-f8c938abbfda/resourceGroups/hashicorp-demo-secondary-dc-rg",
            "location": "westeurope",
            "managed_by": "",
            "name": "hashicorp-demo-secondary-dc-rg",
            "tags": {
              "CostCenter": "SpikeReply"
            },
            "timeouts": null
          },
          "sensitive_attributes": [],
          "identity_schema_version": 0,
          "private": "eyJlMmJmYjczMC1lY2FhLTExZTYtOGY4OC0zNDM2M2JjN2M0YzAiOnsiY3JlYXRlIjo1NDAwMDAwMDAwMDAwLCJkZWxldGUiOjU0MDAwMDAwMDAwMDAsInJlYWQiOjMwMDAwMDAwMDAwMCwidXBkYXRlIjo1NDAwMDAwMDAwMDAwfX0="
        }
      ]
    },
    {
      "mode": "managed",
      "type": "azurerm_resource_group",
      "name": "rg",
      "provider": "provider[\"registry.terraform.io/hashicorp/azurerm\"]",
      "instances": [
        {
          "schema_version": 0,
          "attributes": {
            "id": "/subscriptions/f8cea8db-c84b-44eb-aa67-f8c938abbfda/resourceGroups/hashicorp-demo-servers-rg",
            "location": "westeurope",
            "managed_by": "",
            "name": "hashicorp-demo-servers-rg",
            "tags": {
              "CostCenter": "SpikeReply"
            },
            "timeouts": null
          },
          "sensitive_attributes": [],
          "identity_schema_version": 0,
          "private": "eyJlMmJmYjczMC1lY2FhLTExZTYtOGY4OC0zNDM2M2JjN2M0YzAiOnsiY3JlYXRlIjo1NDAwMDAwMDAwMDAwLCJkZWxldGUiOjU0MDAwMDAwMDAwMDAsInJlYWQiOjMwMDAwMDAwMDAwMCwidXBkYXRlIjo1NDAwMDAwMDAwMDAwfX0="
        }
      ]
    },
    {
      "mode": "managed",
      "type": "azurerm_subnet",
      "name": "client_subnets",
      "provider": "provider[\"registry.terraform.io/hashicorp/azurerm\"]",
      "instances": [
        {
          "index_key": "primary-dc",
          "schema_version": 0,
          "attributes": {
            "address_prefixes": [
              "10.100.1.0/24"
            ],
            "default_outbound_access_enabled": true,
            "delegation": [],
            "id": "/subscriptions/f8cea8db-c84b-44eb-aa67-f8c938abbfda/resourceGroups/hashicorp-demo-primary-dc-rg/providers/Microsoft.Network/virtualNetworks/hashicorp-demo-primary-dc-vnet/subnets/primary-dc-subnet",
            "ip_address_pool": [],
            "name": "primary-dc-subnet",
            "private_endpoint_network_policies": "Disabled",
            "private_link_service_network_policies_enabled": true,
            "resource_group_name": "hashicorp-demo-primary-dc-rg",
            "service_endpoint_policy_ids": [],
            "service_endpoints": [],
            "sharing_scope": "",
            "timeouts": null,
            "virtual_network_name": "hashicorp-demo-primary-dc-vnet"
          },
          "sensitive_attributes": [],
          "identity_schema_version": 0,
          "identity": {
            "name": "primary-dc-subnet",
            "resource_group_name": "hashicorp-demo-primary-dc-rg",
            "subscription_id": "f8cea8db-c84b-44eb-aa67-f8c938abbfda",
            "virtual_network_name": "hashicorp-demo-primary-dc-vnet"
          },
          "private": "eyJlMmJmYjczMC1lY2FhLTExZTYtOGY4OC0zNDM2M2JjN2M0YzAiOnsiY3JlYXRlIjoxODAwMDAwMDAwMDAwLCJkZWxldGUiOjE4MDAwMDAwMDAwMDAsInJlYWQiOjMwMDAwMDAwMDAwMCwidXBkYXRlIjoxODAwMDAwMDAwMDAwfX0=",
          "dependencies": [
            "azurerm_resource_group.client_rgs",
            "azurerm_virtual_network.client_vnets"
          ]
        },
        {
          "index_key": "secondary-dc",
          "schema_version": 0,
          "attributes": {
            "address_prefixes": [
              "10.200.1.0/24"
            ],
            "default_outbound_access_enabled": true,
            "delegation": [],
            "id": "/subscriptions/f8cea8db-c84b-44eb-aa67-f8c938abbfda/resourceGroups/hashicorp-demo-secondary-dc-rg/providers/Microsoft.Network/virtualNetworks/hashicorp-demo-secondary-dc-vnet/subnets/secondary-dc-subnet",
            "ip_address_pool": [],
            "name": "secondary-dc-subnet",
            "private_endpoint_network_policies": "Disabled",
            "private_link_service_network_policies_enabled": true,
            "resource_group_name": "hashicorp-demo-secondary-dc-rg",
            "service_endpoint_policy_ids": [],
            "service_endpoints": [],
            "sharing_scope": "",
            "timeouts": null,
            "virtual_network_name": "hashicorp-demo-secondary-dc-vnet"
          },
          "sensitive_attributes": [],
          "identity_schema_version": 0,
          "identity": {
            "name": "secondary-dc-subnet",
            "resource_group_name": "hashicorp-demo-secondary-dc-rg",
            "subscription_id": "f8cea8db-c84b-44eb-aa67-f8c938abbfda",
            "virtual_network_name": "hashicorp-demo-secondary-dc-vnet"
          },
          "private": "eyJlMmJmYjczMC1lY2FhLTExZTYtOGY4OC0zNDM2M2JjN2M0YzAiOnsiY3JlYXRlIjoxODAwMDAwMDAwMDAwLCJkZWxldGUiOjE4MDAwMDAwMDAwMDAsInJlYWQiOjMwMDAwMDAwMDAwMCwidXBkYXRlIjoxODAwMDAwMDAwMDAwfX0=",
          "dependencies": [
            "azurerm_resource_group.client_rgs",
            "azurerm_virtual_network.client_vnets"
          ]
        }
      ]
    },
    {
      "mode": "managed",
      "type": "azurerm_subnet",
      "name": "nomad_consul_subnet",
      "provider": "provider[\"registry.terraform.io/hashicorp/azurerm\"]",
      "instances": [
        {
          "schema_version": 0,
          "attributes": {
            "address_prefixes": [
              "10.0.2.0/24"
            ],
            "default_outbound_access_enabled": true,
            "delegation": [],
            "id": "/subscriptions/f8cea8db-c84b-44eb-aa67-f8c938abbfda/resourceGroups/hashicorp-demo-servers-rg/providers/Microsoft.Network/virtualNetworks/hashicorp-demo-server-vnet/subnets/nomad-consul-subnet",
            "ip_address_pool": [],
            "name": "nomad-consul-subnet",
            "private_endpoint_network_policies": "Disabled",
            "private_link_service_network_policies_enabled": true,
            "resource_group_name": "hashicorp-demo-servers-rg",
            "service_endpoint_policy_ids": [],
            "service_endpoints": [],
            "sharing_scope": "",
            "timeouts": null,
            "virtual_network_name": "hashicorp-demo-server-vnet"
          },
          "sensitive_attributes": [],
          "identity_schema_version": 0,
          "identity": {
            "name": "nomad-consul-subnet",
            "resource_group_name": "hashicorp-demo-servers-rg",
            "subscription_id": "f8cea8db-c84b-44eb-aa67-f8c938abbfda",
            "virtual_network_name": "hashicorp-demo-server-vnet"
          },
          "private": "eyJlMmJmYjczMC1lY2FhLTExZTYtOGY4OC0zNDM2M2JjN2M0YzAiOnsiY3JlYXRlIjoxODAwMDAwMDAwMDAwLCJkZWxldGUiOjE4MDAwMDAwMDAwMDAsInJlYWQiOjMwMDAwMDAwMDAwMCwidXBkYXRlIjoxODAwMDAwMDAwMDAwfX0=",
          "dependencies": [
            "azurerm_resource_group.rg",
            "azurerm_virtual_network.server_vnet"
          ]
        }
      ]
    },
    {
      "mode": "managed",
      "type": "azurerm_subnet",
      "name": "vault_subnet",
      "provider": "provider[\"registry.terraform.io/hashicorp/azurerm\"]",
      "instances": [
        {
          "schema_version": 0,
          "attributes": {
            "address_prefixes": [
              "10.0.1.0/24"
            ],
            "default_outbound_access_enabled": true,
            "delegation": [],
            "id": "/subscriptions/f8cea8db-c84b-44eb-aa67-f8c938abbfda/resourceGroups/hashicorp-demo-servers-rg/providers/Microsoft.Network/virtualNetworks/hashicorp-demo-server-vnet/subnets/vault-subnet",
            "ip_address_pool": [],
            "name": "vault-subnet",
            "private_endpoint_network_policies": "Disabled",
            "private_link_service_network_policies_enabled": true,
            "resource_group_name": "hashicorp-demo-servers-rg",
            "service_endpoint_policy_ids": [],
            "service_endpoints": [],
            "sharing_scope": "",
            "timeouts": null,
            "virtual_network_name": "hashicorp-demo-server-vnet"
          },
          "sensitive_attributes": [],
          "identity_schema_version": 0,
          "identity": {
            "name": "vault-subnet",
            "resource_group_name": "hashicorp-demo-servers-rg",
            "subscription_id": "f8cea8db-c84b-44eb-aa67-f8c938abbfda",
            "virtual_network_name": "hashicorp-demo-server-vnet"
          },
          "private": "eyJlMmJmYjczMC1lY2FhLTExZTYtOGY4OC0zNDM2M2JjN2M0YzAiOnsiY3JlYXRlIjoxODAwMDAwMDAwMDAwLCJkZWxldGUiOjE4MDAwMDAwMDAwMDAsInJlYWQiOjMwMDAwMDAwMDAwMCwidXBkYXRlIjoxODAwMDAwMDAwMDAwfX0=",
          "dependencies": [
            "azurerm_resource_group.rg",
            "azurerm_virtual_network.server_vnet"
          ]
        }
      ]
    },
    {
      "mode": "managed",
      "type": "azurerm_subnet_network_security_group_association",
      "name": "nomad_consul_nsg_assoc",
      "provider": "provider[\"registry.terraform.io/hashicorp/azurerm\"]",
      "instances": [
        {
          "schema_version": 0,
          "attributes": {
            "id": "/subscriptions/f8cea8db-c84b-44eb-aa67-f8c938abbfda/resourceGroups/hashicorp-demo-servers-rg/providers/Microsoft.Network/virtualNetworks/hashicorp-demo-server-vnet/subnets/nomad-consul-subnet",
            "network_security_group_id": "/subscriptions/f8cea8db-c84b-44eb-aa67-f8c938abbfda/resourceGroups/hashicorp-demo-servers-rg/providers/Microsoft.Network/networkSecurityGroups/hashicorp-demo-server-nsg",
            "subnet_id": "/subscriptions/f8cea8db-c84b-44eb-aa67-f8c938abbfda/resourceGroups/hashicorp-demo-servers-rg/providers/Microsoft.Network/virtualNetworks/hashicorp-demo-server-vnet/subnets/nomad-consul-subnet",
            "timeouts": null
          },
          "sensitive_attributes": [],
          "identity_schema_version": 0,
          "private": "eyJlMmJmYjczMC1lY2FhLTExZTYtOGY4OC0zNDM2M2JjN2M0YzAiOnsiY3JlYXRlIjoxODAwMDAwMDAwMDAwLCJkZWxldGUiOjE4MDAwMDAwMDAwMDAsInJlYWQiOjMwMDAwMDAwMDAwMH19",
          "dependencies": [
            "azurerm_network_security_group.server_nsg",
            "azurerm_resource_group.rg",
            "azurerm_subnet.nomad_consul_subnet",
            "azurerm_virtual_network.server_vnet"
          ]
        }
      ]
    },
    {
      "mode": "managed",
      "type": "azurerm_subnet_network_security_group_association",
      "name": "vault_nsg_assoc",
      "provider": "provider[\"registry.terraform.io/hashicorp/azurerm\"]",
      "instances": [
        {
          "schema_version": 0,
          "attributes": {
            "id": "/subscriptions/f8cea8db-c84b-44eb-aa67-f8c938abbfda/resourceGroups/hashicorp-demo-servers-rg/providers/Microsoft.Network/virtualNetworks/hashicorp-demo-server-vnet/subnets/vault-subnet",
            "network_security_group_id": "/subscriptions/f8cea8db-c84b-44eb-aa67-f8c938abbfda/resourceGroups/hashicorp-demo-servers-rg/providers/Microsoft.Network/networkSecurityGroups/hashicorp-demo-server-nsg",
            "subnet_id": "/subscriptions/f8cea8db-c84b-44eb-aa67-f8c938abbfda/resourceGroups/hashicorp-demo-servers-rg/providers/Microsoft.Network/virtualNetworks/hashicorp-demo-server-vnet/subnets/vault-subnet",
            "timeouts": null
          },
          "sensitive_attributes": [],
          "identity_schema_version": 0,
          "private": "eyJlMmJmYjczMC1lY2FhLTExZTYtOGY4OC0zNDM2M2JjN2M0YzAiOnsiY3JlYXRlIjoxODAwMDAwMDAwMDAwLCJkZWxldGUiOjE4MDAwMDAwMDAwMDAsInJlYWQiOjMwMDAwMDAwMDAwMH19",
          "dependencies": [
            "azurerm_network_security_group.server_nsg",
            "azurerm_resource_group.rg",
            "azurerm_subnet.vault_subnet",
            "azurerm_virtual_network.server_vnet"
          ]
        }
      ]
    },
    {
      "mode": "managed",
      "type": "azurerm_user_assigned_identity",
      "name": "vault_identity",
      "provider": "provider[\"registry.terraform.io/hashicorp/azurerm\"]",
      "instances": [
        {
          "schema_version": 1,
          "attributes": {
            "client_id": "90b49efc-46be-4772-8308-05108c995575",
            "id": "/subscriptions/f8cea8db-c84b-44eb-aa67-f8c938abbfda/resourceGroups/hashicorp-demo-servers-rg/providers/Microsoft.ManagedIdentity/userAssignedIdentities/hashicorp-demo-vault-identity",
            "location": "westeurope",
            "name": "hashicorp-demo-vault-identity",
            "principal_id": "8d5821cd-5e15-4987-9bb4-c84fcd645520",
            "resource_group_name": "hashicorp-demo-servers-rg",
            "tags": {
              "CostCenter": "SpikeReply"
            },
            "tenant_id": "b935a0ce-7b70-4fd0-8c66-ff0678334077",
            "timeouts": null
          },
          "sensitive_attributes": [],
          "identity_schema_version": 0,
          "private": "eyJlMmJmYjczMC1lY2FhLTExZTYtOGY4OC0zNDM2M2JjN2M0YzAiOnsiY3JlYXRlIjoxODAwMDAwMDAwMDAwLCJkZWxldGUiOjE4MDAwMDAwMDAwMDAsInJlYWQiOjMwMDAwMDAwMDAwMCwidXBkYXRlIjoxODAwMDAwMDAwMDAwfSwic2NoZW1hX3ZlcnNpb24iOiIxIn0=",
          "dependencies": [
            "azurerm_resource_group.rg"
          ]
        }
      ]
    },
    {
      "mode": "managed",
      "type": "azurerm_virtual_network",
      "name": "client_vnets",
      "provider": "provider[\"registry.terraform.io/hashicorp/azurerm\"]",
      "instances": [
        {
          "index_key": "primary-dc",
          "schema_version": 0,
          "attributes": {
            "address_space": [
              "10.100.0.0/16"
            ],
            "bgp_community": "",
            "ddos_protection_plan": [],
            "dns_servers": [],
            "edge_zone": "",
            "encryption": [],
            "flow_timeout_in_minutes": 0,
            "guid": "4d2aac6b-58f8-498c-97bc-ef65305ca857",
            "id": "/subscriptions/f8cea8db-c84b-44eb-aa67-f8c938abbfda/resourceGroups/hashicorp-demo-primary-dc-rg/providers/Microsoft.Network/virtualNetworks/hashicorp-demo-primary-dc-vnet",
            "ip_address_pool": [],
            "location": "westeurope",
            "name": "hashicorp-demo-primary-dc-vnet",
            "private_endpoint_vnet_policies": "Disabled",
            "resource_group_name": "hashicorp-demo-primary-dc-rg",
            "subnet": [
              {
                "address_prefixes": [
                  "10.100.1.0/24"
                ],
                "default_outbound_access_enabled": true,
                "delegation": [],
                "id": "/subscriptions/f8cea8db-c84b-44eb-aa67-f8c938abbfda/resourceGroups/hashicorp-demo-primary-dc-rg/providers/Microsoft.Network/virtualNetworks/hashicorp-demo-primary-dc-vnet/subnets/primary-dc-subnet",
                "name": "primary-dc-subnet",
                "private_endpoint_network_policies": "Disabled",
                "private_link_service_network_policies_enabled": true,
                "route_table_id": "",
                "security_group": "",
                "service_endpoint_policy_ids": [],
                "service_endpoints": []
              }
            ],
            "tags": {
              "CostCenter": "SpikeReply"
            },
            "timeouts": null
          },
          "sensitive_attributes": [],
          "identity_schema_version": 0,
          "identity": {
            "name": "hashicorp-demo-primary-dc-vnet",
            "resource_group_name": "hashicorp-demo-primary-dc-rg",
            "subscription_id": "f8cea8db-c84b-44eb-aa67-f8c938abbfda"
          },
          "private": "eyJlMmJmYjczMC1lY2FhLTExZTYtOGY4OC0zNDM2M2JjN2M0YzAiOnsiY3JlYXRlIjoxODAwMDAwMDAwMDAwLCJkZWxldGUiOjE4MDAwMDAwMDAwMDAsInJlYWQiOjMwMDAwMDAwMDAwMCwidXBkYXRlIjoxODAwMDAwMDAwMDAwfX0=",
          "dependencies": [
            "azurerm_resource_group.client_rgs"
          ]
        },
        {
          "index_key": "secondary-dc",
          "schema_version": 0,
          "attributes": {
            "address_space": [
              "10.200.0.0/16"
            ],
            "bgp_community": "",
            "ddos_protection_plan": [],
            "dns_servers": [],
            "edge_zone": "",
            "encryption": [],
            "flow_timeout_in_minutes": 0,
            "guid": "7a987273-6a30-4505-93fc-f8daf1855ec8",
            "id": "/subscriptions/f8cea8db-c84b-44eb-aa67-f8c938abbfda/resourceGroups/hashicorp-demo-secondary-dc-rg/providers/Microsoft.Network/virtualNetworks/hashicorp-demo-secondary-dc-vnet",
            "ip_address_pool": [],
            "location": "westeurope",
            "name": "hashicorp-demo-secondary-dc-vnet",
            "private_endpoint_vnet_policies": "Disabled",
            "resource_group_name": "hashicorp-demo-secondary-dc-rg",
            "subnet": [
              {
                "address_prefixes": [
                  "10.200.1.0/24"
                ],
                "default_outbound_access_enabled": true,
                "delegation": [],
                "id": "/subscriptions/f8cea8db-c84b-44eb-aa67-f8c938abbfda/resourceGroups/hashicorp-demo-secondary-dc-rg/providers/Microsoft.Network/virtualNetworks/hashicorp-demo-secondary-dc-vnet/subnets/secondary-dc-subnet",
                "name": "secondary-dc-subnet",
                "private_endpoint_network_policies": "Disabled",
                "private_link_service_network_policies_enabled": true,
                "route_table_id": "",
                "security_group": "",
                "service_endpoint_policy_ids": [],
                "service_endpoints": []
              }
            ],
            "tags": {
              "CostCenter": "SpikeReply"
            },
            "timeouts": null
          },
          "sensitive_attributes": [],
          "identity_schema_version": 0,
          "identity": {
            "name": "hashicorp-demo-secondary-dc-vnet",
            "resource_group_name": "hashicorp-demo-secondary-dc-rg",
            "subscription_id": "f8cea8db-c84b-44eb-aa67-f8c938abbfda"
          },
          "private": "eyJlMmJmYjczMC1lY2FhLTExZTYtOGY4OC0zNDM2M2JjN2M0YzAiOnsiY3JlYXRlIjoxODAwMDAwMDAwMDAwLCJkZWxldGUiOjE4MDAwMDAwMDAwMDAsInJlYWQiOjMwMDAwMDAwMDAwMCwidXBkYXRlIjoxODAwMDAwMDAwMDAwfX0=",
          "dependencies": [
            "azurerm_resource_group.client_rgs"
          ]
        }
      ]
    },
    {
      "mode": "managed",
      "type": "azurerm_virtual_network",
      "name": "server_vnet",
      "provider": "provider[\"registry.terraform.io/hashicorp/azurerm\"]",
      "instances": [
        {
          "schema_version": 0,
          "attributes": {
            "address_space": [
              "10.0.0.0/16"
            ],
            "bgp_community": "",
            "ddos_protection_plan": [],
            "dns_servers": [],
            "edge_zone": "",
            "encryption": [],
            "flow_timeout_in_minutes": 0,
            "guid": "91ca7cc6-88fa-4bf8-98c8-9e540039bbfb",
            "id": "/subscriptions/f8cea8db-c84b-44eb-aa67-f8c938abbfda/resourceGroups/hashicorp-demo-servers-rg/providers/Microsoft.Network/virtualNetworks/hashicorp-demo-server-vnet",
            "ip_address_pool": [],
            "location": "westeurope",
            "name": "hashicorp-demo-server-vnet",
            "private_endpoint_vnet_policies": "Disabled",
            "resource_group_name": "hashicorp-demo-servers-rg",
            "subnet": [
              {
                "address_prefixes": [
                  "10.0.1.0/24"
                ],
                "default_outbound_access_enabled": true,
                "delegation": [],
                "id": "/subscriptions/f8cea8db-c84b-44eb-aa67-f8c938abbfda/resourceGroups/hashicorp-demo-servers-rg/providers/Microsoft.Network/virtualNetworks/hashicorp-demo-server-vnet/subnets/vault-subnet",
                "name": "vault-subnet",
                "private_endpoint_network_policies": "Disabled",
                "private_link_service_network_policies_enabled": true,
                "route_table_id": "",
                "security_group": "/subscriptions/f8cea8db-c84b-44eb-aa67-f8c938abbfda/resourceGroups/hashicorp-demo-servers-rg/providers/Microsoft.Network/networkSecurityGroups/hashicorp-demo-server-nsg",
                "service_endpoint_policy_ids": [],
                "service_endpoints": []
              },
              {
                "address_prefixes": [
                  "10.0.2.0/24"
                ],
                "default_outbound_access_enabled": true,
                "delegation": [],
                "id": "/subscriptions/f8cea8db-c84b-44eb-aa67-f8c938abbfda/resourceGroups/hashicorp-demo-servers-rg/providers/Microsoft.Network/virtualNetworks/hashicorp-demo-server-vnet/subnets/nomad-consul-subnet",
                "name": "nomad-consul-subnet",
                "private_endpoint_network_policies": "Disabled",
                "private_link_service_network_policies_enabled": true,
                "route_table_id": "",
                "security_group": "/subscriptions/f8cea8db-c84b-44eb-aa67-f8c938abbfda/resourceGroups/hashicorp-demo-servers-rg/providers/Microsoft.Network/networkSecurityGroups/hashicorp-demo-server-nsg",
                "service_endpoint_policy_ids": [],
                "service_endpoints": []
              }
            ],
            "tags": {
              "CostCenter": "SpikeReply"
            },
            "timeouts": null
          },
          "sensitive_attributes": [],
          "identity_schema_version": 0,
          "identity": {
            "name": "hashicorp-demo-server-vnet",
            "resource_group_name": "hashicorp-demo-servers-rg",
            "subscription_id": "f8cea8db-c84b-44eb-aa67-f8c938abbfda"
          },
          "private": "eyJlMmJmYjczMC1lY2FhLTExZTYtOGY4OC0zNDM2M2JjN2M0YzAiOnsiY3JlYXRlIjoxODAwMDAwMDAwMDAwLCJkZWxldGUiOjE4MDAwMDAwMDAwMDAsInJlYWQiOjMwMDAwMDAwMDAwMCwidXBkYXRlIjoxODAwMDAwMDAwMDAwfX0=",
          "dependencies": [
            "azurerm_resource_group.rg"
          ]
        }
      ]
    },
    {
      "mode": "managed",
      "type": "azurerm_virtual_network_peering",
      "name": "clients_to_server",
      "provider": "provider[\"registry.terraform.io/hashicorp/azurerm\"]",
      "instances": [
        {
          "index_key": "primary-dc",
          "schema_version": 0,
          "attributes": {
            "allow_forwarded_traffic": false,
            "allow_gateway_transit": false,
            "allow_virtual_network_access": true,
            "id": "/subscriptions/f8cea8db-c84b-44eb-aa67-f8c938abbfda/resourceGroups/hashicorp-demo-primary-dc-rg/providers/Microsoft.Network/virtualNetworks/hashicorp-demo-primary-dc-vnet/virtualNetworkPeerings/peer-primary-dc-to-servers",
            "local_subnet_names": [],
            "name": "peer-primary-dc-to-servers",
            "only_ipv6_peering_enabled": false,
            "peer_complete_virtual_networks_enabled": true,
            "remote_subnet_names": [],
            "remote_virtual_network_id": "/subscriptions/f8cea8db-c84b-44eb-aa67-f8c938abbfda/resourceGroups/hashicorp-demo-servers-rg/providers/Microsoft.Network/virtualNetworks/hashicorp-demo-server-vnet",
            "resource_group_name": "hashicorp-demo-primary-dc-rg",
            "timeouts": null,
            "triggers": null,
            "use_remote_gateways": false,
            "virtual_network_name": "hashicorp-demo-primary-dc-vnet"
          },
          "sensitive_attributes": [],
          "identity_schema_version": 0,
          "private": "eyJlMmJmYjczMC1lY2FhLTExZTYtOGY4OC0zNDM2M2JjN2M0YzAiOnsiY3JlYXRlIjoxODAwMDAwMDAwMDAwLCJkZWxldGUiOjE4MDAwMDAwMDAwMDAsInJlYWQiOjMwMDAwMDAwMDAwMCwidXBkYXRlIjoxODAwMDAwMDAwMDAwfX0=",
          "dependencies": [
            "azurerm_resource_group.client_rgs",
            "azurerm_resource_group.rg",
            "azurerm_virtual_network.client_vnets",
            "azurerm_virtual_network.server_vnet"
          ]
        },
        {
          "index_key": "secondary-dc",
          "schema_version": 0,
          "attributes": {
            "allow_forwarded_traffic": false,
            "allow_gateway_transit": false,
            "allow_virtual_network_access": true,
            "id": "/subscriptions/f8cea8db-c84b-44eb-aa67-f8c938abbfda/resourceGroups/hashicorp-demo-secondary-dc-rg/providers/Microsoft.Network/virtualNetworks/hashicorp-demo-secondary-dc-vnet/virtualNetworkPeerings/peer-secondary-dc-to-servers",
            "local_subnet_names": [],
            "name": "peer-secondary-dc-to-servers",
            "only_ipv6_peering_enabled": false,
            "peer_complete_virtual_networks_enabled": true,
            "remote_subnet_names": [],
            "remote_virtual_network_id": "/subscriptions/f8cea8db-c84b-44eb-aa67-f8c938abbfda/resourceGroups/hashicorp-demo-servers-rg/providers/Microsoft.Network/virtualNetworks/hashicorp-demo-server-vnet",
            "resource_group_name": "hashicorp-demo-secondary-dc-rg",
            "timeouts": null,
            "triggers": null,
            "use_remote_gateways": false,
            "virtual_network_name": "hashicorp-demo-secondary-dc-vnet"
          },
          "sensitive_attributes": [],
          "identity_schema_version": 0,
          "private": "eyJlMmJmYjczMC1lY2FhLTExZTYtOGY4OC0zNDM2M2JjN2M0YzAiOnsiY3JlYXRlIjoxODAwMDAwMDAwMDAwLCJkZWxldGUiOjE4MDAwMDAwMDAwMDAsInJlYWQiOjMwMDAwMDAwMDAwMCwidXBkYXRlIjoxODAwMDAwMDAwMDAwfX0=",
          "dependencies": [
            "azurerm_resource_group.client_rgs",
            "azurerm_resource_group.rg",
            "azurerm_virtual_network.client_vnets",
            "azurerm_virtual_network.server_vnet"
          ]
        }
      ]
    },
    {
      "mode": "managed",
      "type": "azurerm_virtual_network_peering",
      "name": "server_to_clients",
      "provider": "provider[\"registry.terraform.io/hashicorp/azurerm\"]",
      "instances": [
        {
          "index_key": "primary-dc",
          "schema_version": 0,
          "attributes": {
            "allow_forwarded_traffic": false,
            "allow_gateway_transit": false,
            "allow_virtual_network_access": true,
            "id": "/subscriptions/f8cea8db-c84b-44eb-aa67-f8c938abbfda/resourceGroups/hashicorp-demo-servers-rg/providers/Microsoft.Network/virtualNetworks/hashicorp-demo-server-vnet/virtualNetworkPeerings/peer-servers-to-primary-dc",
            "local_subnet_names": [],
            "name": "peer-servers-to-primary-dc",
            "only_ipv6_peering_enabled": false,
            "peer_complete_virtual_networks_enabled": true,
            "remote_subnet_names": [],
            "remote_virtual_network_id": "/subscriptions/f8cea8db-c84b-44eb-aa67-f8c938abbfda/resourceGroups/hashicorp-demo-primary-dc-rg/providers/Microsoft.Network/virtualNetworks/hashicorp-demo-primary-dc-vnet",
            "resource_group_name": "hashicorp-demo-servers-rg",
            "timeouts": null,
            "triggers": null,
            "use_remote_gateways": false,
            "virtual_network_name": "hashicorp-demo-server-vnet"
          },
          "sensitive_attributes": [],
          "identity_schema_version": 0,
          "private": "eyJlMmJmYjczMC1lY2FhLTExZTYtOGY4OC0zNDM2M2JjN2M0YzAiOnsiY3JlYXRlIjoxODAwMDAwMDAwMDAwLCJkZWxldGUiOjE4MDAwMDAwMDAwMDAsInJlYWQiOjMwMDAwMDAwMDAwMCwidXBkYXRlIjoxODAwMDAwMDAwMDAwfX0=",
          "dependencies": [
            "azurerm_resource_group.client_rgs",
            "azurerm_resource_group.rg",
            "azurerm_virtual_network.client_vnets",
            "azurerm_virtual_network.server_vnet"
          ]
        },
        {
          "index_key": "secondary-dc",
          "schema_version": 0,
          "attributes": {
            "allow_forwarded_traffic": false,
            "allow_gateway_transit": false,
            "allow_virtual_network_access": true,
            "id": "/subscriptions/f8cea8db-c84b-44eb-aa67-f8c938abbfda/resourceGroups/hashicorp-demo-servers-rg/providers/Microsoft.Network/virtualNetworks/hashicorp-demo-server-vnet/virtualNetworkPeerings/peer-servers-to-secondary-dc",
            "local_subnet_names": [],
            "name": "peer-servers-to-secondary-dc",
            "only_ipv6_peering_enabled": false,
            "peer_complete_virtual_networks_enabled": true,
            "remote_subnet_names": [],
            "remote_virtual_network_id": "/subscriptions/f8cea8db-c84b-44eb-aa67-f8c938abbfda/resourceGroups/hashicorp-demo-secondary-dc-rg/providers/Microsoft.Network/virtualNetworks/hashicorp-demo-secondary-dc-vnet",
            "resource_group_name": "hashicorp-demo-servers-rg",
            "timeouts": null,
            "triggers": null,
            "use_remote_gateways": false,
            "virtual_network_name": "hashicorp-demo-server-vnet"
          },
          "sensitive_attributes": [],
          "identity_schema_version": 0,
          "private": "eyJlMmJmYjczMC1lY2FhLTExZTYtOGY4OC0zNDM2M2JjN2M0YzAiOnsiY3JlYXRlIjoxODAwMDAwMDAwMDAwLCJkZWxldGUiOjE4MDAwMDAwMDAwMDAsInJlYWQiOjMwMDAwMDAwMDAwMCwidXBkYXRlIjoxODAwMDAwMDAwMDAwfX0=",
          "dependencies": [
            "azurerm_resource_group.client_rgs",
            "azurerm_resource_group.rg",
            "azurerm_virtual_network.client_vnets",
            "azurerm_virtual_network.server_vnet"
          ]
        }
      ]
    },
    {
      "mode": "managed",
      "type": "random_string",
      "name": "unique",
      "provider": "provider[\"registry.terraform.io/hashicorp/random\"]",
      "instances": [
        {
          "schema_version": 2,
          "attributes": {
            "id": "5nv4",
            "keepers": null,
            "length": 4,
            "lower": true,
            "min_lower": 0,
            "min_numeric": 0,
            "min_special": 0,
            "min_upper": 0,
            "number": true,
            "numeric": true,
            "override_special": null,
            "result": "5nv4",
            "special": false,
            "upper": false
          },
          "sensitive_attributes": [],
          "identity_schema_version": 0
        }
      ]
    }
  ],
  "check_results": [
    {
      "object_kind": "var",
      "config_addr": "var.vault_server_count",
      "status": "pass",
      "objects": [
        {
          "object_addr": "var.vault_server_count",
          "status": "pass"
        }
      ]
    },
    {
      "object_kind": "var",
      "config_addr": "var.nomad_consul_server_count",
      "status": "pass",
      "objects": [
        {
          "object_addr": "var.nomad_consul_server_count",
          "status": "pass"
        }
      ]
    }
  ]
}
