{
  "version": 4,
  "terraform_version": "1.13.1",
  "serial": 286,
  "lineage": "50b27db4-6f54-eebc-50ac-ea429b2fdda3",
  "outputs": {
    "datacenter_lb_ids": {
      "value": {},
      "type": [
        "object",
        {}
      ]
    },
    "datacenter_vmss_ids": {
      "value": {
        "0": "/subscriptions/f8cea8db-c84b-44eb-aa67-f8c938abbfda/resourceGroups/rg-clients/providers/Microsoft.Compute/virtualMachineScaleSets/vmss-dc-0"
      },
      "type": [
        "object",
        {
          "0": "string"
        }
      ]
    },
    "key_vault_uri": {
      "value": "https://kv-hashi-infra-b9tvnyzu.vault.azure.net/",
      "type": "string"
    },
    "nomad_consul_vmss_id": {
      "value": "/subscriptions/f8cea8db-c84b-44eb-aa67-f8c938abbfda/resourceGroups/rg-nomad-consul/providers/Microsoft.Compute/virtualMachineScaleSets/vmss-nomad-consul",
      "type": "string"
    },
    "resource_groups": {
      "value": {
        "clients": "rg-clients",
        "keyvault": "rg-keyvault",
        "nomad_consul": "rg-nomad-consul",
        "vault": "rg-vault"
      },
      "type": [
        "object",
        {
          "clients": "string",
          "keyvault": "string",
          "nomad_consul": "string",
          "vault": "string"
        }
      ]
    },
    "vault_lb_id": {
      "value": "/subscriptions/f8cea8db-c84b-44eb-aa67-f8c938abbfda/resourceGroups/rg-vault/providers/Microsoft.Network/loadBalancers/lb-vault-internal",
      "type": "string"
    },
    "vault_unseal_key_id": {
      "value": "https://kv-hashi-infra-b9tvnyzu.vault.azure.net/keys/vault-seal-key/4ff88349193d420e91d878487814e2e9",
      "type": "string"
    },
    "vault_vmss_id": {
      "value": "/subscriptions/f8cea8db-c84b-44eb-aa67-f8c938abbfda/resourceGroups/rg-vault/providers/Microsoft.Compute/virtualMachineScaleSets/vmss-vault",
      "type": "string"
    }
  },
  "resources": [
    {
      "mode": "data",
      "type": "azurerm_client_config",
      "name": "current",
      "provider": "provider[\"registry.terraform.io/hashicorp/azurerm\"]",
      "instances": [
        {
          "schema_version": 0,
          "attributes": {
            "client_id": "04b07795-8ddb-461a-bbee-02f9e1bf7b46",
            "id": "Y2xpZW50Q29uZmlncy9jbGllbnRJZD0wNGIwNzc5NS04ZGRiLTQ2MWEtYmJlZS0wMmY5ZTFiZjdiNDY7b2JqZWN0SWQ9YWNmNmEwYTQtZGM4NC00OGQwLWI5NWEtZWRmNDgyN2M4ZmRjO3N1YnNjcmlwdGlvbklkPWY4Y2VhOGRiLWM4NGItNDRlYi1hYTY3LWY4YzkzOGFiYmZkYTt0ZW5hbnRJZD1iOTM1YTBjZS03YjcwLTRmZDAtOGM2Ni1mZjA2NzgzMzQwNzc=",
            "object_id": "acf6a0a4-dc84-48d0-b95a-edf4827c8fdc",
            "subscription_id": "f8cea8db-c84b-44eb-aa67-f8c938abbfda",
            "tenant_id": "b935a0ce-7b70-4fd0-8c66-ff0678334077",
            "timeouts": null
          },
          "sensitive_attributes": [],
          "identity_schema_version": 0
        }
      ]
    },
    {
      "mode": "managed",
      "type": "azurerm_key_vault",
      "name": "main",
      "provider": "provider[\"registry.terraform.io/hashicorp/azurerm\"]",
      "instances": [
        {
          "schema_version": 2,
          "attributes": {
            "access_policy": [
              {
                "application_id": "",
                "certificate_permissions": [],
                "key_permissions": [
                  "Get",
                  "Create",
                  "Delete",
                  "List",
                  "Update",
                  "Import",
                  "Backup",
                  "Restore",
                  "Recover",
                  "Purge",
                  "GetRotationPolicy",
                  "Purge"
                ],
                "object_id": "acf6a0a4-dc84-48d0-b95a-edf4827c8fdc",
                "secret_permissions": [
                  "Get",
                  "List",
                  "Set",
                  "Delete"
                ],
                "storage_permissions": [],
                "tenant_id": "b935a0ce-7b70-4fd0-8c66-ff0678334077"
              }
            ],
            "contact": [],
            "enable_rbac_authorization": false,
            "enabled_for_deployment": false,
            "enabled_for_disk_encryption": false,
            "enabled_for_template_deployment": false,
            "id": "/subscriptions/f8cea8db-c84b-44eb-aa67-f8c938abbfda/resourceGroups/rg-keyvault/providers/Microsoft.KeyVault/vaults/kv-hashi-infra-b9tvnyzu",
            "location": "westeurope",
            "name": "kv-hashi-infra-b9tvnyzu",
            "network_acls": [
              {
                "bypass": "AzureServices",
                "default_action": "Allow",
                "ip_rules": [],
                "virtual_network_subnet_ids": []
              }
            ],
            "public_network_access_enabled": true,
            "purge_protection_enabled": false,
            "resource_group_name": "rg-keyvault",
            "sku_name": "standard",
            "soft_delete_retention_days": 90,
            "tags": {
              "CostCenter": "SpikeReply",
              "Environment": "dev",
              "Phase": "1-infra-only",
              "Project": "hashi-infra"
            },
            "tenant_id": "b935a0ce-7b70-4fd0-8c66-ff0678334077",
            "timeouts": null,
            "vault_uri": "https://kv-hashi-infra-b9tvnyzu.vault.azure.net/"
          },
          "sensitive_attributes": [],
          "identity_schema_version": 0,
          "private": "eyJlMmJmYjczMC1lY2FhLTExZTYtOGY4OC0zNDM2M2JjN2M0YzAiOnsiY3JlYXRlIjoxODAwMDAwMDAwMDAwLCJkZWxldGUiOjE4MDAwMDAwMDAwMDAsInJlYWQiOjMwMDAwMDAwMDAwMCwidXBkYXRlIjoxODAwMDAwMDAwMDAwfSwic2NoZW1hX3ZlcnNpb24iOiIyIn0=",
          "dependencies": [
            "azurerm_resource_group.keyvault_rg",
            "data.azurerm_client_config.current",
            "random_string.suffix"
          ]
        }
      ]
    },
    {
      "mode": "managed",
      "type": "azurerm_key_vault_access_policy",
      "name": "vault_vmss_access",
      "provider": "provider[\"registry.terraform.io/hashicorp/azurerm\"]",
      "instances": [
        {
          "schema_version": 0,
          "attributes": {
            "application_id": null,
            "certificate_permissions": null,
            "id": "/subscriptions/f8cea8db-c84b-44eb-aa67-f8c938abbfda/resourceGroups/rg-keyvault/providers/Microsoft.KeyVault/vaults/kv-hashi-infra-b9tvnyzu/objectId/e5f3c043-34b3-496a-b16b-88e4f2d3bd6c",
            "key_permissions": [
              "Get",
              "WrapKey",
              "UnwrapKey"
            ],
            "key_vault_id": "/subscriptions/f8cea8db-c84b-44eb-aa67-f8c938abbfda/resourceGroups/rg-keyvault/providers/Microsoft.KeyVault/vaults/kv-hashi-infra-b9tvnyzu",
            "object_id": "e5f3c043-34b3-496a-b16b-88e4f2d3bd6c",
            "secret_permissions": null,
            "storage_permissions": null,
            "tenant_id": "b935a0ce-7b70-4fd0-8c66-ff0678334077",
            "timeouts": null
          },
          "sensitive_attributes": [],
          "identity_schema_version": 0,
          "private": "eyJlMmJmYjczMC1lY2FhLTExZTYtOGY4OC0zNDM2M2JjN2M0YzAiOnsiY3JlYXRlIjoxODAwMDAwMDAwMDAwLCJkZWxldGUiOjE4MDAwMDAwMDAwMDAsInJlYWQiOjMwMDAwMDAwMDAwMCwidXBkYXRlIjoxODAwMDAwMDAwMDAwfX0=",
          "dependencies": [
            "azurerm_key_vault.main",
            "azurerm_key_vault_key.vault_unseal_key",
            "azurerm_lb.vault_lb",
            "azurerm_lb_backend_address_pool.vault_backend",
            "azurerm_linux_virtual_machine_scale_set.vault_vmss",
            "azurerm_resource_group.keyvault_rg",
            "azurerm_resource_group.vault_rg",
            "azurerm_subnet.vault_subnet",
            "azurerm_virtual_network.vault_vnet",
            "data.azurerm_client_config.current",
            "random_string.suffix"
          ]
        }
      ]
    },
    {
      "mode": "managed",
      "type": "azurerm_key_vault_key",
      "name": "vault_unseal_key",
      "provider": "provider[\"registry.terraform.io/hashicorp/azurerm\"]",
      "instances": [
        {
          "schema_version": 0,
          "attributes": {
            "curve": "",
            "e": "AQAB",
            "expiration_date": null,
            "id": "https://kv-hashi-infra-b9tvnyzu.vault.azure.net/keys/vault-seal-key/4ff88349193d420e91d878487814e2e9",
            "key_opts": [
              "unwrapKey",
              "wrapKey"
            ],
            "key_size": 2048,
            "key_type": "RSA",
            "key_vault_id": "/subscriptions/f8cea8db-c84b-44eb-aa67-f8c938abbfda/resourceGroups/rg-keyvault/providers/Microsoft.KeyVault/vaults/kv-hashi-infra-b9tvnyzu",
            "n": "y24ixAfbBsrTVVOSeW9lMAaDL8o53CviQ28SxshLks9RO4VdOIog-us3aVdDECjyFf7d0m8Zh8fKo-YtNHyN6O8igkmnER7Gm3AEpNVinhXHwey88rv5lU2BYd1Zzbcw4xD_8GD8EdKRLxUSAEOHIMVdLP9ZRHFHyKf7xxr_Dmm6BbsrlsYt3fNbJ-tBf-f2L0Zrgi0mdaTHyU3K4bhlMj_AXO8MZZeMmn05cPXvI3FgwWYmWs5OqD9v7w74nG0q46E2i6RFdanSEmFttGrHrjRHvt-xQvF-puHSyBujaUXCwY64PhfeetuN7xCaRzcv88DwOLybsihgNU2PLxiwIQ",
            "name": "vault-seal-key",
            "not_before_date": null,
            "public_key_openssh": "ssh-rsa AAAAB3NzaC1yc2EAAAADAQABAAABAQDLbiLEB9sGytNVU5J5b2UwBoMvyjncK+JDbxLGyEuSz1E7hV04iiD66zdpV0MQKPIV/t3SbxmHx8qj5i00fI3o7yKCSacRHsabcASk1WKeFcfB7Lzyu/mVTYFh3VnNtzDjEP/wYPwR0pEvFRIAQ4cgxV0s/1lEcUfIp/vHGv8OaboFuyuWxi3d81sn60F/5/YvRmuCLSZ1pMfJTcrhuGUyP8Bc7wxll4yafTlw9e8jcWDBZiZazk6oP2/vDvicbSrjoTaLpEV1qdISYW20aseuNEe+37FC8X6m4dLIG6NpRcLBjrg+F956243vEJpHNy/zwPA4vJuyKGA1TY8vGLAh\n",
            "public_key_pem": "-----BEGIN PUBLIC KEY-----\nMIIBIjANBgkqhkiG9w0BAQEFAAOCAQ8AMIIBCgKCAQEAy24ixAfbBsrTVVOSeW9l\nMAaDL8o53CviQ28SxshLks9RO4VdOIog+us3aVdDECjyFf7d0m8Zh8fKo+YtNHyN\n6O8igkmnER7Gm3AEpNVinhXHwey88rv5lU2BYd1Zzbcw4xD/8GD8EdKRLxUSAEOH\nIMVdLP9ZRHFHyKf7xxr/Dmm6BbsrlsYt3fNbJ+tBf+f2L0Zrgi0mdaTHyU3K4bhl\nMj/AXO8MZZeMmn05cPXvI3FgwWYmWs5OqD9v7w74nG0q46E2i6RFdanSEmFttGrH\nrjRHvt+xQvF+puHSyBujaUXCwY64PhfeetuN7xCaRzcv88DwOLybsihgNU2PLxiw\nIQIDAQAB\n-----END PUBLIC KEY-----\n",
            "resource_id": "/subscriptions/f8cea8db-c84b-44eb-aa67-f8c938abbfda/resourceGroups/rg-keyvault/providers/Microsoft.KeyVault/vaults/kv-hashi-infra-b9tvnyzu/keys/vault-seal-key/versions/4ff88349193d420e91d878487814e2e9",
            "resource_versionless_id": "/subscriptions/f8cea8db-c84b-44eb-aa67-f8c938abbfda/resourceGroups/rg-keyvault/providers/Microsoft.KeyVault/vaults/kv-hashi-infra-b9tvnyzu/keys/vault-seal-key",
            "rotation_policy": [],
            "tags": {},
            "timeouts": null,
            "version": "4ff88349193d420e91d878487814e2e9",
            "versionless_id": "https://kv-hashi-infra-b9tvnyzu.vault.azure.net/keys/vault-seal-key",
            "x": "",
            "y": ""
          },
          "sensitive_attributes": [],
          "identity_schema_version": 0,
          "private": "eyJlMmJmYjczMC1lY2FhLTExZTYtOGY4OC0zNDM2M2JjN2M0YzAiOnsiY3JlYXRlIjoxODAwMDAwMDAwMDAwLCJkZWxldGUiOjE4MDAwMDAwMDAwMDAsInJlYWQiOjE4MDAwMDAwMDAwMDAsInVwZGF0ZSI6MTgwMDAwMDAwMDAwMH19",
          "dependencies": [
            "azurerm_key_vault.main",
            "azurerm_resource_group.keyvault_rg",
            "data.azurerm_client_config.current",
            "random_string.suffix"
          ]
        }
      ]
    },
    {
      "mode": "managed",
      "type": "azurerm_lb",
      "name": "datacenter_lb",
      "provider": "provider[\"registry.terraform.io/hashicorp/azurerm\"]",
      "instances": []
    },
    {
      "mode": "managed",
      "type": "azurerm_lb",
      "name": "nomad_consul_lb",
      "provider": "provider[\"registry.terraform.io/hashicorp/azurerm\"]",
      "instances": []
    },
    {
      "mode": "managed",
      "type": "azurerm_lb",
      "name": "vault_lb",
      "provider": "provider[\"registry.terraform.io/hashicorp/azurerm\"]",
      "instances": [
        {
          "index_key": 0,
          "schema_version": 0,
          "attributes": {
            "edge_zone": "",
            "frontend_ip_configuration": [
              {
                "gateway_load_balancer_frontend_ip_configuration_id": "",
                "id": "/subscriptions/f8cea8db-c84b-44eb-aa67-f8c938abbfda/resourceGroups/rg-vault/providers/Microsoft.Network/loadBalancers/lb-vault-internal/frontendIPConfigurations/internal",
                "inbound_nat_rules": [],
                "load_balancer_rules": [
                  "/subscriptions/f8cea8db-c84b-44eb-aa67-f8c938abbfda/resourceGroups/rg-vault/providers/Microsoft.Network/loadBalancers/lb-vault-internal/loadBalancingRules/vault-rule"
                ],
                "name": "internal",
                "outbound_rules": [],
                "private_ip_address": "10.0.1.10",
                "private_ip_address_allocation": "Static",
                "private_ip_address_version": "IPv4",
                "public_ip_address_id": "",
                "public_ip_prefix_id": "",
                "subnet_id": "/subscriptions/f8cea8db-c84b-44eb-aa67-f8c938abbfda/resourceGroups/rg-vault/providers/Microsoft.Network/virtualNetworks/vnet-vault/subnets/snet-vault",
                "zones": []
              }
            ],
            "id": "/subscriptions/f8cea8db-c84b-44eb-aa67-f8c938abbfda/resourceGroups/rg-vault/providers/Microsoft.Network/loadBalancers/lb-vault-internal",
            "location": "westeurope",
            "name": "lb-vault-internal",
            "private_ip_address": "10.0.1.10",
            "private_ip_addresses": [
              "10.0.1.10"
            ],
            "resource_group_name": "rg-vault",
            "sku": "Basic",
            "sku_tier": "Regional",
            "tags": {
              "CostCenter": "SpikeReply",
              "Environment": "dev",
              "Phase": "1-infra-only",
              "Project": "hashi-infra"
            },
            "timeouts": null
          },
          "sensitive_attributes": [],
          "identity_schema_version": 0,
          "private": "eyJlMmJmYjczMC1lY2FhLTExZTYtOGY4OC0zNDM2M2JjN2M0YzAiOnsiY3JlYXRlIjoxODAwMDAwMDAwMDAwLCJkZWxldGUiOjE4MDAwMDAwMDAwMDAsInJlYWQiOjMwMDAwMDAwMDAwMCwidXBkYXRlIjoxODAwMDAwMDAwMDAwfX0=",
          "dependencies": [
            "azurerm_resource_group.vault_rg",
            "azurerm_subnet.vault_subnet",
            "azurerm_virtual_network.vault_vnet"
          ]
        }
      ]
    },
    {
      "mode": "managed",
      "type": "azurerm_lb_backend_address_pool",
      "name": "datacenter_backend",
      "provider": "provider[\"registry.terraform.io/hashicorp/azurerm\"]",
      "instances": []
    },
    {
      "mode": "managed",
      "type": "azurerm_lb_backend_address_pool",
      "name": "nomad_consul_backend",
      "provider": "provider[\"registry.terraform.io/hashicorp/azurerm\"]",
      "instances": []
    },
    {
      "mode": "managed",
      "type": "azurerm_lb_backend_address_pool",
      "name": "vault_backend",
      "provider": "provider[\"registry.terraform.io/hashicorp/azurerm\"]",
      "instances": [
        {
          "index_key": 0,
          "schema_version": 0,
          "attributes": {
            "backend_ip_configurations": [],
            "id": "/subscriptions/f8cea8db-c84b-44eb-aa67-f8c938abbfda/resourceGroups/rg-vault/providers/Microsoft.Network/loadBalancers/lb-vault-internal/backendAddressPools/backend-vault",
            "inbound_nat_rules": [],
            "load_balancing_rules": [
              "/subscriptions/f8cea8db-c84b-44eb-aa67-f8c938abbfda/resourceGroups/rg-vault/providers/Microsoft.Network/loadBalancers/lb-vault-internal/loadBalancingRules/vault-rule"
            ],
            "loadbalancer_id": "/subscriptions/f8cea8db-c84b-44eb-aa67-f8c938abbfda/resourceGroups/rg-vault/providers/Microsoft.Network/loadBalancers/lb-vault-internal",
            "name": "backend-vault",
            "outbound_rules": [],
            "synchronous_mode": "",
            "timeouts": null,
            "tunnel_interface": [],
            "virtual_network_id": ""
          },
          "sensitive_attributes": [],
          "identity_schema_version": 0,
          "private": "eyJlMmJmYjczMC1lY2FhLTExZTYtOGY4OC0zNDM2M2JjN2M0YzAiOnsiY3JlYXRlIjoxODAwMDAwMDAwMDAwLCJkZWxldGUiOjE4MDAwMDAwMDAwMDAsInJlYWQiOjMwMDAwMDAwMDAwMCwidXBkYXRlIjoxODAwMDAwMDAwMDAwfX0=",
          "dependencies": [
            "azurerm_lb.vault_lb",
            "azurerm_resource_group.vault_rg",
            "azurerm_subnet.vault_subnet",
            "azurerm_virtual_network.vault_vnet"
          ]
        }
      ]
    },
    {
      "mode": "managed",
      "type": "azurerm_lb_probe",
      "name": "datacenter_probe",
      "provider": "provider[\"registry.terraform.io/hashicorp/azurerm\"]",
      "instances": []
    },
    {
      "mode": "managed",
      "type": "azurerm_lb_probe",
      "name": "nomad_probe",
      "provider": "provider[\"registry.terraform.io/hashicorp/azurerm\"]",
      "instances": []
    },
    {
      "mode": "managed",
      "type": "azurerm_lb_probe",
      "name": "vault_probe",
      "provider": "provider[\"registry.terraform.io/hashicorp/azurerm\"]",
      "instances": [
        {
          "index_key": 0,
          "schema_version": 0,
          "attributes": {
            "id": "/subscriptions/f8cea8db-c84b-44eb-aa67-f8c938abbfda/resourceGroups/rg-vault/providers/Microsoft.Network/loadBalancers/lb-vault-internal/probes/tcp-probe",
            "interval_in_seconds": 15,
            "load_balancer_rules": [
              "/subscriptions/f8cea8db-c84b-44eb-aa67-f8c938abbfda/resourceGroups/rg-vault/providers/Microsoft.Network/loadBalancers/lb-vault-internal/loadBalancingRules/vault-rule"
            ],
            "loadbalancer_id": "/subscriptions/f8cea8db-c84b-44eb-aa67-f8c938abbfda/resourceGroups/rg-vault/providers/Microsoft.Network/loadBalancers/lb-vault-internal",
            "name": "tcp-probe",
            "number_of_probes": 2,
            "port": 8200,
            "probe_threshold": 1,
            "protocol": "Tcp",
            "request_path": "",
            "timeouts": null
          },
          "sensitive_attributes": [],
          "identity_schema_version": 0,
          "private": "eyJlMmJmYjczMC1lY2FhLTExZTYtOGY4OC0zNDM2M2JjN2M0YzAiOnsiY3JlYXRlIjoxODAwMDAwMDAwMDAwLCJkZWxldGUiOjE4MDAwMDAwMDAwMDAsInJlYWQiOjMwMDAwMDAwMDAwMCwidXBkYXRlIjoxODAwMDAwMDAwMDAwfX0=",
          "dependencies": [
            "azurerm_lb.vault_lb",
            "azurerm_resource_group.vault_rg",
            "azurerm_subnet.vault_subnet",
            "azurerm_virtual_network.vault_vnet"
          ]
        }
      ]
    },
    {
      "mode": "managed",
      "type": "azurerm_lb_rule",
      "name": "datacenter_rule",
      "provider": "provider[\"registry.terraform.io/hashicorp/azurerm\"]",
      "instances": []
    },
    {
      "mode": "managed",
      "type": "azurerm_lb_rule",
      "name": "nomad_rule",
      "provider": "provider[\"registry.terraform.io/hashicorp/azurerm\"]",
      "instances": []
    },
    {
      "mode": "managed",
      "type": "azurerm_lb_rule",
      "name": "vault_rule",
      "provider": "provider[\"registry.terraform.io/hashicorp/azurerm\"]",
      "instances": [
        {
          "index_key": 0,
          "schema_version": 0,
          "attributes": {
            "backend_address_pool_ids": [
              "/subscriptions/f8cea8db-c84b-44eb-aa67-f8c938abbfda/resourceGroups/rg-vault/providers/Microsoft.Network/loadBalancers/lb-vault-internal/backendAddressPools/backend-vault"
            ],
            "backend_port": 8200,
            "disable_outbound_snat": false,
            "enable_floating_ip": false,
            "enable_tcp_reset": false,
            "frontend_ip_configuration_id": "/subscriptions/f8cea8db-c84b-44eb-aa67-f8c938abbfda/resourceGroups/rg-vault/providers/Microsoft.Network/loadBalancers/lb-vault-internal/frontendIPConfigurations/internal",
            "frontend_ip_configuration_name": "internal",
            "frontend_port": 8200,
            "id": "/subscriptions/f8cea8db-c84b-44eb-aa67-f8c938abbfda/resourceGroups/rg-vault/providers/Microsoft.Network/loadBalancers/lb-vault-internal/loadBalancingRules/vault-rule",
            "idle_timeout_in_minutes": 4,
            "load_distribution": "Default",
            "loadbalancer_id": "/subscriptions/f8cea8db-c84b-44eb-aa67-f8c938abbfda/resourceGroups/rg-vault/providers/Microsoft.Network/loadBalancers/lb-vault-internal",
            "name": "vault-rule",
            "probe_id": "/subscriptions/f8cea8db-c84b-44eb-aa67-f8c938abbfda/resourceGroups/rg-vault/providers/Microsoft.Network/loadBalancers/lb-vault-internal/probes/tcp-probe",
            "protocol": "Tcp",
            "timeouts": null
          },
          "sensitive_attributes": [],
          "identity_schema_version": 0,
          "private": "eyJlMmJmYjczMC1lY2FhLTExZTYtOGY4OC0zNDM2M2JjN2M0YzAiOnsiY3JlYXRlIjoxODAwMDAwMDAwMDAwLCJkZWxldGUiOjE4MDAwMDAwMDAwMDAsInJlYWQiOjMwMDAwMDAwMDAwMCwidXBkYXRlIjoxODAwMDAwMDAwMDAwfX0=",
          "dependencies": [
            "azurerm_lb.vault_lb",
            "azurerm_lb_backend_address_pool.vault_backend",
            "azurerm_lb_probe.vault_probe",
            "azurerm_resource_group.vault_rg",
            "azurerm_subnet.vault_subnet",
            "azurerm_virtual_network.vault_vnet"
          ]
        }
      ]
    },
    {
      "mode": "managed",
      "type": "azurerm_linux_virtual_machine_scale_set",
      "name": "datacenter_vmss",
      "provider": "provider[\"registry.terraform.io/hashicorp/azurerm\"]",
      "instances": [
        {
          "index_key": "0",
          "schema_version": 0,
          "attributes": {
            "additional_capabilities": [],
            "admin_password": "YourSecurePassword123!",
            "admin_ssh_key": [],
            "admin_username": "azureuser",
            "automatic_instance_repair": [],
            "automatic_os_upgrade_policy": [],
            "boot_diagnostics": [],
            "capacity_reservation_group_id": "",
            "computer_name_prefix": "vmss-dc-0",
            "custom_data": null,
            "data_disk": [],
            "disable_password_authentication": false,
            "do_not_run_extensions_on_overprovisioned_machines": false,
            "edge_zone": "",
            "encryption_at_host_enabled": false,
            "eviction_policy": "",
            "extension": [],
            "extension_operations_enabled": true,
            "extensions_time_budget": "PT1H30M",
            "gallery_application": [],
            "gallery_applications": [],
            "health_probe_id": "",
            "host_group_id": null,
            "id": "/subscriptions/f8cea8db-c84b-44eb-aa67-f8c938abbfda/resourceGroups/rg-clients/providers/Microsoft.Compute/virtualMachineScaleSets/vmss-dc-0",
            "identity": [],
            "instances": 1,
            "location": "westeurope",
            "max_bid_price": -1,
            "name": "vmss-dc-0",
            "network_interface": [
              {
                "dns_servers": [],
                "enable_accelerated_networking": false,
                "enable_ip_forwarding": false,
                "ip_configuration": [
                  {
                    "application_gateway_backend_address_pool_ids": [],
                    "application_security_group_ids": [],
                    "load_balancer_backend_address_pool_ids": [],
                    "load_balancer_inbound_nat_rules_ids": [],
                    "name": "internal",
                    "primary": true,
                    "public_ip_address": [
                      {
                        "domain_name_label": "",
                        "idle_timeout_in_minutes": 30,
                        "ip_tag": [],
                        "name": "public-ip",
                        "public_ip_prefix_id": "",
                        "version": "IPv4"
                      }
                    ],
                    "subnet_id": "/subscriptions/f8cea8db-c84b-44eb-aa67-f8c938abbfda/resourceGroups/rg-clients/providers/Microsoft.Network/virtualNetworks/vnet-clients/subnets/snet-dc-0",
                    "version": "IPv4"
                  }
                ],
                "name": "nic",
                "network_security_group_id": "",
                "primary": true
              }
            ],
            "os_disk": [
              {
                "caching": "ReadWrite",
                "diff_disk_settings": [],
                "disk_encryption_set_id": "",
                "disk_size_gb": 30,
                "secure_vm_disk_encryption_set_id": "",
                "security_encryption_type": "",
                "storage_account_type": "Standard_LRS",
                "write_accelerator_enabled": false
              }
            ],
            "overprovision": false,
            "plan": [],
            "platform_fault_domain_count": 5,
            "priority": "Regular",
            "provision_vm_agent": true,
            "proximity_placement_group_id": "",
            "resource_group_name": "rg-clients",
            "rolling_upgrade_policy": [],
            "scale_in": [
              {
                "force_deletion_enabled": false,
                "rule": "Default"
              }
            ],
            "scale_in_policy": "Default",
            "secret": [],
            "secure_boot_enabled": false,
            "single_placement_group": true,
            "sku": "Standard_B1ls",
            "source_image_id": "",
            "source_image_reference": [
              {
                "offer": "0001-com-ubuntu-server-jammy",
                "publisher": "Canonical",
                "sku": "22_04-lts",
                "version": "latest"
              }
            ],
            "spot_restore": [],
            "tags": {
              "CostCenter": "SpikeReply",
              "Environment": "dev",
              "Phase": "1-infra-only",
              "Project": "hashi-infra"
            },
            "terminate_notification": [],
            "termination_notification": [],
            "timeouts": null,
            "unique_id": "8d8a90ef-004a-4a5a-badc-a5c1a8ad822b",
            "upgrade_mode": "Manual",
            "user_data": "",
            "vtpm_enabled": false,
            "zone_balance": false,
            "zones": []
          },
          "sensitive_attributes": [
            [
              {
                "type": "get_attr",
                "value": "admin_password"
              }
            ],
            [
              {
                "type": "get_attr",
                "value": "custom_data"
              }
            ]
          ],
          "identity_schema_version": 0,
          "private": "eyJlMmJmYjczMC1lY2FhLTExZTYtOGY4OC0zNDM2M2JjN2M0YzAiOnsiY3JlYXRlIjozNjAwMDAwMDAwMDAwLCJkZWxldGUiOjM2MDAwMDAwMDAwMDAsInJlYWQiOjMwMDAwMDAwMDAwMCwidXBkYXRlIjozNjAwMDAwMDAwMDAwfX0=",
          "dependencies": [
            "azurerm_lb.datacenter_lb",
            "azurerm_lb_backend_address_pool.datacenter_backend",
            "azurerm_public_ip.datacenter_lb_pip",
            "azurerm_resource_group.clients_rg",
            "azurerm_subnet.datacenter_subnet",
            "azurerm_virtual_network.clients_vnet"
          ]
        }
      ]
    },
    {
      "mode": "managed",
      "type": "azurerm_linux_virtual_machine_scale_set",
      "name": "nomad_consul_vmss",
      "provider": "provider[\"registry.terraform.io/hashicorp/azurerm\"]",
      "instances": [
        {
          "schema_version": 0,
          "attributes": {
            "additional_capabilities": [],
            "admin_password": "YourSecurePassword123!",
            "admin_ssh_key": [],
            "admin_username": "azureuser",
            "automatic_instance_repair": [],
            "automatic_os_upgrade_policy": [],
            "boot_diagnostics": [],
            "capacity_reservation_group_id": "",
            "computer_name_prefix": "vmss-nomad-consul",
            "custom_data": null,
            "data_disk": [],
            "disable_password_authentication": false,
            "do_not_run_extensions_on_overprovisioned_machines": false,
            "edge_zone": "",
            "encryption_at_host_enabled": false,
            "eviction_policy": "",
            "extension": [],
            "extension_operations_enabled": true,
            "extensions_time_budget": "PT1H30M",
            "gallery_application": [],
            "gallery_applications": [],
            "health_probe_id": "",
            "host_group_id": null,
            "id": "/subscriptions/f8cea8db-c84b-44eb-aa67-f8c938abbfda/resourceGroups/rg-nomad-consul/providers/Microsoft.Compute/virtualMachineScaleSets/vmss-nomad-consul",
            "identity": [],
            "instances": 1,
            "location": "westeurope",
            "max_bid_price": -1,
            "name": "vmss-nomad-consul",
            "network_interface": [
              {
                "dns_servers": [],
                "enable_accelerated_networking": false,
                "enable_ip_forwarding": false,
                "ip_configuration": [
                  {
                    "application_gateway_backend_address_pool_ids": [],
                    "application_security_group_ids": [],
                    "load_balancer_backend_address_pool_ids": [],
                    "load_balancer_inbound_nat_rules_ids": [],
                    "name": "internal",
                    "primary": true,
                    "public_ip_address": [
                      {
                        "domain_name_label": "",
                        "idle_timeout_in_minutes": 30,
                        "ip_tag": [],
                        "name": "public-ip",
                        "public_ip_prefix_id": "",
                        "version": "IPv4"
                      }
                    ],
                    "subnet_id": "/subscriptions/f8cea8db-c84b-44eb-aa67-f8c938abbfda/resourceGroups/rg-nomad-consul/providers/Microsoft.Network/virtualNetworks/vnet-nomad-consul/subnets/snet-nomad-consul",
                    "version": "IPv4"
                  }
                ],
                "name": "nic",
                "network_security_group_id": "",
                "primary": true
              }
            ],
            "os_disk": [
              {
                "caching": "ReadWrite",
                "diff_disk_settings": [],
                "disk_encryption_set_id": "",
                "disk_size_gb": 30,
                "secure_vm_disk_encryption_set_id": "",
                "security_encryption_type": "",
                "storage_account_type": "Standard_LRS",
                "write_accelerator_enabled": false
              }
            ],
            "overprovision": false,
            "plan": [],
            "platform_fault_domain_count": 5,
            "priority": "Regular",
            "provision_vm_agent": true,
            "proximity_placement_group_id": "",
            "resource_group_name": "rg-nomad-consul",
            "rolling_upgrade_policy": [],
            "scale_in": [
              {
                "force_deletion_enabled": false,
                "rule": "Default"
              }
            ],
            "scale_in_policy": "Default",
            "secret": [],
            "secure_boot_enabled": false,
            "single_placement_group": true,
            "sku": "Standard_B1ls",
            "source_image_id": "",
            "source_image_reference": [
              {
                "offer": "0001-com-ubuntu-server-jammy",
                "publisher": "Canonical",
                "sku": "22_04-lts",
                "version": "latest"
              }
            ],
            "spot_restore": [],
            "tags": {
              "CostCenter": "SpikeReply",
              "Environment": "dev",
              "Phase": "1-infra-only",
              "Project": "hashi-infra"
            },
            "terminate_notification": [],
            "termination_notification": [],
            "timeouts": null,
            "unique_id": "8c384451-1aa0-4bd2-b42e-2e73737ce455",
            "upgrade_mode": "Manual",
            "user_data": "",
            "vtpm_enabled": false,
            "zone_balance": false,
            "zones": []
          },
          "sensitive_attributes": [
            [
              {
                "type": "get_attr",
                "value": "admin_password"
              }
            ],
            [
              {
                "type": "get_attr",
                "value": "custom_data"
              }
            ]
          ],
          "identity_schema_version": 0,
          "private": "eyJlMmJmYjczMC1lY2FhLTExZTYtOGY4OC0zNDM2M2JjN2M0YzAiOnsiY3JlYXRlIjozNjAwMDAwMDAwMDAwLCJkZWxldGUiOjM2MDAwMDAwMDAwMDAsInJlYWQiOjMwMDAwMDAwMDAwMCwidXBkYXRlIjozNjAwMDAwMDAwMDAwfX0=",
          "dependencies": [
            "azurerm_lb.nomad_consul_lb",
            "azurerm_lb_backend_address_pool.nomad_consul_backend",
            "azurerm_resource_group.nomad_consul_rg",
            "azurerm_subnet.nomad_consul_subnet",
            "azurerm_virtual_network.nomad_consul_vnet"
          ]
        }
      ]
    },
    {
      "mode": "managed",
      "type": "azurerm_linux_virtual_machine_scale_set",
      "name": "vault_vmss",
      "provider": "provider[\"registry.terraform.io/hashicorp/azurerm\"]",
      "instances": [
        {
          "schema_version": 0,
          "attributes": {
            "additional_capabilities": [],
            "admin_password": "YourSecurePassword123!",
            "admin_ssh_key": [],
            "admin_username": "azureuser",
            "automatic_instance_repair": [],
            "automatic_os_upgrade_policy": [],
            "boot_diagnostics": [],
            "capacity_reservation_group_id": "",
            "computer_name_prefix": "vmss-vault",
            "custom_data": "I2Nsb3VkLWNvbmZpZw0KcGFja2FnZV91cGRhdGU6IHRydWUNCndyaXRlX2ZpbGVzOg0KICAjIC0tLS0tLS0tLS0tLS0tLS0tLS0tLS0tLS0tLS0tLS0tLS0tLS0tLS0tLS0tLS0tLS0tLS0tLS0tLS0tLS0tLS0tLS0tLS0tLS0NCiAgIyAxLiBJbnN0YWxsIFByZXJlcXVpc2l0ZXMgKFJldHJ5IExvZ2ljKQ0KICAjIC0tLS0tLS0tLS0tLS0tLS0tLS0tLS0tLS0tLS0tLS0tLS0tLS0tLS0tLS0tLS0tLS0tLS0tLS0tLS0tLS0tLS0tLS0tLS0tLS0NCiAgLSBwYXRoOiAvdXNyL2xvY2FsL2Jpbi8wMS1pbnN0YWxsLXByZXJlcXMuc2gNCiAgICBwZXJtaXNzaW9uczogIjA3NTUiDQogICAgb3duZXI6IHJvb3Q6cm9vdA0KICAgIGNvbnRlbnQ6IHwNCiAgICAgICMhL3Vzci9iaW4vZW52IGJhc2gNCiAgICAgIHNldCAtZXVvIHBpcGVmYWlsDQogICAgICANCiAgICAgICMgUmV0cnkgbG9vcCBmb3IgYXB0LWdldCB0byBoYW5kbGUgdHJhbnNpZW50IGNsb3VkIG5ldHdvcmtpbmcgaXNzdWVzDQogICAgICBmb3IgaSBpbiB7MS4uMTJ9OyBkbw0KICAgICAgICBpZiBhcHQtZ2V0IHVwZGF0ZSAteSAmJiBhcHQtZ2V0IGluc3RhbGwgLXkgY3VybCB1bnppcCBqcTsgdGhlbg0KICAgICAgICAgIGVjaG8gIltjbG91ZC1pbml0XSBQcmVyZXFzIGluc3RhbGxlZCBzdWNjZXNzZnVsbHkuIg0KICAgICAgICAgIGV4aXQgMA0KICAgICAgICBmaQ0KICAgICAgICBlY2hvICJbY2xvdWQtaW5pdF0gYXB0IHJldHJ5ICRpLzEyLi4uIg0KICAgICAgICBzbGVlcCAxMA0KICAgICAgZG9uZQ0KICAgICAgZWNobyAiW2Nsb3VkLWluaXRdIEZhaWxlZCB0byBpbnN0YWxsIHByZXJlcXVpc2l0ZXMgYWZ0ZXIgcmV0cmllcy4iID4mMg0KICAgICAgZXhpdCAxDQoNCiAgIyAtLS0tLS0tLS0tLS0tLS0tLS0tLS0tLS0tLS0tLS0tLS0tLS0tLS0tLS0tLS0tLS0tLS0tLS0tLS0tLS0tLS0tLS0tLS0tLS0tDQogICMgMi4gSW5zdGFsbCBWYXVsdCAmIFNldHVwIFVzZXINCiAgIyAtLS0tLS0tLS0tLS0tLS0tLS0tLS0tLS0tLS0tLS0tLS0tLS0tLS0tLS0tLS0tLS0tLS0tLS0tLS0tLS0tLS0tLS0tLS0tLS0tDQogIC0gcGF0aDogL3Vzci9sb2NhbC9iaW4vMDItaW5zdGFsbC12YXVsdC5zaA0KICAgIHBlcm1pc3Npb25zOiAiMDc1NSINCiAgICBvd25lcjogcm9vdDpyb290DQogICAgY29udGVudDogfA0KICAgICAgIyEvdXNyL2Jpbi9lbnYgYmFzaA0KICAgICAgc2V0IC1ldW8gcGlwZWZhaWwNCg0KICAgICAgIyAtLS0gQS4gQ3JlYXRlIFVzZXIgRmlyc3QgLS0tDQogICAgICBpZiAhIGlkIC11IHZhdWx0ID4vZGV2L251bGwgMj4mMTsgdGhlbg0KICAgICAgICBlY2hvICJbY2xvdWQtaW5pdF0gQ3JlYXRpbmcgdmF1bHQgdXNlci4uLiINCiAgICAgICAgdXNlcmFkZCAtLXN5c3RlbSAtLWhvbWUgL2V0Yy92YXVsdC5kIC0tc2hlbGwgL2Jpbi9mYWxzZSB2YXVsdA0KICAgICAgZmkNCg0KICAgICAgIyAtLS0gQi4gRGV0ZXJtaW5lIFZlcnNpb24gLS0tDQogICAgICBMQVRFU1Q9IiINCiAgICAgIA0KICAgICAgIyAxLiBUcnkgZHluYW1pYyBsb29rdXANCiAgICAgIGlmIGNvbW1hbmQgLXYganEgPi9kZXYvbnVsbDsgdGhlbg0KICAgICAgICBlY2hvICJbY2xvdWQtaW5pdF0gQXR0ZW1wdGluZyB0byBmZXRjaCBsYXRlc3QgdmVyc2lvbi4uLiINCiAgICAgICAgIyBOb3RlOiBXZSB1c2UgJHt9IHRvIHRlbGwgVGVycmFmb3JtICJMZWF2ZSB0aGlzIGZvciBCYXNoIg0KICAgICAgICBMQVRFU1Q9JChjdXJsIC1zTCBodHRwczovL3JlbGVhc2VzLmhhc2hpY29ycC5jb20vdmF1bHQvaW5kZXguanNvbiB8IGpxIC1yICcudmVyc2lvbnNbXS52ZXJzaW9uJyB8IGdyZXAgLXZFICdlbnR8YmV0YXxyY3xhbHBoYScgfCBzb3J0IC1WIHwgdGFpbCAtbjEgfHwgdHJ1ZSkNCiAgICAgIGZpDQoNCiAgICAgICMgMi4gRmFsbGJhY2sgaWYgZHluYW1pYyBsb29rdXAgZmFpbGVkDQogICAgICBpZiBbWyAteiAiJHtMQVRFU1R9IiBdXTsgdGhlbg0KICAgICAgICBlY2hvICJbY2xvdWQtaW5pdF0gV0FSTklORzogQ291bGQgbm90IGZldGNoIGxhdGVzdCB2ZXJzaW9uLiBEZWZhdWx0aW5nIHRvIGZhbGxiYWNrLiINCiAgICAgICAgTEFURVNUPSIxLjE4LjEiDQogICAgICBmaQ0KDQogICAgICBlY2hvICJbY2xvdWQtaW5pdF0gU2VsZWN0ZWQgVmVyc2lvbjogJHtMQVRFU1R9Ig0KDQogICAgICAjIC0tLSBDLiBJbnN0YWxsIEJpbmFyeSAtLS0NCiAgICAgIGlmIGNvbW1hbmQgLXYgdmF1bHQgPi9kZXYvbnVsbCAyPiYxOyB0aGVuDQogICAgICAgIGVjaG8gIltjbG91ZC1pbml0XSBWYXVsdCBhbHJlYWR5IGluc3RhbGxlZC4iDQogICAgICBlbHNlDQogICAgICAgIGVjaG8gIltjbG91ZC1pbml0XSBEb3dubG9hZGluZyBWYXVsdCAke0xBVEVTVH0uLi4iDQogICAgICAgIGNkIC90bXANCiAgICAgICAgDQogICAgICAgICMgRVNDQVBFRCBWQVJJQUJMRVMgSEVSRTogJHtMQVRFU1R9DQogICAgICAgIGlmIGN1cmwgLWZzU0xPICJodHRwczovL3JlbGVhc2VzLmhhc2hpY29ycC5jb20vdmF1bHQvJHtMQVRFU1R9L3ZhdWx0XyR7TEFURVNUfV9saW51eF9hbWQ2NC56aXAiOyB0aGVuDQogICAgICAgICAgIHVuemlwIC1vICJ2YXVsdF8ke0xBVEVTVH1fbGludXhfYW1kNjQuemlwIiAtZCAvdXNyL2xvY2FsL2Jpbg0KICAgICAgICAgICBjaG1vZCAwNzU1IC91c3IvbG9jYWwvYmluL3ZhdWx0DQogICAgICAgICAgIHNldGNhcCBjYXBfaXBjX2xvY2s9K2VwIC91c3IvbG9jYWwvYmluL3ZhdWx0DQogICAgICAgICAgIHJtIC1mICJ2YXVsdF8ke0xBVEVTVH1fbGludXhfYW1kNjQuemlwIg0KICAgICAgICAgICBlY2hvICJbY2xvdWQtaW5pdF0gVmF1bHQgYmluYXJ5IGluc3RhbGxlZC4iDQogICAgICAgIGVsc2UNCiAgICAgICAgICAgZWNobyAiW2Nsb3VkLWluaXRdIENSSVRJQ0FMOiBEb3dubG9hZCBmYWlsZWQuIENoZWNrIG5ldHdvcmsvdmVyc2lvbi4iID4mMg0KICAgICAgICAgICBleGl0IDENCiAgICAgICAgZmkNCiAgICAgIGZpDQoNCiAgICAgICMgLS0tIEQuIENvbmZpZ3VyZSBEaXJlY3RvcmllcyAmIFBlcm1pc3Npb25zIC0tLQ0KICAgICAgbWtkaXIgLXAgL2V0Yy92YXVsdC5kIC9vcHQvdmF1bHQvZGF0YQ0KICAgICAgY2hvd24gLVIgdmF1bHQ6dmF1bHQgL2V0Yy92YXVsdC5kIC9vcHQvdmF1bHQvZGF0YQ0KICAgICAgDQogICAgICBpZiBbIC1mIC9ldGMvdmF1bHQuZC92YXVsdC5oY2wgXTsgdGhlbg0KICAgICAgICAgY2hvd24gdmF1bHQ6dmF1bHQgL2V0Yy92YXVsdC5kL3ZhdWx0LmhjbA0KICAgICAgICAgY2htb2QgMDY0MCAvZXRjL3ZhdWx0LmQvdmF1bHQuaGNsDQogICAgICBmaQ0KDQogICMgLS0tLS0tLS0tLS0tLS0tLS0tLS0tLS0tLS0tLS0tLS0tLS0tLS0tLS0tLS0tLS0tLS0tLS0tLS0tLS0tLS0tLS0tLS0tLS0tLQ0KICAjIDMuIFZhdWx0IENvbmZpZ3VyYXRpb24gKEluamVjdGVkIHZpYSBUZXJyYWZvcm0pDQogICMgLS0tLS0tLS0tLS0tLS0tLS0tLS0tLS0tLS0tLS0tLS0tLS0tLS0tLS0tLS0tLS0tLS0tLS0tLS0tLS0tLS0tLS0tLS0tLS0tLQ0KICAtIHBhdGg6IC9ldGMvdmF1bHQuZC92YXVsdC5oY2wNCiAgICBwZXJtaXNzaW9uczogIjA2NDAiDQogICAgb3duZXI6IHJvb3Q6cm9vdA0KICAgIGNvbnRlbnQ6IHwNCiAgICAgIHN0b3JhZ2UgInJhZnQiIHsNCiAgICAgICAgcGF0aCAgICA9ICIvb3B0L3ZhdWx0L2RhdGEiDQogICAgICAgIG5vZGVfaWQgPSAidmF1bHQtTE9DQUxfSE9TVE5BTUUiIA0KICAgICAgDQogICAgICAgIHJldHJ5X2pvaW4gew0KICAgICAgICAgICMgVXNpbmcgdGhlIHZhcmlhYmxlcyBkZWZpbmVkIGluIHRoZSAnbG9jYWxzJyBibG9jayBub3csIE5FRURTIHBlcm1pc3Npb25zLCBjb21tZW50ZWQgZm9yIG5vdy4uLg0KICAgICAgICAgICNhdXRvX2pvaW4gPSAicHJvdmlkZXI9YXp1cmUgdGFnX25hbWU9VmF1bHRDbHVzdGVyIHRhZ192YWx1ZT1teS12YXVsdC1jbHVzdGVyIHN1YnNjcmlwdGlvbl9pZD1mOGNlYThkYi1jODRiLTQ0ZWItYWE2Ny1mOGM5MzhhYmJmZGEiDQogICAgICANCiAgICAgICAgICBsZWFkZXJfYXBpX2FkZHIgPSAiaHR0cDovLzEwLjAuMS4xMDo4MjAwIg0KICAgICAgICB9DQogICAgICB9DQogICAgICANCiAgICAgIGxpc3RlbmVyICJ0Y3AiIHsNCiAgICAgICAgYWRkcmVzcyAgICAgICAgID0gIjAuMC4wLjA6ODIwMCINCiAgICAgICAgY2x1c3Rlcl9hZGRyZXNzID0gIjAuMC4wLjA6ODIwMSINCiAgICAgICAgdGxzX2Rpc2FibGUgICAgID0gdHJ1ZQ0KICAgICAgfQ0KICAgICAgDQogICAgICBzZWFsICJhenVyZWtleXZhdWx0IiB7DQogICAgICAgIHRlbmFudF9pZCAgID0gImI5MzVhMGNlLTdiNzAtNGZkMC04YzY2LWZmMDY3ODMzNDA3NyINCiAgICAgICAgdmF1bHRfbmFtZSAgPSAia3YtaGFzaGktaW5mcmEtYjl0dm55enUiDQogICAgICAgIGtleV9uYW1lICAgID0gInZhdWx0LXNlYWwta2V5Ig0KICAgICAgfQ0KICAgICAgDQogICAgICBhcGlfYWRkciAgICAgPSAiaHR0cDovLzEwLjAuMS4xMDo4MjAwIg0KICAgICAgY2x1c3Rlcl9hZGRyID0gImh0dHA6Ly9MT0NBTF9JUDo4MjAxIg0KICAgICAgDQogICAgICB1aSAgICAgICAgICAgID0gdHJ1ZQ0KICAgICAgZGlzYWJsZV9tbG9jayA9IHRydWUNCg0KICAjIC0tLS0tLS0tLS0tLS0tLS0tLS0tLS0tLS0tLS0tLS0tLS0tLS0tLS0tLS0tLS0tLS0tLS0tLS0tLS0tLS0tLS0tLS0tLS0tLS0NCiAgIyA0LiBTeXN0ZW1kIFNlcnZpY2UNCiAgIyAtLS0tLS0tLS0tLS0tLS0tLS0tLS0tLS0tLS0tLS0tLS0tLS0tLS0tLS0tLS0tLS0tLS0tLS0tLS0tLS0tLS0tLS0tLS0tLS0tDQogIC0gcGF0aDogL2V0Yy9zeXN0ZW1kL3N5c3RlbS92YXVsdC5zZXJ2aWNlDQogICAgcGVybWlzc2lvbnM6ICIwNjQ0Ig0KICAgIG93bmVyOiByb290OnJvb3QNCiAgICBjb250ZW50OiB8DQogICAgICAjID09PT09PT09PT09PT09PT09PT09PT09PT09PT09PT09PT09PT09PT09PT09PT09PT09PT09PT09PT09PT09PT09PT09PT09PT09PT09PQ0KICAgICAgIyB2YXVsdC5zZXJ2aWNlIOKAkyBzeXN0ZW1kIHVuaXQgZm9yIEhhc2hpQ29ycCBWYXVsdA0KICAgICAgIyA9PT09PT09PT09PT09PT09PT09PT09PT09PT09PT09PT09PT09PT09PT09PT09PT09PT09PT09PT09PT09PT09PT09PT09PT09PT09PT0NCiAgICAgIA0KICAgICAgW1VuaXRdDQogICAgICBEZXNjcmlwdGlvbj1IYXNoaUNvcnAgVmF1bHQgLSBBIHRvb2wgZm9yIHNlY3JldHMgbWFuYWdlbWVudA0KICAgICAgRG9jdW1lbnRhdGlvbj1odHRwczovL2RldmVsb3Blci5oYXNoaWNvcnAuY29tL3ZhdWx0L2RvY3MNCiAgICAgIFJlcXVpcmVzPW5ldHdvcmstb25saW5lLnRhcmdldA0KICAgICAgQWZ0ZXI9bmV0d29yay1vbmxpbmUudGFyZ2V0DQogICAgICANCiAgICAgIFtTZXJ2aWNlXQ0KICAgICAgVXNlcj12YXVsdA0KICAgICAgR3JvdXA9dmF1bHQNCiAgICAgIFByb3RlY3RTeXN0ZW09ZnVsbA0KICAgICAgUHJvdGVjdEhvbWU9cmVhZC1vbmx5DQogICAgICBQcml2YXRlVG1wPXllcw0KICAgICAgUHJpdmF0ZURldmljZXM9eWVzDQogICAgICBTZWN1cmVCaXRzPWtlZXAtY2Fwcw0KICAgICAgQW1iaWVudENhcGFiaWxpdGllcz1DQVBfSVBDX0xPQ0sNCiAgICAgICMgQ2FwYWJpbGl0aWVzPUNBUF9JUENfTE9DSytlcCAgPC0tIFJFTU9WRUQgKEludmFsaWQgc3ludGF4KQ0KICAgICAgQ2FwYWJpbGl0eUJvdW5kaW5nU2V0PUNBUF9TWVNMT0cgQ0FQX0lQQ19MT0NLDQogICAgICBOb05ld1ByaXZpbGVnZXM9dHJ1ZQ0KICAgICAgRXhlY1N0YXJ0PS91c3IvbG9jYWwvYmluL3ZhdWx0IHNlcnZlciAtY29uZmlnPS9ldGMvdmF1bHQuZC92YXVsdC5oY2wNCiAgICAgIEV4ZWNSZWxvYWQ9L2Jpbi9raWxsIC0tc2lnbmFsIEhVUCAkTUFJTlBJRA0KICAgICAgS2lsbE1vZGU9cHJvY2Vzcw0KICAgICAgS2lsbFNpZ25hbD1TSUdURVJNDQogICAgICBSZXN0YXJ0PW9uLWZhaWx1cmUNCiAgICAgIFJlc3RhcnRTZWM9NQ0KICAgICAgVGltZW91dFN0b3BTZWM9MzANCiAgICAgICMgU3RhcnRMaW1pdEludGVydmFsU2VjPTYwDQogICAgICBTdGFydExpbWl0QnVyc3Q9Mw0KICAgICAgTGltaXRNRU1MT0NLPWluZmluaXR5DQogICAgICANCiAgICAgIFtJbnN0YWxsXQ0KICAgICAgV2FudGVkQnk9bXVsdGktdXNlci50YXJnZXQNCg0KcnVuY21kOg0KICAtIC91c3IvbG9jYWwvYmluLzAxLWluc3RhbGwtcHJlcmVxcy5zaA0KICAtIC91c3IvbG9jYWwvYmluLzAyLWluc3RhbGwtdmF1bHQuc2gNCiAgIyAtLS0tLS0tLS0tLS0tLS0tLS0tLS0tLS0tLS0tLS0tLS0tLS0tLS0tLS0tLS0tLS0tLS0tLS0tLS0tLS0tLS0tLS0tLS0tLS0tDQogICMgNS4gUnVudGltZSBDb25maWd1cmF0aW9uOiBSZXBsYWNlIHBsYWNlaG9sZGVycyBpbiB2YXVsdC5oY2wgd2l0aCBsb2NhbCBJUCBhbmQgaG9zdG5hbWUNCiAgIyAtLS0tLS0tLS0tLS0tLS0tLS0tLS0tLS0tLS0tLS0tLS0tLS0tLS0tLS0tLS0tLS0tLS0tLS0tLS0tLS0tLS0tLS0tLS0tLS0tDQogIC0gfA0KICAgIEhPU1RfU0hPUlQ9JChob3N0bmFtZSAtcykNCiAgICBQUklWQVRFX0lQPSQoaG9zdG5hbWUgLUkgfCBhd2sgJ3twcmludCAkMX0nIHwgdHIgLWQgJ1s6c3BhY2U6XScpDQogICAgZWNobyAiW2Nsb3VkLWluaXRdIERldGVjdGVkIHNob3J0IGhvc3RuYW1lOiAkSE9TVF9TSE9SVCINCiAgICBlY2hvICJbY2xvdWQtaW5pdF0gRGV0ZWN0ZWQgcHJpdmF0ZSBJUDogJFBSSVZBVEVfSVAiDQogICAgc2VkIC1pIC1lICJzL0xPQ0FMX0hPU1ROQU1FLyRIT1NUX1NIT1JUL2ciIC1lICJzL0xPQ0FMX0lQLyRQUklWQVRFX0lQL2ciIC9ldGMvdmF1bHQuZC92YXVsdC5oY2wNCiAgLSBzeXN0ZW1jdGwgZGFlbW9uLXJlbG9hZA0KICAtIHN5c3RlbWN0bCBlbmFibGUgLS1ub3cgdmF1bHQ=",
            "data_disk": [],
            "disable_password_authentication": false,
            "do_not_run_extensions_on_overprovisioned_machines": false,
            "edge_zone": "",
            "encryption_at_host_enabled": false,
            "eviction_policy": "",
            "extension": [],
            "extension_operations_enabled": true,
            "extensions_time_budget": "PT1H30M",
            "gallery_application": null,
            "gallery_applications": null,
            "health_probe_id": "",
            "host_group_id": null,
            "id": "/subscriptions/f8cea8db-c84b-44eb-aa67-f8c938abbfda/resourceGroups/rg-vault/providers/Microsoft.Compute/virtualMachineScaleSets/vmss-vault",
            "identity": [
              {
                "identity_ids": null,
                "principal_id": "e5f3c043-34b3-496a-b16b-88e4f2d3bd6c",
                "tenant_id": "b935a0ce-7b70-4fd0-8c66-ff0678334077",
                "type": "SystemAssigned"
              }
            ],
            "instances": 3,
            "location": "westeurope",
            "max_bid_price": -1,
            "name": "vmss-vault",
            "network_interface": [
              {
                "dns_servers": null,
                "enable_accelerated_networking": false,
                "enable_ip_forwarding": false,
                "ip_configuration": [
                  {
                    "application_gateway_backend_address_pool_ids": null,
                    "application_security_group_ids": null,
                    "load_balancer_backend_address_pool_ids": [
                      "/subscriptions/f8cea8db-c84b-44eb-aa67-f8c938abbfda/resourceGroups/rg-vault/providers/Microsoft.Network/loadBalancers/lb-vault-internal/backendAddressPools/backend-vault"
                    ],
                    "load_balancer_inbound_nat_rules_ids": null,
                    "name": "internal",
                    "primary": true,
                    "public_ip_address": [
                      {
                        "domain_name_label": "vault-b9tvnyzu",
                        "idle_timeout_in_minutes": 30,
                        "ip_tag": [],
                        "name": "pip-vault",
                        "public_ip_prefix_id": "",
                        "version": "IPv4"
                      }
                    ],
                    "subnet_id": "/subscriptions/f8cea8db-c84b-44eb-aa67-f8c938abbfda/resourceGroups/rg-vault/providers/Microsoft.Network/virtualNetworks/vnet-vault/subnets/snet-vault",
                    "version": "IPv4"
                  }
                ],
                "name": "nic",
                "network_security_group_id": "",
                "primary": true
              }
            ],
            "os_disk": [
              {
                "caching": "ReadWrite",
                "diff_disk_settings": [],
                "disk_encryption_set_id": "",
                "disk_size_gb": 30,
                "secure_vm_disk_encryption_set_id": "",
                "security_encryption_type": "",
                "storage_account_type": "Standard_LRS",
                "write_accelerator_enabled": false
              }
            ],
            "overprovision": false,
            "plan": [],
            "platform_fault_domain_count": 5,
            "priority": "Regular",
            "provision_vm_agent": true,
            "proximity_placement_group_id": "",
            "resource_group_name": "rg-vault",
            "rolling_upgrade_policy": [],
            "scale_in": [
              {
                "force_deletion_enabled": false,
                "rule": "Default"
              }
            ],
            "scale_in_policy": "Default",
            "secret": [],
            "secure_boot_enabled": false,
            "single_placement_group": true,
            "sku": "Standard_B1ms",
            "source_image_id": "",
            "source_image_reference": [
              {
                "offer": "0001-com-ubuntu-server-jammy",
                "publisher": "Canonical",
                "sku": "22_04-lts",
                "version": "latest"
              }
            ],
            "spot_restore": null,
            "tags": {
              "CostCenter": "SpikeReply",
              "Environment": "dev",
              "Phase": "1-infra-only",
              "Project": "hashi-infra",
              "VaultCluster": "my-vault-cluster"
            },
            "terminate_notification": null,
            "termination_notification": null,
            "timeouts": null,
            "unique_id": "165137be-b849-445c-a4ac-67a813d50627",
            "upgrade_mode": "Manual",
            "user_data": "",
            "vtpm_enabled": false,
            "zone_balance": false,
            "zones": null
          },
          "sensitive_attributes": [
            [
              {
                "type": "get_attr",
                "value": "admin_password"
              }
            ],
            [
              {
                "type": "get_attr",
                "value": "custom_data"
              }
            ]
          ],
          "identity_schema_version": 0,
          "private": "eyJlMmJmYjczMC1lY2FhLTExZTYtOGY4OC0zNDM2M2JjN2M0YzAiOnsiY3JlYXRlIjozNjAwMDAwMDAwMDAwLCJkZWxldGUiOjM2MDAwMDAwMDAwMDAsInJlYWQiOjMwMDAwMDAwMDAwMCwidXBkYXRlIjozNjAwMDAwMDAwMDAwfX0=",
          "dependencies": [
            "azurerm_key_vault.main",
            "azurerm_key_vault_key.vault_unseal_key",
            "azurerm_lb.vault_lb",
            "azurerm_lb_backend_address_pool.vault_backend",
            "azurerm_resource_group.keyvault_rg",
            "azurerm_resource_group.vault_rg",
            "azurerm_subnet.vault_subnet",
            "azurerm_virtual_network.vault_vnet",
            "data.azurerm_client_config.current",
            "random_string.suffix"
          ]
        }
      ]
    },
    {
      "mode": "managed",
      "type": "azurerm_network_security_group",
      "name": "clients_nsg",
      "provider": "provider[\"registry.terraform.io/hashicorp/azurerm\"]",
      "instances": [
        {
          "schema_version": 0,
          "attributes": {
            "id": "/subscriptions/f8cea8db-c84b-44eb-aa67-f8c938abbfda/resourceGroups/rg-clients/providers/Microsoft.Network/networkSecurityGroups/nsg-clients",
            "location": "westeurope",
            "name": "nsg-clients",
            "resource_group_name": "rg-clients",
            "security_rule": [
              {
                "access": "Allow",
                "description": "",
                "destination_address_prefix": "*",
                "destination_address_prefixes": [],
                "destination_application_security_group_ids": [],
                "destination_port_range": "",
                "destination_port_ranges": [
                  "4646",
                  "4647",
                  "4648"
                ],
                "direction": "Outbound",
                "name": "Hashi-ClientToNomad",
                "priority": 1004,
                "protocol": "Tcp",
                "source_address_prefix": "*",
                "source_address_prefixes": [],
                "source_application_security_group_ids": [],
                "source_port_range": "*",
                "source_port_ranges": []
              },
              {
                "access": "Allow",
                "description": "",
                "destination_address_prefix": "*",
                "destination_address_prefixes": [],
                "destination_application_security_group_ids": [],
                "destination_port_range": "",
                "destination_port_ranges": [
                  "8300",
                  "8301",
                  "8302",
                  "8500",
                  "8501",
                  "8600"
                ],
                "direction": "Outbound",
                "name": "Hashi-ClientToConsul",
                "priority": 1003,
                "protocol": "Tcp",
                "source_address_prefix": "*",
                "source_address_prefixes": [],
                "source_application_security_group_ids": [],
                "source_port_range": "*",
                "source_port_ranges": []
              },
              {
                "access": "Allow",
                "description": "",
                "destination_address_prefix": "*",
                "destination_address_prefixes": [],
                "destination_application_security_group_ids": [],
                "destination_port_range": "22",
                "destination_port_ranges": [],
                "direction": "Inbound",
                "name": "SSH",
                "priority": 1001,
                "protocol": "Tcp",
                "source_address_prefix": "88.74.173.52",
                "source_address_prefixes": [],
                "source_application_security_group_ids": [],
                "source_port_range": "*",
                "source_port_ranges": []
              },
              {
                "access": "Allow",
                "description": "",
                "destination_address_prefix": "*",
                "destination_address_prefixes": [],
                "destination_application_security_group_ids": [],
                "destination_port_range": "80",
                "destination_port_ranges": [],
                "direction": "Inbound",
                "name": "LB-Ingress",
                "priority": 1004,
                "protocol": "Tcp",
                "source_address_prefix": "*",
                "source_address_prefixes": [],
                "source_application_security_group_ids": [],
                "source_port_range": "*",
                "source_port_ranges": []
              },
              {
                "access": "Allow",
                "description": "",
                "destination_address_prefix": "*",
                "destination_address_prefixes": [],
                "destination_application_security_group_ids": [],
                "destination_port_range": "8200",
                "destination_port_ranges": [],
                "direction": "Outbound",
                "name": "Hashi-ClientToVault",
                "priority": 1002,
                "protocol": "Tcp",
                "source_address_prefix": "*",
                "source_address_prefixes": [],
                "source_application_security_group_ids": [],
                "source_port_range": "*",
                "source_port_ranges": []
              }
            ],
            "tags": {
              "CostCenter": "SpikeReply",
              "Environment": "dev",
              "Phase": "1-infra-only",
              "Project": "hashi-infra"
            },
            "timeouts": null
          },
          "sensitive_attributes": [],
          "identity_schema_version": 0,
          "private": "eyJlMmJmYjczMC1lY2FhLTExZTYtOGY4OC0zNDM2M2JjN2M0YzAiOnsiY3JlYXRlIjoxODAwMDAwMDAwMDAwLCJkZWxldGUiOjE4MDAwMDAwMDAwMDAsInJlYWQiOjMwMDAwMDAwMDAwMCwidXBkYXRlIjoxODAwMDAwMDAwMDAwfX0=",
          "dependencies": [
            "azurerm_resource_group.clients_rg"
          ]
        }
      ]
    },
    {
      "mode": "managed",
      "type": "azurerm_network_security_group",
      "name": "nomad_consul_nsg",
      "provider": "provider[\"registry.terraform.io/hashicorp/azurerm\"]",
      "instances": [
        {
          "schema_version": 0,
          "attributes": {
            "id": "/subscriptions/f8cea8db-c84b-44eb-aa67-f8c938abbfda/resourceGroups/rg-nomad-consul/providers/Microsoft.Network/networkSecurityGroups/nsg-nomad-consul",
            "location": "westeurope",
            "name": "nsg-nomad-consul",
            "resource_group_name": "rg-nomad-consul",
            "security_rule": [
              {
                "access": "Allow",
                "description": "",
                "destination_address_prefix": "*",
                "destination_address_prefixes": [],
                "destination_application_security_group_ids": [],
                "destination_port_range": "22",
                "destination_port_ranges": [],
                "direction": "Inbound",
                "name": "SSH",
                "priority": 1001,
                "protocol": "Tcp",
                "source_address_prefix": "88.74.173.52",
                "source_address_prefixes": [],
                "source_application_security_group_ids": [],
                "source_port_range": "*",
                "source_port_ranges": []
              },
              {
                "access": "Allow",
                "description": "",
                "destination_address_prefix": "*",
                "destination_address_prefixes": [],
                "destination_application_security_group_ids": [],
                "destination_port_range": "4646-4648",
                "destination_port_ranges": [],
                "direction": "Inbound",
                "name": "Nomad-Server",
                "priority": 1004,
                "protocol": "Tcp",
                "source_address_prefix": "*",
                "source_address_prefixes": [],
                "source_application_security_group_ids": [],
                "source_port_range": "*",
                "source_port_ranges": []
              },
              {
                "access": "Allow",
                "description": "",
                "destination_address_prefix": "*",
                "destination_address_prefixes": [],
                "destination_application_security_group_ids": [],
                "destination_port_range": "8301-8302",
                "destination_port_ranges": [],
                "direction": "Inbound",
                "name": "Consul-Server",
                "priority": 1002,
                "protocol": "Tcp",
                "source_address_prefix": "*",
                "source_address_prefixes": [],
                "source_application_security_group_ids": [],
                "source_port_range": "*",
                "source_port_ranges": []
              },
              {
                "access": "Allow",
                "description": "",
                "destination_address_prefix": "*",
                "destination_address_prefixes": [],
                "destination_application_security_group_ids": [],
                "destination_port_range": "8500-8501",
                "destination_port_ranges": [],
                "direction": "Inbound",
                "name": "Consul-Client",
                "priority": 1003,
                "protocol": "Tcp",
                "source_address_prefix": "*",
                "source_address_prefixes": [],
                "source_application_security_group_ids": [],
                "source_port_range": "*",
                "source_port_ranges": []
              }
            ],
            "tags": {
              "CostCenter": "SpikeReply",
              "Environment": "dev",
              "Phase": "1-infra-only",
              "Project": "hashi-infra"
            },
            "timeouts": null
          },
          "sensitive_attributes": [],
          "identity_schema_version": 0,
          "private": "eyJlMmJmYjczMC1lY2FhLTExZTYtOGY4OC0zNDM2M2JjN2M0YzAiOnsiY3JlYXRlIjoxODAwMDAwMDAwMDAwLCJkZWxldGUiOjE4MDAwMDAwMDAwMDAsInJlYWQiOjMwMDAwMDAwMDAwMCwidXBkYXRlIjoxODAwMDAwMDAwMDAwfX0=",
          "dependencies": [
            "azurerm_resource_group.nomad_consul_rg"
          ]
        }
      ]
    },
    {
      "mode": "managed",
      "type": "azurerm_network_security_group",
      "name": "vault_nsg",
      "provider": "provider[\"registry.terraform.io/hashicorp/azurerm\"]",
      "instances": [
        {
          "schema_version": 0,
          "attributes": {
            "id": "/subscriptions/f8cea8db-c84b-44eb-aa67-f8c938abbfda/resourceGroups/rg-vault/providers/Microsoft.Network/networkSecurityGroups/nsg-vault",
            "location": "westeurope",
            "name": "nsg-vault",
            "resource_group_name": "rg-vault",
            "security_rule": [
              {
                "access": "Allow",
                "description": "",
                "destination_address_prefix": "*",
                "destination_address_prefixes": [],
                "destination_application_security_group_ids": [],
                "destination_port_range": "22",
                "destination_port_ranges": [],
                "direction": "Inbound",
                "name": "SSH",
                "priority": 1001,
                "protocol": "Tcp",
                "source_address_prefix": "88.74.173.52",
                "source_address_prefixes": [],
                "source_application_security_group_ids": [],
                "source_port_range": "*",
                "source_port_ranges": []
              },
              {
                "access": "Allow",
                "description": "",
                "destination_address_prefix": "*",
                "destination_address_prefixes": [],
                "destination_application_security_group_ids": [],
                "destination_port_range": "8200",
                "destination_port_ranges": [],
                "direction": "Inbound",
                "name": "Vault-API",
                "priority": 1002,
                "protocol": "Tcp",
                "source_address_prefix": "*",
                "source_address_prefixes": [],
                "source_application_security_group_ids": [],
                "source_port_range": "*",
                "source_port_ranges": []
              },
              {
                "access": "Allow",
                "description": "",
                "destination_address_prefix": "AzureKeyVault",
                "destination_address_prefixes": [],
                "destination_application_security_group_ids": [],
                "destination_port_range": "443",
                "destination_port_ranges": [],
                "direction": "Outbound",
                "name": "KeyVault-Access",
                "priority": 1003,
                "protocol": "Tcp",
                "source_address_prefix": "*",
                "source_address_prefixes": [],
                "source_application_security_group_ids": [],
                "source_port_range": "*",
                "source_port_ranges": []
              }
            ],
            "tags": {
              "CostCenter": "SpikeReply",
              "Environment": "dev",
              "Phase": "1-infra-only",
              "Project": "hashi-infra"
            },
            "timeouts": null
          },
          "sensitive_attributes": [],
          "identity_schema_version": 0,
          "private": "eyJlMmJmYjczMC1lY2FhLTExZTYtOGY4OC0zNDM2M2JjN2M0YzAiOnsiY3JlYXRlIjoxODAwMDAwMDAwMDAwLCJkZWxldGUiOjE4MDAwMDAwMDAwMDAsInJlYWQiOjMwMDAwMDAwMDAwMCwidXBkYXRlIjoxODAwMDAwMDAwMDAwfX0=",
          "dependencies": [
            "azurerm_resource_group.vault_rg"
          ]
        }
      ]
    },
    {
      "mode": "managed",
      "type": "azurerm_public_ip",
      "name": "datacenter_lb_pip",
      "provider": "provider[\"registry.terraform.io/hashicorp/azurerm\"]",
      "instances": []
    },
    {
      "mode": "managed",
      "type": "azurerm_resource_group",
      "name": "clients_rg",
      "provider": "provider[\"registry.terraform.io/hashicorp/azurerm\"]",
      "instances": [
        {
          "schema_version": 0,
          "attributes": {
            "id": "/subscriptions/f8cea8db-c84b-44eb-aa67-f8c938abbfda/resourceGroups/rg-clients",
            "location": "westeurope",
            "managed_by": "",
            "name": "rg-clients",
            "tags": {
              "CostCenter": "SpikeReply",
              "Environment": "dev",
              "Phase": "1-infra-only",
              "Project": "hashi-infra"
            },
            "timeouts": null
          },
          "sensitive_attributes": [],
          "identity_schema_version": 0,
          "private": "eyJlMmJmYjczMC1lY2FhLTExZTYtOGY4OC0zNDM2M2JjN2M0YzAiOnsiY3JlYXRlIjo1NDAwMDAwMDAwMDAwLCJkZWxldGUiOjU0MDAwMDAwMDAwMDAsInJlYWQiOjMwMDAwMDAwMDAwMCwidXBkYXRlIjo1NDAwMDAwMDAwMDAwfX0="
        }
      ]
    },
    {
      "mode": "managed",
      "type": "azurerm_resource_group",
      "name": "keyvault_rg",
      "provider": "provider[\"registry.terraform.io/hashicorp/azurerm\"]",
      "instances": [
        {
          "schema_version": 0,
          "attributes": {
            "id": "/subscriptions/f8cea8db-c84b-44eb-aa67-f8c938abbfda/resourceGroups/rg-keyvault",
            "location": "westeurope",
            "managed_by": "",
            "name": "rg-keyvault",
            "tags": {
              "CostCenter": "SpikeReply",
              "Environment": "dev",
              "Phase": "1-infra-only",
              "Project": "hashi-infra"
            },
            "timeouts": null
          },
          "sensitive_attributes": [],
          "identity_schema_version": 0,
          "private": "eyJlMmJmYjczMC1lY2FhLTExZTYtOGY4OC0zNDM2M2JjN2M0YzAiOnsiY3JlYXRlIjo1NDAwMDAwMDAwMDAwLCJkZWxldGUiOjU0MDAwMDAwMDAwMDAsInJlYWQiOjMwMDAwMDAwMDAwMCwidXBkYXRlIjo1NDAwMDAwMDAwMDAwfX0="
        }
      ]
    },
    {
      "mode": "managed",
      "type": "azurerm_resource_group",
      "name": "nomad_consul_rg",
      "provider": "provider[\"registry.terraform.io/hashicorp/azurerm\"]",
      "instances": [
        {
          "schema_version": 0,
          "attributes": {
            "id": "/subscriptions/f8cea8db-c84b-44eb-aa67-f8c938abbfda/resourceGroups/rg-nomad-consul",
            "location": "westeurope",
            "managed_by": "",
            "name": "rg-nomad-consul",
            "tags": {
              "CostCenter": "SpikeReply",
              "Environment": "dev",
              "Phase": "1-infra-only",
              "Project": "hashi-infra"
            },
            "timeouts": null
          },
          "sensitive_attributes": [],
          "identity_schema_version": 0,
          "private": "eyJlMmJmYjczMC1lY2FhLTExZTYtOGY4OC0zNDM2M2JjN2M0YzAiOnsiY3JlYXRlIjo1NDAwMDAwMDAwMDAwLCJkZWxldGUiOjU0MDAwMDAwMDAwMDAsInJlYWQiOjMwMDAwMDAwMDAwMCwidXBkYXRlIjo1NDAwMDAwMDAwMDAwfX0="
        }
      ]
    },
    {
      "mode": "managed",
      "type": "azurerm_resource_group",
      "name": "vault_rg",
      "provider": "provider[\"registry.terraform.io/hashicorp/azurerm\"]",
      "instances": [
        {
          "schema_version": 0,
          "attributes": {
            "id": "/subscriptions/f8cea8db-c84b-44eb-aa67-f8c938abbfda/resourceGroups/rg-vault",
            "location": "westeurope",
            "managed_by": "",
            "name": "rg-vault",
            "tags": {
              "CostCenter": "SpikeReply",
              "Environment": "dev",
              "Phase": "1-infra-only",
              "Project": "hashi-infra"
            },
            "timeouts": null
          },
          "sensitive_attributes": [],
          "identity_schema_version": 0,
          "private": "eyJlMmJmYjczMC1lY2FhLTExZTYtOGY4OC0zNDM2M2JjN2M0YzAiOnsiY3JlYXRlIjo1NDAwMDAwMDAwMDAwLCJkZWxldGUiOjU0MDAwMDAwMDAwMDAsInJlYWQiOjMwMDAwMDAwMDAwMCwidXBkYXRlIjo1NDAwMDAwMDAwMDAwfX0="
        }
      ]
    },
    {
      "mode": "managed",
      "type": "azurerm_subnet",
      "name": "datacenter_subnet",
      "provider": "provider[\"registry.terraform.io/hashicorp/azurerm\"]",
      "instances": [
        {
          "index_key": "0",
          "schema_version": 0,
          "attributes": {
            "address_prefixes": [
              "10.2.1.0/24"
            ],
            "default_outbound_access_enabled": true,
            "delegation": [],
            "enforce_private_link_endpoint_network_policies": false,
            "enforce_private_link_service_network_policies": false,
            "id": "/subscriptions/f8cea8db-c84b-44eb-aa67-f8c938abbfda/resourceGroups/rg-clients/providers/Microsoft.Network/virtualNetworks/vnet-clients/subnets/snet-dc-0",
            "name": "snet-dc-0",
            "private_endpoint_network_policies": "Enabled",
            "private_endpoint_network_policies_enabled": true,
            "private_link_service_network_policies_enabled": true,
            "resource_group_name": "rg-clients",
            "service_endpoint_policy_ids": [],
            "service_endpoints": [],
            "timeouts": null,
            "virtual_network_name": "vnet-clients"
          },
          "sensitive_attributes": [],
          "identity_schema_version": 0,
          "private": "eyJlMmJmYjczMC1lY2FhLTExZTYtOGY4OC0zNDM2M2JjN2M0YzAiOnsiY3JlYXRlIjoxODAwMDAwMDAwMDAwLCJkZWxldGUiOjE4MDAwMDAwMDAwMDAsInJlYWQiOjMwMDAwMDAwMDAwMCwidXBkYXRlIjoxODAwMDAwMDAwMDAwfX0=",
          "dependencies": [
            "azurerm_resource_group.clients_rg",
            "azurerm_virtual_network.clients_vnet"
          ]
        }
      ]
    },
    {
      "mode": "managed",
      "type": "azurerm_subnet",
      "name": "nomad_consul_subnet",
      "provider": "provider[\"registry.terraform.io/hashicorp/azurerm\"]",
      "instances": [
        {
          "schema_version": 0,
          "attributes": {
            "address_prefixes": [
              "10.1.1.0/24"
            ],
            "default_outbound_access_enabled": true,
            "delegation": [],
            "enforce_private_link_endpoint_network_policies": false,
            "enforce_private_link_service_network_policies": false,
            "id": "/subscriptions/f8cea8db-c84b-44eb-aa67-f8c938abbfda/resourceGroups/rg-nomad-consul/providers/Microsoft.Network/virtualNetworks/vnet-nomad-consul/subnets/snet-nomad-consul",
            "name": "snet-nomad-consul",
            "private_endpoint_network_policies": "Enabled",
            "private_endpoint_network_policies_enabled": true,
            "private_link_service_network_policies_enabled": true,
            "resource_group_name": "rg-nomad-consul",
            "service_endpoint_policy_ids": [],
            "service_endpoints": [],
            "timeouts": null,
            "virtual_network_name": "vnet-nomad-consul"
          },
          "sensitive_attributes": [],
          "identity_schema_version": 0,
          "private": "eyJlMmJmYjczMC1lY2FhLTExZTYtOGY4OC0zNDM2M2JjN2M0YzAiOnsiY3JlYXRlIjoxODAwMDAwMDAwMDAwLCJkZWxldGUiOjE4MDAwMDAwMDAwMDAsInJlYWQiOjMwMDAwMDAwMDAwMCwidXBkYXRlIjoxODAwMDAwMDAwMDAwfX0=",
          "dependencies": [
            "azurerm_resource_group.nomad_consul_rg",
            "azurerm_virtual_network.nomad_consul_vnet"
          ]
        }
      ]
    },
    {
      "mode": "managed",
      "type": "azurerm_subnet",
      "name": "vault_subnet",
      "provider": "provider[\"registry.terraform.io/hashicorp/azurerm\"]",
      "instances": [
        {
          "schema_version": 0,
          "attributes": {
            "address_prefixes": [
              "10.0.1.0/24"
            ],
            "default_outbound_access_enabled": true,
            "delegation": [],
            "enforce_private_link_endpoint_network_policies": false,
            "enforce_private_link_service_network_policies": false,
            "id": "/subscriptions/f8cea8db-c84b-44eb-aa67-f8c938abbfda/resourceGroups/rg-vault/providers/Microsoft.Network/virtualNetworks/vnet-vault/subnets/snet-vault",
            "name": "snet-vault",
            "private_endpoint_network_policies": "Enabled",
            "private_endpoint_network_policies_enabled": true,
            "private_link_service_network_policies_enabled": true,
            "resource_group_name": "rg-vault",
            "service_endpoint_policy_ids": [],
            "service_endpoints": [],
            "timeouts": null,
            "virtual_network_name": "vnet-vault"
          },
          "sensitive_attributes": [],
          "identity_schema_version": 0,
          "private": "eyJlMmJmYjczMC1lY2FhLTExZTYtOGY4OC0zNDM2M2JjN2M0YzAiOnsiY3JlYXRlIjoxODAwMDAwMDAwMDAwLCJkZWxldGUiOjE4MDAwMDAwMDAwMDAsInJlYWQiOjMwMDAwMDAwMDAwMCwidXBkYXRlIjoxODAwMDAwMDAwMDAwfX0=",
          "dependencies": [
            "azurerm_resource_group.vault_rg",
            "azurerm_virtual_network.vault_vnet"
          ]
        }
      ]
    },
    {
      "mode": "managed",
      "type": "azurerm_subnet_network_security_group_association",
      "name": "datacenter_subnet_nsg",
      "provider": "provider[\"registry.terraform.io/hashicorp/azurerm\"]",
      "instances": [
        {
          "index_key": "0",
          "schema_version": 0,
          "attributes": {
            "id": "/subscriptions/f8cea8db-c84b-44eb-aa67-f8c938abbfda/resourceGroups/rg-clients/providers/Microsoft.Network/virtualNetworks/vnet-clients/subnets/snet-dc-0",
            "network_security_group_id": "/subscriptions/f8cea8db-c84b-44eb-aa67-f8c938abbfda/resourceGroups/rg-clients/providers/Microsoft.Network/networkSecurityGroups/nsg-clients",
            "subnet_id": "/subscriptions/f8cea8db-c84b-44eb-aa67-f8c938abbfda/resourceGroups/rg-clients/providers/Microsoft.Network/virtualNetworks/vnet-clients/subnets/snet-dc-0",
            "timeouts": null
          },
          "sensitive_attributes": [],
          "identity_schema_version": 0,
          "private": "eyJlMmJmYjczMC1lY2FhLTExZTYtOGY4OC0zNDM2M2JjN2M0YzAiOnsiY3JlYXRlIjoxODAwMDAwMDAwMDAwLCJkZWxldGUiOjE4MDAwMDAwMDAwMDAsInJlYWQiOjMwMDAwMDAwMDAwMH19",
          "dependencies": [
            "azurerm_network_security_group.clients_nsg",
            "azurerm_resource_group.clients_rg",
            "azurerm_subnet.datacenter_subnet",
            "azurerm_virtual_network.clients_vnet"
          ]
        }
      ]
    },
    {
      "mode": "managed",
      "type": "azurerm_subnet_network_security_group_association",
      "name": "nomad_consul_subnet_nsg",
      "provider": "provider[\"registry.terraform.io/hashicorp/azurerm\"]",
      "instances": [
        {
          "schema_version": 0,
          "attributes": {
            "id": "/subscriptions/f8cea8db-c84b-44eb-aa67-f8c938abbfda/resourceGroups/rg-nomad-consul/providers/Microsoft.Network/virtualNetworks/vnet-nomad-consul/subnets/snet-nomad-consul",
            "network_security_group_id": "/subscriptions/f8cea8db-c84b-44eb-aa67-f8c938abbfda/resourceGroups/rg-nomad-consul/providers/Microsoft.Network/networkSecurityGroups/nsg-nomad-consul",
            "subnet_id": "/subscriptions/f8cea8db-c84b-44eb-aa67-f8c938abbfda/resourceGroups/rg-nomad-consul/providers/Microsoft.Network/virtualNetworks/vnet-nomad-consul/subnets/snet-nomad-consul",
            "timeouts": null
          },
          "sensitive_attributes": [],
          "identity_schema_version": 0,
          "private": "eyJlMmJmYjczMC1lY2FhLTExZTYtOGY4OC0zNDM2M2JjN2M0YzAiOnsiY3JlYXRlIjoxODAwMDAwMDAwMDAwLCJkZWxldGUiOjE4MDAwMDAwMDAwMDAsInJlYWQiOjMwMDAwMDAwMDAwMH19",
          "dependencies": [
            "azurerm_network_security_group.nomad_consul_nsg",
            "azurerm_resource_group.nomad_consul_rg",
            "azurerm_subnet.nomad_consul_subnet",
            "azurerm_virtual_network.nomad_consul_vnet"
          ]
        }
      ]
    },
    {
      "mode": "managed",
      "type": "azurerm_subnet_network_security_group_association",
      "name": "vault_subnet_nsg",
      "provider": "provider[\"registry.terraform.io/hashicorp/azurerm\"]",
      "instances": [
        {
          "schema_version": 0,
          "attributes": {
            "id": "/subscriptions/f8cea8db-c84b-44eb-aa67-f8c938abbfda/resourceGroups/rg-vault/providers/Microsoft.Network/virtualNetworks/vnet-vault/subnets/snet-vault",
            "network_security_group_id": "/subscriptions/f8cea8db-c84b-44eb-aa67-f8c938abbfda/resourceGroups/rg-vault/providers/Microsoft.Network/networkSecurityGroups/nsg-vault",
            "subnet_id": "/subscriptions/f8cea8db-c84b-44eb-aa67-f8c938abbfda/resourceGroups/rg-vault/providers/Microsoft.Network/virtualNetworks/vnet-vault/subnets/snet-vault",
            "timeouts": null
          },
          "sensitive_attributes": [],
          "identity_schema_version": 0,
          "private": "eyJlMmJmYjczMC1lY2FhLTExZTYtOGY4OC0zNDM2M2JjN2M0YzAiOnsiY3JlYXRlIjoxODAwMDAwMDAwMDAwLCJkZWxldGUiOjE4MDAwMDAwMDAwMDAsInJlYWQiOjMwMDAwMDAwMDAwMH19",
          "dependencies": [
            "azurerm_network_security_group.vault_nsg",
            "azurerm_resource_group.vault_rg",
            "azurerm_subnet.vault_subnet",
            "azurerm_virtual_network.vault_vnet"
          ]
        }
      ]
    },
    {
      "mode": "managed",
      "type": "azurerm_virtual_network",
      "name": "clients_vnet",
      "provider": "provider[\"registry.terraform.io/hashicorp/azurerm\"]",
      "instances": [
        {
          "schema_version": 0,
          "attributes": {
            "address_space": [
              "10.2.0.0/16"
            ],
            "bgp_community": "",
            "ddos_protection_plan": [],
            "dns_servers": [],
            "edge_zone": "",
            "encryption": [],
            "flow_timeout_in_minutes": 0,
            "guid": "c5f6acb7-ff74-4976-97e5-bd930b87cac8",
            "id": "/subscriptions/f8cea8db-c84b-44eb-aa67-f8c938abbfda/resourceGroups/rg-clients/providers/Microsoft.Network/virtualNetworks/vnet-clients",
            "location": "westeurope",
            "name": "vnet-clients",
            "resource_group_name": "rg-clients",
            "subnet": [
              {
                "address_prefix": "10.2.1.0/24",
                "id": "/subscriptions/f8cea8db-c84b-44eb-aa67-f8c938abbfda/resourceGroups/rg-clients/providers/Microsoft.Network/virtualNetworks/vnet-clients/subnets/snet-dc-0",
                "name": "snet-dc-0",
                "security_group": "/subscriptions/f8cea8db-c84b-44eb-aa67-f8c938abbfda/resourceGroups/rg-clients/providers/Microsoft.Network/networkSecurityGroups/nsg-clients"
              }
            ],
            "tags": {
              "CostCenter": "SpikeReply",
              "Environment": "dev",
              "Phase": "1-infra-only",
              "Project": "hashi-infra"
            },
            "timeouts": null
          },
          "sensitive_attributes": [],
          "identity_schema_version": 0,
          "private": "eyJlMmJmYjczMC1lY2FhLTExZTYtOGY4OC0zNDM2M2JjN2M0YzAiOnsiY3JlYXRlIjoxODAwMDAwMDAwMDAwLCJkZWxldGUiOjE4MDAwMDAwMDAwMDAsInJlYWQiOjMwMDAwMDAwMDAwMCwidXBkYXRlIjoxODAwMDAwMDAwMDAwfX0=",
          "dependencies": [
            "azurerm_resource_group.clients_rg"
          ]
        }
      ]
    },
    {
      "mode": "managed",
      "type": "azurerm_virtual_network",
      "name": "nomad_consul_vnet",
      "provider": "provider[\"registry.terraform.io/hashicorp/azurerm\"]",
      "instances": [
        {
          "schema_version": 0,
          "attributes": {
            "address_space": [
              "10.1.0.0/16"
            ],
            "bgp_community": "",
            "ddos_protection_plan": [],
            "dns_servers": [],
            "edge_zone": "",
            "encryption": [],
            "flow_timeout_in_minutes": 0,
            "guid": "48b95fb2-8507-454c-bc3a-74daea0b9e07",
            "id": "/subscriptions/f8cea8db-c84b-44eb-aa67-f8c938abbfda/resourceGroups/rg-nomad-consul/providers/Microsoft.Network/virtualNetworks/vnet-nomad-consul",
            "location": "westeurope",
            "name": "vnet-nomad-consul",
            "resource_group_name": "rg-nomad-consul",
            "subnet": [
              {
                "address_prefix": "10.1.1.0/24",
                "id": "/subscriptions/f8cea8db-c84b-44eb-aa67-f8c938abbfda/resourceGroups/rg-nomad-consul/providers/Microsoft.Network/virtualNetworks/vnet-nomad-consul/subnets/snet-nomad-consul",
                "name": "snet-nomad-consul",
                "security_group": "/subscriptions/f8cea8db-c84b-44eb-aa67-f8c938abbfda/resourceGroups/rg-nomad-consul/providers/Microsoft.Network/networkSecurityGroups/nsg-nomad-consul"
              }
            ],
            "tags": {
              "CostCenter": "SpikeReply",
              "Environment": "dev",
              "Phase": "1-infra-only",
              "Project": "hashi-infra"
            },
            "timeouts": null
          },
          "sensitive_attributes": [],
          "identity_schema_version": 0,
          "private": "eyJlMmJmYjczMC1lY2FhLTExZTYtOGY4OC0zNDM2M2JjN2M0YzAiOnsiY3JlYXRlIjoxODAwMDAwMDAwMDAwLCJkZWxldGUiOjE4MDAwMDAwMDAwMDAsInJlYWQiOjMwMDAwMDAwMDAwMCwidXBkYXRlIjoxODAwMDAwMDAwMDAwfX0=",
          "dependencies": [
            "azurerm_resource_group.nomad_consul_rg"
          ]
        }
      ]
    },
    {
      "mode": "managed",
      "type": "azurerm_virtual_network",
      "name": "vault_vnet",
      "provider": "provider[\"registry.terraform.io/hashicorp/azurerm\"]",
      "instances": [
        {
          "schema_version": 0,
          "attributes": {
            "address_space": [
              "10.0.0.0/16"
            ],
            "bgp_community": "",
            "ddos_protection_plan": [],
            "dns_servers": [],
            "edge_zone": "",
            "encryption": [],
            "flow_timeout_in_minutes": 0,
            "guid": "b5ac8f6c-b27c-4c61-8c04-5c40b1de7c79",
            "id": "/subscriptions/f8cea8db-c84b-44eb-aa67-f8c938abbfda/resourceGroups/rg-vault/providers/Microsoft.Network/virtualNetworks/vnet-vault",
            "location": "westeurope",
            "name": "vnet-vault",
            "resource_group_name": "rg-vault",
            "subnet": [
              {
                "address_prefix": "10.0.1.0/24",
                "id": "/subscriptions/f8cea8db-c84b-44eb-aa67-f8c938abbfda/resourceGroups/rg-vault/providers/Microsoft.Network/virtualNetworks/vnet-vault/subnets/snet-vault",
                "name": "snet-vault",
                "security_group": "/subscriptions/f8cea8db-c84b-44eb-aa67-f8c938abbfda/resourceGroups/rg-vault/providers/Microsoft.Network/networkSecurityGroups/nsg-vault"
              }
            ],
            "tags": {
              "CostCenter": "SpikeReply",
              "Environment": "dev",
              "Phase": "1-infra-only",
              "Project": "hashi-infra"
            },
            "timeouts": null
          },
          "sensitive_attributes": [],
          "identity_schema_version": 0,
          "private": "eyJlMmJmYjczMC1lY2FhLTExZTYtOGY4OC0zNDM2M2JjN2M0YzAiOnsiY3JlYXRlIjoxODAwMDAwMDAwMDAwLCJkZWxldGUiOjE4MDAwMDAwMDAwMDAsInJlYWQiOjMwMDAwMDAwMDAwMCwidXBkYXRlIjoxODAwMDAwMDAwMDAwfX0=",
          "dependencies": [
            "azurerm_resource_group.vault_rg"
          ]
        }
      ]
    },
    {
      "mode": "managed",
      "type": "azurerm_virtual_network_peering",
      "name": "clients_to_nomad",
      "provider": "provider[\"registry.terraform.io/hashicorp/azurerm\"]",
      "instances": [
        {
          "index_key": 0,
          "schema_version": 0,
          "attributes": {
            "allow_forwarded_traffic": true,
            "allow_gateway_transit": false,
            "allow_virtual_network_access": true,
            "id": "/subscriptions/f8cea8db-c84b-44eb-aa67-f8c938abbfda/resourceGroups/rg-clients/providers/Microsoft.Network/virtualNetworks/vnet-clients/virtualNetworkPeerings/peer-clients-to-nomad",
            "local_subnet_names": [],
            "name": "peer-clients-to-nomad",
            "only_ipv6_peering_enabled": false,
            "peer_complete_virtual_networks_enabled": true,
            "remote_subnet_names": [],
            "remote_virtual_network_id": "/subscriptions/f8cea8db-c84b-44eb-aa67-f8c938abbfda/resourceGroups/rg-nomad-consul/providers/Microsoft.Network/virtualNetworks/vnet-nomad-consul",
            "resource_group_name": "rg-clients",
            "timeouts": null,
            "triggers": null,
            "use_remote_gateways": false,
            "virtual_network_name": "vnet-clients"
          },
          "sensitive_attributes": [],
          "identity_schema_version": 0,
          "private": "eyJlMmJmYjczMC1lY2FhLTExZTYtOGY4OC0zNDM2M2JjN2M0YzAiOnsiY3JlYXRlIjoxODAwMDAwMDAwMDAwLCJkZWxldGUiOjE4MDAwMDAwMDAwMDAsInJlYWQiOjMwMDAwMDAwMDAwMCwidXBkYXRlIjoxODAwMDAwMDAwMDAwfX0=",
          "dependencies": [
            "azurerm_resource_group.clients_rg",
            "azurerm_resource_group.nomad_consul_rg",
            "azurerm_virtual_network.clients_vnet",
            "azurerm_virtual_network.nomad_consul_vnet"
          ]
        }
      ]
    },
    {
      "mode": "managed",
      "type": "azurerm_virtual_network_peering",
      "name": "clients_to_vault",
      "provider": "provider[\"registry.terraform.io/hashicorp/azurerm\"]",
      "instances": [
        {
          "index_key": 0,
          "schema_version": 0,
          "attributes": {
            "allow_forwarded_traffic": true,
            "allow_gateway_transit": false,
            "allow_virtual_network_access": true,
            "id": "/subscriptions/f8cea8db-c84b-44eb-aa67-f8c938abbfda/resourceGroups/rg-clients/providers/Microsoft.Network/virtualNetworks/vnet-clients/virtualNetworkPeerings/peer-clients-to-vault",
            "local_subnet_names": [],
            "name": "peer-clients-to-vault",
            "only_ipv6_peering_enabled": false,
            "peer_complete_virtual_networks_enabled": true,
            "remote_subnet_names": [],
            "remote_virtual_network_id": "/subscriptions/f8cea8db-c84b-44eb-aa67-f8c938abbfda/resourceGroups/rg-vault/providers/Microsoft.Network/virtualNetworks/vnet-vault",
            "resource_group_name": "rg-clients",
            "timeouts": null,
            "triggers": null,
            "use_remote_gateways": false,
            "virtual_network_name": "vnet-clients"
          },
          "sensitive_attributes": [],
          "identity_schema_version": 0,
          "private": "eyJlMmJmYjczMC1lY2FhLTExZTYtOGY4OC0zNDM2M2JjN2M0YzAiOnsiY3JlYXRlIjoxODAwMDAwMDAwMDAwLCJkZWxldGUiOjE4MDAwMDAwMDAwMDAsInJlYWQiOjMwMDAwMDAwMDAwMCwidXBkYXRlIjoxODAwMDAwMDAwMDAwfX0=",
          "dependencies": [
            "azurerm_resource_group.clients_rg",
            "azurerm_resource_group.vault_rg",
            "azurerm_virtual_network.clients_vnet",
            "azurerm_virtual_network.vault_vnet"
          ]
        }
      ]
    },
    {
      "mode": "managed",
      "type": "azurerm_virtual_network_peering",
      "name": "nomad_to_clients",
      "provider": "provider[\"registry.terraform.io/hashicorp/azurerm\"]",
      "instances": [
        {
          "index_key": 0,
          "schema_version": 0,
          "attributes": {
            "allow_forwarded_traffic": true,
            "allow_gateway_transit": false,
            "allow_virtual_network_access": true,
            "id": "/subscriptions/f8cea8db-c84b-44eb-aa67-f8c938abbfda/resourceGroups/rg-nomad-consul/providers/Microsoft.Network/virtualNetworks/vnet-nomad-consul/virtualNetworkPeerings/peer-nomad-to-clients",
            "local_subnet_names": [],
            "name": "peer-nomad-to-clients",
            "only_ipv6_peering_enabled": false,
            "peer_complete_virtual_networks_enabled": true,
            "remote_subnet_names": [],
            "remote_virtual_network_id": "/subscriptions/f8cea8db-c84b-44eb-aa67-f8c938abbfda/resourceGroups/rg-clients/providers/Microsoft.Network/virtualNetworks/vnet-clients",
            "resource_group_name": "rg-nomad-consul",
            "timeouts": null,
            "triggers": null,
            "use_remote_gateways": false,
            "virtual_network_name": "vnet-nomad-consul"
          },
          "sensitive_attributes": [],
          "identity_schema_version": 0,
          "private": "eyJlMmJmYjczMC1lY2FhLTExZTYtOGY4OC0zNDM2M2JjN2M0YzAiOnsiY3JlYXRlIjoxODAwMDAwMDAwMDAwLCJkZWxldGUiOjE4MDAwMDAwMDAwMDAsInJlYWQiOjMwMDAwMDAwMDAwMCwidXBkYXRlIjoxODAwMDAwMDAwMDAwfX0=",
          "dependencies": [
            "azurerm_resource_group.clients_rg",
            "azurerm_resource_group.nomad_consul_rg",
            "azurerm_virtual_network.clients_vnet",
            "azurerm_virtual_network.nomad_consul_vnet"
          ]
        }
      ]
    },
    {
      "mode": "managed",
      "type": "azurerm_virtual_network_peering",
      "name": "nomad_to_vault",
      "provider": "provider[\"registry.terraform.io/hashicorp/azurerm\"]",
      "instances": [
        {
          "index_key": 0,
          "schema_version": 0,
          "attributes": {
            "allow_forwarded_traffic": true,
            "allow_gateway_transit": false,
            "allow_virtual_network_access": true,
            "id": "/subscriptions/f8cea8db-c84b-44eb-aa67-f8c938abbfda/resourceGroups/rg-nomad-consul/providers/Microsoft.Network/virtualNetworks/vnet-nomad-consul/virtualNetworkPeerings/peer-nomad-to-vault",
            "local_subnet_names": [],
            "name": "peer-nomad-to-vault",
            "only_ipv6_peering_enabled": false,
            "peer_complete_virtual_networks_enabled": true,
            "remote_subnet_names": [],
            "remote_virtual_network_id": "/subscriptions/f8cea8db-c84b-44eb-aa67-f8c938abbfda/resourceGroups/rg-vault/providers/Microsoft.Network/virtualNetworks/vnet-vault",
            "resource_group_name": "rg-nomad-consul",
            "timeouts": null,
            "triggers": null,
            "use_remote_gateways": false,
            "virtual_network_name": "vnet-nomad-consul"
          },
          "sensitive_attributes": [],
          "identity_schema_version": 0,
          "private": "eyJlMmJmYjczMC1lY2FhLTExZTYtOGY4OC0zNDM2M2JjN2M0YzAiOnsiY3JlYXRlIjoxODAwMDAwMDAwMDAwLCJkZWxldGUiOjE4MDAwMDAwMDAwMDAsInJlYWQiOjMwMDAwMDAwMDAwMCwidXBkYXRlIjoxODAwMDAwMDAwMDAwfX0=",
          "dependencies": [
            "azurerm_resource_group.nomad_consul_rg",
            "azurerm_resource_group.vault_rg",
            "azurerm_virtual_network.nomad_consul_vnet",
            "azurerm_virtual_network.vault_vnet"
          ]
        }
      ]
    },
    {
      "mode": "managed",
      "type": "azurerm_virtual_network_peering",
      "name": "vault_to_clients",
      "provider": "provider[\"registry.terraform.io/hashicorp/azurerm\"]",
      "instances": [
        {
          "index_key": 0,
          "schema_version": 0,
          "attributes": {
            "allow_forwarded_traffic": true,
            "allow_gateway_transit": false,
            "allow_virtual_network_access": true,
            "id": "/subscriptions/f8cea8db-c84b-44eb-aa67-f8c938abbfda/resourceGroups/rg-vault/providers/Microsoft.Network/virtualNetworks/vnet-vault/virtualNetworkPeerings/peer-vault-to-clients",
            "local_subnet_names": [],
            "name": "peer-vault-to-clients",
            "only_ipv6_peering_enabled": false,
            "peer_complete_virtual_networks_enabled": true,
            "remote_subnet_names": [],
            "remote_virtual_network_id": "/subscriptions/f8cea8db-c84b-44eb-aa67-f8c938abbfda/resourceGroups/rg-clients/providers/Microsoft.Network/virtualNetworks/vnet-clients",
            "resource_group_name": "rg-vault",
            "timeouts": null,
            "triggers": null,
            "use_remote_gateways": false,
            "virtual_network_name": "vnet-vault"
          },
          "sensitive_attributes": [],
          "identity_schema_version": 0,
          "private": "eyJlMmJmYjczMC1lY2FhLTExZTYtOGY4OC0zNDM2M2JjN2M0YzAiOnsiY3JlYXRlIjoxODAwMDAwMDAwMDAwLCJkZWxldGUiOjE4MDAwMDAwMDAwMDAsInJlYWQiOjMwMDAwMDAwMDAwMCwidXBkYXRlIjoxODAwMDAwMDAwMDAwfX0=",
          "dependencies": [
            "azurerm_resource_group.clients_rg",
            "azurerm_resource_group.vault_rg",
            "azurerm_virtual_network.clients_vnet",
            "azurerm_virtual_network.vault_vnet"
          ]
        }
      ]
    },
    {
      "mode": "managed",
      "type": "azurerm_virtual_network_peering",
      "name": "vault_to_nomad",
      "provider": "provider[\"registry.terraform.io/hashicorp/azurerm\"]",
      "instances": [
        {
          "index_key": 0,
          "schema_version": 0,
          "attributes": {
            "allow_forwarded_traffic": true,
            "allow_gateway_transit": false,
            "allow_virtual_network_access": true,
            "id": "/subscriptions/f8cea8db-c84b-44eb-aa67-f8c938abbfda/resourceGroups/rg-vault/providers/Microsoft.Network/virtualNetworks/vnet-vault/virtualNetworkPeerings/peer-vault-to-nomad",
            "local_subnet_names": [],
            "name": "peer-vault-to-nomad",
            "only_ipv6_peering_enabled": false,
            "peer_complete_virtual_networks_enabled": true,
            "remote_subnet_names": [],
            "remote_virtual_network_id": "/subscriptions/f8cea8db-c84b-44eb-aa67-f8c938abbfda/resourceGroups/rg-nomad-consul/providers/Microsoft.Network/virtualNetworks/vnet-nomad-consul",
            "resource_group_name": "rg-vault",
            "timeouts": null,
            "triggers": null,
            "use_remote_gateways": false,
            "virtual_network_name": "vnet-vault"
          },
          "sensitive_attributes": [],
          "identity_schema_version": 0,
          "private": "eyJlMmJmYjczMC1lY2FhLTExZTYtOGY4OC0zNDM2M2JjN2M0YzAiOnsiY3JlYXRlIjoxODAwMDAwMDAwMDAwLCJkZWxldGUiOjE4MDAwMDAwMDAwMDAsInJlYWQiOjMwMDAwMDAwMDAwMCwidXBkYXRlIjoxODAwMDAwMDAwMDAwfX0=",
          "dependencies": [
            "azurerm_resource_group.nomad_consul_rg",
            "azurerm_resource_group.vault_rg",
            "azurerm_virtual_network.nomad_consul_vnet",
            "azurerm_virtual_network.vault_vnet"
          ]
        }
      ]
    },
    {
      "mode": "managed",
      "type": "random_string",
      "name": "suffix",
      "provider": "provider[\"registry.terraform.io/hashicorp/random\"]",
      "instances": [
        {
          "schema_version": 2,
          "attributes": {
            "id": "b9tvnyzu",
            "keepers": null,
            "length": 8,
            "lower": true,
            "min_lower": 0,
            "min_numeric": 0,
            "min_special": 0,
            "min_upper": 0,
            "number": true,
            "numeric": true,
            "override_special": null,
            "result": "b9tvnyzu",
            "special": false,
            "upper": false
          },
          "sensitive_attributes": [],
          "identity_schema_version": 0
        }
      ]
    }
  ],
  "check_results": [
    {
      "object_kind": "var",
      "config_addr": "var.vault_instance_count",
      "status": "pass",
      "objects": [
        {
          "object_addr": "var.vault_instance_count",
          "status": "pass"
        }
      ]
    },
    {
      "object_kind": "var",
      "config_addr": "var.nomad_consul_instance_count",
      "status": "pass",
      "objects": [
        {
          "object_addr": "var.nomad_consul_instance_count",
          "status": "pass"
        }
      ]
    }
  ]
}
